<?xml version="1.0" encoding="utf-8"?>
<Project ToolsVersion="4.0" xmlns="http://schemas.microsoft.com/developer/msbuild/2003">
  <ItemGroup>
    <ClCompile Include="..\ColladaDocument.cpp">
      <Filter>Scaffold</Filter>
    </ClCompile>
    <ClCompile Include="..\ScaffoldParsingUtil.cpp">
      <Filter>Scaffold</Filter>
    </ClCompile>
    <ClCompile Include="..\SAnimation.cpp">
      <Filter>ObjectConversion</Filter>
    </ClCompile>
    <ClCompile Include="..\SCommandStream.cpp">
      <Filter>ObjectConversion</Filter>
    </ClCompile>
    <ClCompile Include="..\SEffect.cpp">
      <Filter>ObjectConversion</Filter>
    </ClCompile>
    <ClCompile Include="..\SRawGeometry.cpp">
      <Filter>ObjectConversion</Filter>
    </ClCompile>
    <ClCompile Include="..\STransformationMachine.cpp">
      <Filter>ObjectConversion</Filter>
    </ClCompile>
    <ClCompile Include="..\..\RenderCore\GeoProc\NascentAnimController.cpp">
      <Filter>GeoProc</Filter>
    </ClCompile>
    <ClCompile Include="..\..\RenderCore\GeoProc\NascentCommandStream.cpp">
      <Filter>GeoProc</Filter>
    </ClCompile>
    <ClCompile Include="..\..\RenderCore\GeoProc\NascentGeometryObjects.cpp">
      <Filter>GeoProc</Filter>
    </ClCompile>
    <ClCompile Include="..\..\RenderCore\GeoProc\NascentObjectsSerialize.cpp">
      <Filter>GeoProc</Filter>
    </ClCompile>
    <ClCompile Include="..\..\RenderCore\GeoProc\NascentRawGeometry.cpp">
      <Filter>GeoProc</Filter>
    </ClCompile>
    <ClCompile Include="..\..\RenderCore\GeoProc\NascentTransformationMachine.cpp">
      <Filter>GeoProc</Filter>
    </ClCompile>
    <ClCompile Include="..\..\RenderCore\GeoProc\GeometryAlgorithm.cpp">
      <Filter>GeoProc</Filter>
    </ClCompile>
    <ClCompile Include="..\..\RenderCore\GeoProc\MeshDatabase.cpp">
      <Filter>GeoProc</Filter>
    </ClCompile>
    <ClCompile Include="..\..\RenderCore\Assets\RawAnimationCurve.cpp">
      <Filter>GeoProc\CoreAssets</Filter>
    </ClCompile>
    <ClCompile Include="..\..\RenderCore\Assets\ModelScaffold.cpp">
      <Filter>GeoProc\CoreAssets</Filter>
    </ClCompile>
    <ClCompile Include="..\..\RenderCore\Assets\SkinningScaffold.cpp">
      <Filter>GeoProc\CoreAssets</Filter>
    </ClCompile>
    <ClCompile Include="..\..\RenderCore\Assets\TransformationCommands.cpp">
      <Filter>GeoProc\CoreAssets</Filter>
    </ClCompile>
    <ClCompile Include="..\DLLInterface.cpp" />
    <ClCompile Include="..\ConversionConfig.cpp">
      <Filter>ObjectConversion</Filter>
    </ClCompile>
    <ClCompile Include="..\..\RenderCore\GeoProc\GeoProcUtil.cpp">
      <Filter>GeoProc</Filter>
    </ClCompile>
    <ClCompile Include="..\..\RenderCore\Assets\RawMaterial.cpp">
      <Filter>GeoProc</Filter>
    </ClCompile>
    <ClCompile Include="..\..\RenderCore\Assets\MaterialScaffold.cpp">
      <Filter>GeoProc</Filter>
    </ClCompile>
    <ClCompile Include="..\..\RenderCore\GeoProc\NascentModel.cpp">
      <Filter>GeoProc</Filter>
    </ClCompile>
  </ItemGroup>
  <ItemGroup>
    <ClInclude Include="..\Scaffold.h">
      <Filter>Scaffold</Filter>
    </ClInclude>
    <ClInclude Include="..\ScaffoldDataFlow.h">
      <Filter>Scaffold</Filter>
    </ClInclude>
    <ClInclude Include="..\ScaffoldParsingUtil.h">
      <Filter>Scaffold</Filter>
    </ClInclude>
    <ClInclude Include="..\SAnimation.h">
      <Filter>ObjectConversion</Filter>
    </ClInclude>
    <ClInclude Include="..\SCommandStream.h">
      <Filter>ObjectConversion</Filter>
    </ClInclude>
    <ClInclude Include="..\SEffect.h">
      <Filter>ObjectConversion</Filter>
    </ClInclude>
    <ClInclude Include="..\SRawGeometry.h">
      <Filter>ObjectConversion</Filter>
    </ClInclude>
    <ClInclude Include="..\STransformationMachine.h">
      <Filter>ObjectConversion</Filter>
    </ClInclude>
    <ClInclude Include="..\..\RenderCore\GeoProc\NascentAnimController.h">
      <Filter>GeoProc</Filter>
    </ClInclude>
    <ClInclude Include="..\..\RenderCore\GeoProc\NascentCommandStream.h">
      <Filter>GeoProc</Filter>
    </ClInclude>
    <ClInclude Include="..\..\RenderCore\GeoProc\NascentGeometryObjects.h">
      <Filter>GeoProc</Filter>
    </ClInclude>
    <ClInclude Include="..\..\RenderCore\GeoProc\NascentMaterial.h">
      <Filter>GeoProc</Filter>
    </ClInclude>
    <ClInclude Include="..\..\RenderCore\GeoProc\NascentObjectGuid.h">
      <Filter>GeoProc</Filter>
    </ClInclude>
    <ClInclude Include="..\..\RenderCore\GeoProc\NascentObjectsSerialize.h">
      <Filter>GeoProc</Filter>
    </ClInclude>
    <ClInclude Include="..\..\RenderCore\GeoProc\NascentRawGeometry.h">
      <Filter>GeoProc</Filter>
    </ClInclude>
    <ClInclude Include="..\..\RenderCore\GeoProc\NascentTransformationMachine.h">
      <Filter>GeoProc</Filter>
    </ClInclude>
    <ClInclude Include="..\..\RenderCore\GeoProc\GeometryAlgorithm.h">
      <Filter>GeoProc</Filter>
    </ClInclude>
    <ClInclude Include="..\..\RenderCore\GeoProc\MeshDatabase.h">
      <Filter>GeoProc</Filter>
    </ClInclude>
    <ClInclude Include="..\..\RenderCore\Assets\RawAnimationCurve.h">
      <Filter>GeoProc\CoreAssets</Filter>
    </ClInclude>
    <ClInclude Include="..\..\RenderCore\Assets\TransformationCommands.h">
      <Filter>GeoProc\CoreAssets</Filter>
    </ClInclude>
    <ClInclude Include="..\ConversionConfig.h">
      <Filter>ObjectConversion</Filter>
    </ClInclude>
    <ClInclude Include="..\..\RenderCore\GeoProc\GeoProcUtil.h">
      <Filter>GeoProc</Filter>
    </ClInclude>
    <ClInclude Include="..\..\RenderCore\Assets\RawMaterial.h">
      <Filter>GeoProc</Filter>
    </ClInclude>
    <ClInclude Include="..\..\RenderCore\Assets\MaterialScaffold.h">
      <Filter>GeoProc</Filter>
    </ClInclude>
    <ClInclude Include="..\..\RenderCore\GeoProc\NascentModel.h">
      <Filter>GeoProc</Filter>
    </ClInclude>
  </ItemGroup>
  <ItemGroup>
    <Filter Include="Scaffold">
      <UniqueIdentifier>{ae0dea89-e831-4095-b423-ce740deeef94}</UniqueIdentifier>
    </Filter>
    <Filter Include="GeoProc">
      <UniqueIdentifier>{901c9cd7-ba36-438b-8018-9567ed2f259c}</UniqueIdentifier>
    </Filter>
    <Filter Include="GeoProc\CoreAssets">
      <UniqueIdentifier>{0706fd4a-4c2c-437f-a328-03fa801a2c37}</UniqueIdentifier>
    </Filter>
    <Filter Include="ObjectConversion">
      <UniqueIdentifier>{d1b61ed1-da25-4266-895b-47256f02c4bf}</UniqueIdentifier>
    </Filter>
  </ItemGroup>
</Project>