<?xml version="1.0" encoding="utf-8"?>
<Project ToolsVersion="4.0" xmlns="http://schemas.microsoft.com/developer/msbuild/2003">
  <ItemGroup>
    <Filter Include="WinAPI">
      <UniqueIdentifier>{bb3a01b2-c6b4-4fdf-b2ba-b3a3b6a6c769}</UniqueIdentifier>
    </Filter>
    <Filter Include="Shared">
      <UniqueIdentifier>{694b2b38-8f03-4370-9320-c706f5455138}</UniqueIdentifier>
    </Filter>
  </ItemGroup>
  <ItemGroup>
    <ClCompile Include="..\WinAPI\WindowStartup.cpp">
      <Filter>WinAPI</Filter>
    </ClCompile>
    <ClCompile Include="..\HelloWorld.cpp" />
    <ClCompile Include="..\BasicScene.cpp" />
    <ClCompile Include="..\PostSceneRender.cpp" />
    <ClCompile Include="..\..\Shared\SampleRig.cpp">
      <Filter>Shared</Filter>
    </ClCompile>
  </ItemGroup>
  <ItemGroup>
    <ClInclude Include="..\BasicScene.h" />
    <ClInclude Include="..\..\Shared\SampleRig.h">
      <Filter>Shared</Filter>
    </ClInclude>
    <ClInclude Include="..\HelloWorld.h" />
  </ItemGroup>
</Project>