
Microsoft Visual Studio Solution File, Format Version 12.00
# Visual Studio 2013
VisualStudioVersion = 12.0.21005.1
MinimumVisualStudioVersion = 10.0.40219.1
Project("{8BC9CEB8-8B4A-11D0-8D11-00A0C91BC942}") = "PlatformRig", "..\PlatformRig\Project\PlatformRig.vcxproj", "{E3BE4078-FC62-469C-B9F7-2447C6F88A50}"
	ProjectSection(ProjectDependencies) = postProject
		{78B079BD-9FC7-4B9E-B4A6-96DA0F00248B} = {78B079BD-9FC7-4B9E-B4A6-96DA0F00248B}
	EndProjectSection
EndProject
Project("{8BC9CEB8-8B4A-11D0-8D11-00A0C91BC942}") = "Foreign", "..\Foreign\Project\Foreign.vcxproj", "{9F01282B-6297-4F87-A309-287C2C574B76}"
EndProject
Project("{8BC9CEB8-8B4A-11D0-8D11-00A0C91BC942}") = "RenderOverlays", "..\RenderOverlays\Project\RenderOverlays.vcxproj", "{726E12F1-B69B-188D-390B-3A1E1889126D}"
EndProject
Project("{8BC9CEB8-8B4A-11D0-8D11-00A0C91BC942}") = "BufferUploads", "..\BufferUploads\Project\BufferUploads.vcxproj", "{E4D5CFA9-07D2-5A61-9991-2186EB30F680}"
EndProject
Project("{8BC9CEB8-8B4A-11D0-8D11-00A0C91BC942}") = "Utility", "..\Utility\Project\Utility.vcxproj", "{6B8011C1-2D1F-1EBB-B0EF-377B2E8E87AE}"
EndProject
Project("{8BC9CEB8-8B4A-11D0-8D11-00A0C91BC942}") = "RenderCore_DX11", "..\RenderCore\Project\RenderCore_DX11.vcxproj", "{E43E10B8-7CD4-A5D0-6270-17C50CB74ADF}"
EndProject
Project("{8BC9CEB8-8B4A-11D0-8D11-00A0C91BC942}") = "RenderCore_OpenGLES", "..\RenderCore\Project\RenderCore_OpenGLES.vcxproj", "{13D648DF-8842-9EF7-46C5-910550130776}"
EndProject
Project("{2150E333-8FDC-42A3-9474-1A3956D46DE8}") = "Rendering", "Rendering", "{DF1932BF-7E8D-4EDA-90DA-91AA55C394EE}"
EndProject
Project("{2150E333-8FDC-42A3-9474-1A3956D46DE8}") = "Core", "Core", "{4499699A-1391-4A3F-A22B-D436E66C1EEC}"
	ProjectSection(SolutionItems) = preProject
		..\Core\Documentation.h = ..\Core\Documentation.h
		..\Core\Exceptions.h = ..\Core\Exceptions.h
		..\Core\Prefix.h = ..\Core\Prefix.h
		..\Core\SelectConfiguration.h = ..\Core\SelectConfiguration.h
		..\Core\Types.h = ..\Core\Types.h
	EndProjectSection
EndProject
Project("{8BC9CEB8-8B4A-11D0-8D11-00A0C91BC942}") = "RenderCore", "..\RenderCore\Project\RenderCore.vcxproj", "{116FE083-50BC-1393-470F-F834EF6E02FF}"
EndProject
Project("{8BC9CEB8-8B4A-11D0-8D11-00A0C91BC942}") = "Math", "..\Math\Project\Math.vcxproj", "{2E51AA64-7E29-CD4A-FB7F-BAC486A3575C}"
EndProject
Project("{2150E333-8FDC-42A3-9474-1A3956D46DE8}") = "WinAPI", "WinAPI", "{12A50BF4-5EB1-49B1-AE94-7E7E50E1D67B}"
	ProjectSection(SolutionItems) = preProject
		..\Core\WinAPI\IncludeWindows.h = ..\Core\WinAPI\IncludeWindows.h
	EndProjectSection
EndProject
Project("{8BC9CEB8-8B4A-11D0-8D11-00A0C91BC942}") = "ConsoleRig", "..\ConsoleRig\Project\ConsoleRig.vcxproj", "{587A5B72-36E9-FF50-36F4-C0E96BBFA841}"
EndProject
Project("{8BC9CEB8-8B4A-11D0-8D11-00A0C91BC942}") = "ColladaConversion", "..\ColladaConversion\Project\ColladaConversion.vcxproj", "{3FF60282-A22E-0BCD-B74D-4B52CD9E613B}"
EndProject
Project("{8BC9CEB8-8B4A-11D0-8D11-00A0C91BC942}") = "ShaderParser", "..\ShaderParser\Project\ShaderParser.vcxproj", "{D7818769-51D6-7FE8-161B-71F0F96A076F}"
EndProject
Project("{2150E333-8FDC-42A3-9474-1A3956D46DE8}") = "Tools", "Tools", "{E7DC652E-A855-4E12-9C04-6F36B489FF74}"
EndProject
Project("{FAE04EC0-301F-11D3-BF4B-00C04F79EFBC}") = "NodeEditor", "..\Tools\NodeEditor\NodeEditor.csproj", "{382D4FF6-FE2B-4AE9-8FBA-0D5C44C105A7}"
EndProject
Project("{FAE04EC0-301F-11D3-BF4B-00C04F79EFBC}") = "HyperGraph", "..\Tools\HyperGraph\HyperGraph.csproj", "{E4CC63D8-127D-4BC9-80E0-CCB3E9DA06DC}"
EndProject
Project("{FAE04EC0-301F-11D3-BF4B-00C04F79EFBC}") = "Aga.Controls", "..\Foreign\TreeViewAdv-1.7.0.0\Aga.Controls\Aga.Controls.csproj", "{E73BB233-D88B-44A7-A98F-D71EE158381D}"
EndProject
Project("{8BC9CEB8-8B4A-11D0-8D11-00A0C91BC942}") = "SceneEngine", "..\SceneEngine\Project\SceneEngine.vcxproj", "{0A40E6ED-47CC-A08E-71C5-8A3515D81EAF}"
EndProject
Project("{8BC9CEB8-8B4A-11D0-8D11-00A0C91BC942}") = "RenderCore_Assets", "..\RenderCore\Project\RenderCore_Assets.vcxproj", "{EBF600B7-B82E-483C-B0CE-C74BBC60DC9A}"
EndProject
Project("{8BC9CEB8-8B4A-11D0-8D11-00A0C91BC942}") = "Assets", "..\Assets\Project\Assets.vcxproj", "{FFF83BE8-5136-7370-2EE8-298176BEA610}"
EndProject
Project("{FAE04EC0-301F-11D3-BF4B-00C04F79EFBC}") = "Ribbon", "..\Foreign\RibbonLib_v2.6\Ribbon\Ribbon.csproj", "{0D4F3C14-B605-4471-B581-79784A89675C}"
EndProject
Project("{2150E333-8FDC-42A3-9474-1A3956D46DE8}") = "ForeignTools", "ForeignTools", "{16CFD681-2D5D-47CF-BEC6-62B6E9D82303}"
EndProject
Project("{2150E333-8FDC-42A3-9474-1A3956D46DE8}") = "Samples", "Samples", "{18FDF4B2-37E2-4DFF-B22B-566674160D0B}"
EndProject
Project("{8BC9CEB8-8B4A-11D0-8D11-00A0C91BC942}") = "TerrainConverter", "..\Samples\TerrainConverter\Project\TerrainConverter.vcxproj", "{3835285C-9A30-41F3-A615-6C41D14F7074}"
EndProject
Project("{8BC9CEB8-8B4A-11D0-8D11-00A0C91BC942}") = "HelloWorld", "..\Samples\HelloWorld\Project\HelloWorld.vcxproj", "{D0B45E37-A60C-C794-FFC6-36EB94DA74E1}"
EndProject
Project("{8BC9CEB8-8B4A-11D0-8D11-00A0C91BC942}") = "freetype", "..\Foreign\FreeType\builds\windows\vc2010\freetype.vcxproj", "{78B079BD-9FC7-4B9E-B4A6-96DA0F00248B}"
EndProject
Project("{2150E333-8FDC-42A3-9474-1A3956D46DE8}") = "ForeignLibs", "ForeignLibs", "{9DE15D5E-43CB-4076-B17D-86644B111D80}"
EndProject
Project("{8BC9CEB8-8B4A-11D0-8D11-00A0C91BC942}") = "Environment", "..\Samples\Environment\Project\Environment.vcxproj", "{C6F14090-65B3-A158-A259-80284609A288}"
EndProject
Project("{8BC9CEB8-8B4A-11D0-8D11-00A0C91BC942}") = "C", "..\Foreign\Antlr-3.4\libantlr3c-3.4\C.vcxproj", "{0F0FE03A-78F3-4B34-9DCE-0CDFF1FB5C40}"
EndProject
Project("{8BC9CEB8-8B4A-11D0-8D11-00A0C91BC942}") = "RenderCore_Techniques", "..\RenderCore\Project\RenderCore_Techniques.vcxproj", "{8188BB13-0B12-C110-2A31-515435FD3BB5}"
EndProject
Project("{8BC9CEB8-8B4A-11D0-8D11-00A0C91BC942}") = "GUILayer", "..\Tools\GUILayer\Project\GUILayer.vcxproj", "{E1E9A4C1-97A8-44B7-8279-D287313C5B6B}"
EndProject
Project("{8BC9CEB8-8B4A-11D0-8D11-00A0C91BC942}") = "ShaderFragmentArchive", "..\Tools\ShaderFragmentArchive\Project\ShaderFragmentArchive.vcxproj", "{39EA3939-2098-42CF-8F3A-E3D13BDB546B}"
EndProject
Project("{8BC9CEB8-8B4A-11D0-8D11-00A0C91BC942}") = "UnitTests", "..\UnitTests\Project\UnitTests.vcxproj", "{985D4936-5CC2-4E43-8B9A-A5F8B4D2CEB3}"
EndProject
Project("{8BC9CEB8-8B4A-11D0-8D11-00A0C91BC942}") = "TestDLL", "..\Samples\TestDLL\Project\TestDLL.vcxproj", "{2515AD98-AE67-49D3-96A0-2E4A2D8CB4B8}"
EndProject
Project("{FAE04EC0-301F-11D3-BF4B-00C04F79EFBC}") = "ModelViewer", "..\Samples\ModelViewer\Project\ModelViewer.csproj", "{06F6B39A-1EDA-4ABF-B120-1F885562FE16}"
EndProject
Project("{FAE04EC0-301F-11D3-BF4B-00C04F79EFBC}") = "LevelEditor.vs2010", "..\Foreign\SonyLE\LevelEditor\LevelEditor.vs2010.csproj", "{7DA4D304-37A9-4CD2-B30E-032B1C92A14E}"
EndProject
Project("{FAE04EC0-301F-11D3-BF4B-00C04F79EFBC}") = "RenderingInterop.vs2010", "..\Foreign\SonyLE\LevelEditorNativeRendering\RenderingInterop.vs2010.csproj", "{8FDEBB1D-43B9-4922-AD51-4E58A0D71FBC}"
EndProject
Project("{8BC9CEB8-8B4A-11D0-8D11-00A0C91BC942}") = "ToolsRig", "..\Tools\ToolsRig\Project\ToolsRig.vcxproj", "{F47F1B0A-AE7C-482A-BAF8-D47A6B09B817}"
EndProject
Project("{2150E333-8FDC-42A3-9474-1A3956D46DE8}") = "SonyLE", "SonyLE", "{F5366E7A-70DB-4774-9EAF-2DED35D4DA94}"
EndProject
Project("{2150E333-8FDC-42A3-9474-1A3956D46DE8}") = "ShaderTool", "ShaderTool", "{B6F30004-5006-4A2B-94C1-EAB08C140F58}"
EndProject
Project("{FAE04EC0-301F-11D3-BF4B-00C04F79EFBC}") = "ControlsLibrary", "..\Tools\ControlsLibrary\ControlsLibrary.csproj", "{B7539653-6E9C-4493-8023-D4A2BFFCD8E2}"
EndProject
Project("{8BC9CEB8-8B4A-11D0-8D11-00A0C91BC942}") = "EntityInterface", "..\Tools\EntityInterface\Project\EntityInterface.vcxproj", "{A3EC21DB-3586-490F-B30B-5DA403D908B5}"
EndProject
Project("{FAE04EC0-301F-11D3-BF4B-00C04F79EFBC}") = "LevelEditorXLE", "..\Foreign\SonyLE\LevelEditorXLE\LevelEditorXLE.csproj", "{8333F974-4932-460E-8551-EF88D2B7DB79}"
EndProject
Project("{FAE04EC0-301F-11D3-BF4B-00C04F79EFBC}") = "LevelEditorCore.vs2010", "..\Foreign\SonyLE\LevelEditorCore\LevelEditorCore.vs2010.csproj", "{8EAAA859-349E-4605-A0AF-118017881212}"
EndProject
Project("{8BC9CEB8-8B4A-11D0-8D11-00A0C91BC942}") = "XLEBridgeUtils", "..\Foreign\SonyLE\XLEBridgeUtils\Project\XLEBridgeUtils.vcxproj", "{7626C65E-8DF3-42E0-B9CB-414561C50BC5}"
EndProject
Project("{8BC9CEB8-8B4A-11D0-8D11-00A0C91BC942}") = "TestPlatform", "..\Samples\TestPlatform\Project\TestPlatform.vcxproj", "{D66A223D-AEC0-472B-8BFC-2F3D1E93266D}"
EndProject
Global
	GlobalSection(SolutionConfigurationPlatforms) = preSolution
		Debug|Tegra-Android = Debug|Tegra-Android
		Debug|Win32 = Debug|Win32
		Debug|x64 = Debug|x64
		Profile|Tegra-Android = Profile|Tegra-Android
		Profile|Win32 = Profile|Win32
		Profile|x64 = Profile|x64
		Release|Tegra-Android = Release|Tegra-Android
		Release|Win32 = Release|Win32
		Release|x64 = Release|x64
	EndGlobalSection
	GlobalSection(ProjectConfigurationPlatforms) = postSolution
		{E3BE4078-FC62-469C-B9F7-2447C6F88A50}.Debug|Tegra-Android.ActiveCfg = Debug|Tegra-Android
		{E3BE4078-FC62-469C-B9F7-2447C6F88A50}.Debug|Tegra-Android.Build.0 = Debug|Tegra-Android
		{E3BE4078-FC62-469C-B9F7-2447C6F88A50}.Debug|Tegra-Android.Deploy.0 = Debug|Tegra-Android
		{E3BE4078-FC62-469C-B9F7-2447C6F88A50}.Debug|Win32.ActiveCfg = Debug|Win32
		{E3BE4078-FC62-469C-B9F7-2447C6F88A50}.Debug|Win32.Build.0 = Debug|Win32
		{E3BE4078-FC62-469C-B9F7-2447C6F88A50}.Debug|x64.ActiveCfg = Debug|x64
		{E3BE4078-FC62-469C-B9F7-2447C6F88A50}.Debug|x64.Build.0 = Debug|x64
		{E3BE4078-FC62-469C-B9F7-2447C6F88A50}.Profile|Tegra-Android.ActiveCfg = Profile|Tegra-Android
		{E3BE4078-FC62-469C-B9F7-2447C6F88A50}.Profile|Tegra-Android.Build.0 = Profile|Tegra-Android
		{E3BE4078-FC62-469C-B9F7-2447C6F88A50}.Profile|Tegra-Android.Deploy.0 = Profile|Tegra-Android
		{E3BE4078-FC62-469C-B9F7-2447C6F88A50}.Profile|Win32.ActiveCfg = Profile|Win32
		{E3BE4078-FC62-469C-B9F7-2447C6F88A50}.Profile|Win32.Build.0 = Profile|Win32
		{E3BE4078-FC62-469C-B9F7-2447C6F88A50}.Profile|x64.ActiveCfg = Profile|x64
		{E3BE4078-FC62-469C-B9F7-2447C6F88A50}.Profile|x64.Build.0 = Profile|x64
		{E3BE4078-FC62-469C-B9F7-2447C6F88A50}.Release|Tegra-Android.ActiveCfg = Release|Tegra-Android
		{E3BE4078-FC62-469C-B9F7-2447C6F88A50}.Release|Tegra-Android.Build.0 = Release|Tegra-Android
		{E3BE4078-FC62-469C-B9F7-2447C6F88A50}.Release|Tegra-Android.Deploy.0 = Release|Tegra-Android
		{E3BE4078-FC62-469C-B9F7-2447C6F88A50}.Release|Win32.ActiveCfg = Release|Win32
		{E3BE4078-FC62-469C-B9F7-2447C6F88A50}.Release|Win32.Build.0 = Release|Win32
		{E3BE4078-FC62-469C-B9F7-2447C6F88A50}.Release|x64.ActiveCfg = Release|x64
		{E3BE4078-FC62-469C-B9F7-2447C6F88A50}.Release|x64.Build.0 = Release|x64
		{9F01282B-6297-4F87-A309-287C2C574B76}.Debug|Tegra-Android.ActiveCfg = Debug|Tegra-Android
		{9F01282B-6297-4F87-A309-287C2C574B76}.Debug|Tegra-Android.Build.0 = Debug|Tegra-Android
		{9F01282B-6297-4F87-A309-287C2C574B76}.Debug|Tegra-Android.Deploy.0 = Debug|Tegra-Android
		{9F01282B-6297-4F87-A309-287C2C574B76}.Debug|Win32.ActiveCfg = Debug|Win32
		{9F01282B-6297-4F87-A309-287C2C574B76}.Debug|Win32.Build.0 = Debug|Win32
		{9F01282B-6297-4F87-A309-287C2C574B76}.Debug|x64.ActiveCfg = Debug|x64
		{9F01282B-6297-4F87-A309-287C2C574B76}.Debug|x64.Build.0 = Debug|x64
		{9F01282B-6297-4F87-A309-287C2C574B76}.Profile|Tegra-Android.ActiveCfg = Profile|Tegra-Android
		{9F01282B-6297-4F87-A309-287C2C574B76}.Profile|Tegra-Android.Build.0 = Profile|Tegra-Android
		{9F01282B-6297-4F87-A309-287C2C574B76}.Profile|Tegra-Android.Deploy.0 = Profile|Tegra-Android
		{9F01282B-6297-4F87-A309-287C2C574B76}.Profile|Win32.ActiveCfg = Profile|Win32
		{9F01282B-6297-4F87-A309-287C2C574B76}.Profile|Win32.Build.0 = Profile|Win32
		{9F01282B-6297-4F87-A309-287C2C574B76}.Profile|x64.ActiveCfg = Profile|x64
		{9F01282B-6297-4F87-A309-287C2C574B76}.Profile|x64.Build.0 = Profile|x64
		{9F01282B-6297-4F87-A309-287C2C574B76}.Release|Tegra-Android.ActiveCfg = Release|Tegra-Android
		{9F01282B-6297-4F87-A309-287C2C574B76}.Release|Tegra-Android.Build.0 = Release|Tegra-Android
		{9F01282B-6297-4F87-A309-287C2C574B76}.Release|Tegra-Android.Deploy.0 = Release|Tegra-Android
		{9F01282B-6297-4F87-A309-287C2C574B76}.Release|Win32.ActiveCfg = Release|Win32
		{9F01282B-6297-4F87-A309-287C2C574B76}.Release|Win32.Build.0 = Release|Win32
		{9F01282B-6297-4F87-A309-287C2C574B76}.Release|x64.ActiveCfg = Release|x64
		{9F01282B-6297-4F87-A309-287C2C574B76}.Release|x64.Build.0 = Release|x64
		{726E12F1-B69B-188D-390B-3A1E1889126D}.Debug|Tegra-Android.ActiveCfg = Debug|Tegra-Android
		{726E12F1-B69B-188D-390B-3A1E1889126D}.Debug|Win32.ActiveCfg = Debug-DX11|Win32
		{726E12F1-B69B-188D-390B-3A1E1889126D}.Debug|Win32.Build.0 = Debug-DX11|Win32
		{726E12F1-B69B-188D-390B-3A1E1889126D}.Debug|x64.ActiveCfg = Debug-DX11|x64
		{726E12F1-B69B-188D-390B-3A1E1889126D}.Debug|x64.Build.0 = Debug-DX11|x64
		{726E12F1-B69B-188D-390B-3A1E1889126D}.Profile|Tegra-Android.ActiveCfg = Profile|Tegra-Android
		{726E12F1-B69B-188D-390B-3A1E1889126D}.Profile|Win32.ActiveCfg = Profile-DX11|Win32
		{726E12F1-B69B-188D-390B-3A1E1889126D}.Profile|Win32.Build.0 = Profile-DX11|Win32
		{726E12F1-B69B-188D-390B-3A1E1889126D}.Profile|x64.ActiveCfg = Profile-DX11|x64
		{726E12F1-B69B-188D-390B-3A1E1889126D}.Profile|x64.Build.0 = Profile-DX11|x64
		{726E12F1-B69B-188D-390B-3A1E1889126D}.Release|Tegra-Android.ActiveCfg = Release|Tegra-Android
		{726E12F1-B69B-188D-390B-3A1E1889126D}.Release|Win32.ActiveCfg = Release-DX11|Win32
		{726E12F1-B69B-188D-390B-3A1E1889126D}.Release|Win32.Build.0 = Release-DX11|Win32
		{726E12F1-B69B-188D-390B-3A1E1889126D}.Release|x64.ActiveCfg = Release-DX11|x64
		{726E12F1-B69B-188D-390B-3A1E1889126D}.Release|x64.Build.0 = Release-DX11|x64
		{E4D5CFA9-07D2-5A61-9991-2186EB30F680}.Debug|Tegra-Android.ActiveCfg = Debug|Tegra-Android
		{E4D5CFA9-07D2-5A61-9991-2186EB30F680}.Debug|Tegra-Android.Build.0 = Debug|Tegra-Android
		{E4D5CFA9-07D2-5A61-9991-2186EB30F680}.Debug|Tegra-Android.Deploy.0 = Debug|Tegra-Android
		{E4D5CFA9-07D2-5A61-9991-2186EB30F680}.Debug|Win32.ActiveCfg = Debug-DX11|Win32
		{E4D5CFA9-07D2-5A61-9991-2186EB30F680}.Debug|Win32.Build.0 = Debug-DX11|Win32
		{E4D5CFA9-07D2-5A61-9991-2186EB30F680}.Debug|x64.ActiveCfg = Debug-DX11|x64
		{E4D5CFA9-07D2-5A61-9991-2186EB30F680}.Debug|x64.Build.0 = Debug-DX11|x64
		{E4D5CFA9-07D2-5A61-9991-2186EB30F680}.Profile|Tegra-Android.ActiveCfg = Profile|Tegra-Android
		{E4D5CFA9-07D2-5A61-9991-2186EB30F680}.Profile|Tegra-Android.Build.0 = Profile|Tegra-Android
		{E4D5CFA9-07D2-5A61-9991-2186EB30F680}.Profile|Tegra-Android.Deploy.0 = Profile|Tegra-Android
		{E4D5CFA9-07D2-5A61-9991-2186EB30F680}.Profile|Win32.ActiveCfg = Profile-DX11|Win32
		{E4D5CFA9-07D2-5A61-9991-2186EB30F680}.Profile|Win32.Build.0 = Profile-DX11|Win32
		{E4D5CFA9-07D2-5A61-9991-2186EB30F680}.Profile|x64.ActiveCfg = Profile-DX11|x64
		{E4D5CFA9-07D2-5A61-9991-2186EB30F680}.Profile|x64.Build.0 = Profile-DX11|x64
		{E4D5CFA9-07D2-5A61-9991-2186EB30F680}.Release|Tegra-Android.ActiveCfg = Release|Tegra-Android
		{E4D5CFA9-07D2-5A61-9991-2186EB30F680}.Release|Tegra-Android.Build.0 = Release|Tegra-Android
		{E4D5CFA9-07D2-5A61-9991-2186EB30F680}.Release|Tegra-Android.Deploy.0 = Release|Tegra-Android
		{E4D5CFA9-07D2-5A61-9991-2186EB30F680}.Release|Win32.ActiveCfg = Release-DX11|Win32
		{E4D5CFA9-07D2-5A61-9991-2186EB30F680}.Release|Win32.Build.0 = Release-DX11|Win32
		{E4D5CFA9-07D2-5A61-9991-2186EB30F680}.Release|x64.ActiveCfg = Release-DX11|x64
		{E4D5CFA9-07D2-5A61-9991-2186EB30F680}.Release|x64.Build.0 = Release-DX11|x64
		{6B8011C1-2D1F-1EBB-B0EF-377B2E8E87AE}.Debug|Tegra-Android.ActiveCfg = Debug|Tegra-Android
		{6B8011C1-2D1F-1EBB-B0EF-377B2E8E87AE}.Debug|Tegra-Android.Build.0 = Debug|Tegra-Android
		{6B8011C1-2D1F-1EBB-B0EF-377B2E8E87AE}.Debug|Tegra-Android.Deploy.0 = Debug|Tegra-Android
		{6B8011C1-2D1F-1EBB-B0EF-377B2E8E87AE}.Debug|Win32.ActiveCfg = Debug|Win32
		{6B8011C1-2D1F-1EBB-B0EF-377B2E8E87AE}.Debug|Win32.Build.0 = Debug|Win32
		{6B8011C1-2D1F-1EBB-B0EF-377B2E8E87AE}.Debug|x64.ActiveCfg = Debug|x64
		{6B8011C1-2D1F-1EBB-B0EF-377B2E8E87AE}.Debug|x64.Build.0 = Debug|x64
		{6B8011C1-2D1F-1EBB-B0EF-377B2E8E87AE}.Profile|Tegra-Android.ActiveCfg = Profile|Tegra-Android
		{6B8011C1-2D1F-1EBB-B0EF-377B2E8E87AE}.Profile|Tegra-Android.Build.0 = Profile|Tegra-Android
		{6B8011C1-2D1F-1EBB-B0EF-377B2E8E87AE}.Profile|Tegra-Android.Deploy.0 = Profile|Tegra-Android
		{6B8011C1-2D1F-1EBB-B0EF-377B2E8E87AE}.Profile|Win32.ActiveCfg = Profile|Win32
		{6B8011C1-2D1F-1EBB-B0EF-377B2E8E87AE}.Profile|Win32.Build.0 = Profile|Win32
		{6B8011C1-2D1F-1EBB-B0EF-377B2E8E87AE}.Profile|x64.ActiveCfg = Profile|x64
		{6B8011C1-2D1F-1EBB-B0EF-377B2E8E87AE}.Profile|x64.Build.0 = Profile|x64
		{6B8011C1-2D1F-1EBB-B0EF-377B2E8E87AE}.Release|Tegra-Android.ActiveCfg = Release|Tegra-Android
		{6B8011C1-2D1F-1EBB-B0EF-377B2E8E87AE}.Release|Tegra-Android.Build.0 = Release|Tegra-Android
		{6B8011C1-2D1F-1EBB-B0EF-377B2E8E87AE}.Release|Tegra-Android.Deploy.0 = Release|Tegra-Android
		{6B8011C1-2D1F-1EBB-B0EF-377B2E8E87AE}.Release|Win32.ActiveCfg = Release|Win32
		{6B8011C1-2D1F-1EBB-B0EF-377B2E8E87AE}.Release|Win32.Build.0 = Release|Win32
		{6B8011C1-2D1F-1EBB-B0EF-377B2E8E87AE}.Release|x64.ActiveCfg = Release|x64
		{6B8011C1-2D1F-1EBB-B0EF-377B2E8E87AE}.Release|x64.Build.0 = Release|x64
		{E43E10B8-7CD4-A5D0-6270-17C50CB74ADF}.Debug|Tegra-Android.ActiveCfg = Debug-DX11|x64
		{E43E10B8-7CD4-A5D0-6270-17C50CB74ADF}.Debug|Win32.ActiveCfg = Debug-DX11|Win32
		{E43E10B8-7CD4-A5D0-6270-17C50CB74ADF}.Debug|Win32.Build.0 = Debug-DX11|Win32
		{E43E10B8-7CD4-A5D0-6270-17C50CB74ADF}.Debug|x64.ActiveCfg = Debug-DX11|x64
		{E43E10B8-7CD4-A5D0-6270-17C50CB74ADF}.Debug|x64.Build.0 = Debug-DX11|x64
		{E43E10B8-7CD4-A5D0-6270-17C50CB74ADF}.Profile|Tegra-Android.ActiveCfg = Profile-DX11|x64
		{E43E10B8-7CD4-A5D0-6270-17C50CB74ADF}.Profile|Win32.ActiveCfg = Profile-DX11|Win32
		{E43E10B8-7CD4-A5D0-6270-17C50CB74ADF}.Profile|Win32.Build.0 = Profile-DX11|Win32
		{E43E10B8-7CD4-A5D0-6270-17C50CB74ADF}.Profile|x64.ActiveCfg = Profile-DX11|x64
		{E43E10B8-7CD4-A5D0-6270-17C50CB74ADF}.Profile|x64.Build.0 = Profile-DX11|x64
		{E43E10B8-7CD4-A5D0-6270-17C50CB74ADF}.Release|Tegra-Android.ActiveCfg = Release-DX11|x64
		{E43E10B8-7CD4-A5D0-6270-17C50CB74ADF}.Release|Win32.ActiveCfg = Release-DX11|Win32
		{E43E10B8-7CD4-A5D0-6270-17C50CB74ADF}.Release|Win32.Build.0 = Release-DX11|Win32
		{E43E10B8-7CD4-A5D0-6270-17C50CB74ADF}.Release|x64.ActiveCfg = Release-DX11|x64
		{E43E10B8-7CD4-A5D0-6270-17C50CB74ADF}.Release|x64.Build.0 = Release-DX11|x64
		{13D648DF-8842-9EF7-46C5-910550130776}.Debug|Tegra-Android.ActiveCfg = Debug-OpenGL|x64
		{13D648DF-8842-9EF7-46C5-910550130776}.Debug|Win32.ActiveCfg = Debug-OpenGL|Win32
		{13D648DF-8842-9EF7-46C5-910550130776}.Debug|Win32.Build.0 = Debug-OpenGL|Win32
		{13D648DF-8842-9EF7-46C5-910550130776}.Debug|x64.ActiveCfg = Debug-OpenGL|x64
		{13D648DF-8842-9EF7-46C5-910550130776}.Debug|x64.Build.0 = Debug-OpenGL|x64
		{13D648DF-8842-9EF7-46C5-910550130776}.Profile|Tegra-Android.ActiveCfg = Profile-OpenGL|x64
		{13D648DF-8842-9EF7-46C5-910550130776}.Profile|Win32.ActiveCfg = Profile-OpenGL|Win32
		{13D648DF-8842-9EF7-46C5-910550130776}.Profile|Win32.Build.0 = Profile-OpenGL|Win32
		{13D648DF-8842-9EF7-46C5-910550130776}.Profile|x64.ActiveCfg = Profile-OpenGL|x64
		{13D648DF-8842-9EF7-46C5-910550130776}.Profile|x64.Build.0 = Profile-OpenGL|x64
		{13D648DF-8842-9EF7-46C5-910550130776}.Release|Tegra-Android.ActiveCfg = Release-OpenGL|x64
		{13D648DF-8842-9EF7-46C5-910550130776}.Release|Win32.ActiveCfg = Release-OpenGL|Win32
		{13D648DF-8842-9EF7-46C5-910550130776}.Release|Win32.Build.0 = Release-OpenGL|Win32
		{13D648DF-8842-9EF7-46C5-910550130776}.Release|x64.ActiveCfg = Release-OpenGL|x64
		{13D648DF-8842-9EF7-46C5-910550130776}.Release|x64.Build.0 = Release-OpenGL|x64
		{116FE083-50BC-1393-470F-F834EF6E02FF}.Debug|Tegra-Android.ActiveCfg = Debug|Tegra-Android
		{116FE083-50BC-1393-470F-F834EF6E02FF}.Debug|Tegra-Android.Build.0 = Debug|Tegra-Android
		{116FE083-50BC-1393-470F-F834EF6E02FF}.Debug|Win32.ActiveCfg = Debug-DX11|Win32
		{116FE083-50BC-1393-470F-F834EF6E02FF}.Debug|Win32.Build.0 = Debug-DX11|Win32
		{116FE083-50BC-1393-470F-F834EF6E02FF}.Debug|x64.ActiveCfg = Debug-DX11|x64
		{116FE083-50BC-1393-470F-F834EF6E02FF}.Debug|x64.Build.0 = Debug-DX11|x64
		{116FE083-50BC-1393-470F-F834EF6E02FF}.Profile|Tegra-Android.ActiveCfg = Profile|Tegra-Android
		{116FE083-50BC-1393-470F-F834EF6E02FF}.Profile|Tegra-Android.Build.0 = Profile|Tegra-Android
		{116FE083-50BC-1393-470F-F834EF6E02FF}.Profile|Win32.ActiveCfg = Profile-DX11|Win32
		{116FE083-50BC-1393-470F-F834EF6E02FF}.Profile|Win32.Build.0 = Profile-DX11|Win32
		{116FE083-50BC-1393-470F-F834EF6E02FF}.Profile|x64.ActiveCfg = Profile-DX11|x64
		{116FE083-50BC-1393-470F-F834EF6E02FF}.Profile|x64.Build.0 = Profile-DX11|x64
		{116FE083-50BC-1393-470F-F834EF6E02FF}.Release|Tegra-Android.ActiveCfg = Release|Tegra-Android
		{116FE083-50BC-1393-470F-F834EF6E02FF}.Release|Tegra-Android.Build.0 = Release|Tegra-Android
		{116FE083-50BC-1393-470F-F834EF6E02FF}.Release|Win32.ActiveCfg = Release-DX11|Win32
		{116FE083-50BC-1393-470F-F834EF6E02FF}.Release|Win32.Build.0 = Release-DX11|Win32
		{116FE083-50BC-1393-470F-F834EF6E02FF}.Release|x64.ActiveCfg = Release-DX11|x64
		{116FE083-50BC-1393-470F-F834EF6E02FF}.Release|x64.Build.0 = Release-DX11|x64
		{2E51AA64-7E29-CD4A-FB7F-BAC486A3575C}.Debug|Tegra-Android.ActiveCfg = Debug|Tegra-Android
		{2E51AA64-7E29-CD4A-FB7F-BAC486A3575C}.Debug|Tegra-Android.Build.0 = Debug|Tegra-Android
		{2E51AA64-7E29-CD4A-FB7F-BAC486A3575C}.Debug|Win32.ActiveCfg = Debug|Win32
		{2E51AA64-7E29-CD4A-FB7F-BAC486A3575C}.Debug|Win32.Build.0 = Debug|Win32
		{2E51AA64-7E29-CD4A-FB7F-BAC486A3575C}.Debug|x64.ActiveCfg = Debug|x64
		{2E51AA64-7E29-CD4A-FB7F-BAC486A3575C}.Debug|x64.Build.0 = Debug|x64
		{2E51AA64-7E29-CD4A-FB7F-BAC486A3575C}.Profile|Tegra-Android.ActiveCfg = Profile|Tegra-Android
		{2E51AA64-7E29-CD4A-FB7F-BAC486A3575C}.Profile|Tegra-Android.Build.0 = Profile|Tegra-Android
		{2E51AA64-7E29-CD4A-FB7F-BAC486A3575C}.Profile|Win32.ActiveCfg = Profile|Win32
		{2E51AA64-7E29-CD4A-FB7F-BAC486A3575C}.Profile|Win32.Build.0 = Profile|Win32
		{2E51AA64-7E29-CD4A-FB7F-BAC486A3575C}.Profile|x64.ActiveCfg = Profile|x64
		{2E51AA64-7E29-CD4A-FB7F-BAC486A3575C}.Profile|x64.Build.0 = Profile|x64
		{2E51AA64-7E29-CD4A-FB7F-BAC486A3575C}.Release|Tegra-Android.ActiveCfg = Release|Tegra-Android
		{2E51AA64-7E29-CD4A-FB7F-BAC486A3575C}.Release|Tegra-Android.Build.0 = Release|Tegra-Android
		{2E51AA64-7E29-CD4A-FB7F-BAC486A3575C}.Release|Win32.ActiveCfg = Release|Win32
		{2E51AA64-7E29-CD4A-FB7F-BAC486A3575C}.Release|Win32.Build.0 = Release|Win32
		{2E51AA64-7E29-CD4A-FB7F-BAC486A3575C}.Release|x64.ActiveCfg = Release|x64
		{2E51AA64-7E29-CD4A-FB7F-BAC486A3575C}.Release|x64.Build.0 = Release|x64
		{587A5B72-36E9-FF50-36F4-C0E96BBFA841}.Debug|Tegra-Android.ActiveCfg = Debug|Tegra-Android
		{587A5B72-36E9-FF50-36F4-C0E96BBFA841}.Debug|Tegra-Android.Build.0 = Debug|Tegra-Android
		{587A5B72-36E9-FF50-36F4-C0E96BBFA841}.Debug|Win32.ActiveCfg = Debug|Win32
		{587A5B72-36E9-FF50-36F4-C0E96BBFA841}.Debug|Win32.Build.0 = Debug|Win32
		{587A5B72-36E9-FF50-36F4-C0E96BBFA841}.Debug|x64.ActiveCfg = Debug|x64
		{587A5B72-36E9-FF50-36F4-C0E96BBFA841}.Debug|x64.Build.0 = Debug|x64
		{587A5B72-36E9-FF50-36F4-C0E96BBFA841}.Profile|Tegra-Android.ActiveCfg = Profile|Tegra-Android
		{587A5B72-36E9-FF50-36F4-C0E96BBFA841}.Profile|Tegra-Android.Build.0 = Profile|Tegra-Android
		{587A5B72-36E9-FF50-36F4-C0E96BBFA841}.Profile|Win32.ActiveCfg = Profile|Win32
		{587A5B72-36E9-FF50-36F4-C0E96BBFA841}.Profile|Win32.Build.0 = Profile|Win32
		{587A5B72-36E9-FF50-36F4-C0E96BBFA841}.Profile|x64.ActiveCfg = Profile|x64
		{587A5B72-36E9-FF50-36F4-C0E96BBFA841}.Profile|x64.Build.0 = Profile|x64
		{587A5B72-36E9-FF50-36F4-C0E96BBFA841}.Release|Tegra-Android.ActiveCfg = Release|Tegra-Android
		{587A5B72-36E9-FF50-36F4-C0E96BBFA841}.Release|Tegra-Android.Build.0 = Release|Tegra-Android
		{587A5B72-36E9-FF50-36F4-C0E96BBFA841}.Release|Win32.ActiveCfg = Release|Win32
		{587A5B72-36E9-FF50-36F4-C0E96BBFA841}.Release|Win32.Build.0 = Release|Win32
		{587A5B72-36E9-FF50-36F4-C0E96BBFA841}.Release|x64.ActiveCfg = Release|x64
		{587A5B72-36E9-FF50-36F4-C0E96BBFA841}.Release|x64.Build.0 = Release|x64
		{3FF60282-A22E-0BCD-B74D-4B52CD9E613B}.Debug|Tegra-Android.ActiveCfg = Debug|Win32
		{3FF60282-A22E-0BCD-B74D-4B52CD9E613B}.Debug|Win32.ActiveCfg = Debug|Win32
		{3FF60282-A22E-0BCD-B74D-4B52CD9E613B}.Debug|Win32.Build.0 = Debug|Win32
		{3FF60282-A22E-0BCD-B74D-4B52CD9E613B}.Debug|x64.ActiveCfg = Debug|x64
		{3FF60282-A22E-0BCD-B74D-4B52CD9E613B}.Debug|x64.Build.0 = Debug|x64
		{3FF60282-A22E-0BCD-B74D-4B52CD9E613B}.Profile|Tegra-Android.ActiveCfg = Profile|Win32
		{3FF60282-A22E-0BCD-B74D-4B52CD9E613B}.Profile|Win32.ActiveCfg = Profile|Win32
		{3FF60282-A22E-0BCD-B74D-4B52CD9E613B}.Profile|Win32.Build.0 = Profile|Win32
		{3FF60282-A22E-0BCD-B74D-4B52CD9E613B}.Profile|x64.ActiveCfg = Profile|x64
		{3FF60282-A22E-0BCD-B74D-4B52CD9E613B}.Profile|x64.Build.0 = Profile|x64
		{3FF60282-A22E-0BCD-B74D-4B52CD9E613B}.Release|Tegra-Android.ActiveCfg = Release|Win32
		{3FF60282-A22E-0BCD-B74D-4B52CD9E613B}.Release|Win32.ActiveCfg = Release|Win32
		{3FF60282-A22E-0BCD-B74D-4B52CD9E613B}.Release|Win32.Build.0 = Release|Win32
		{3FF60282-A22E-0BCD-B74D-4B52CD9E613B}.Release|x64.ActiveCfg = Release|x64
		{3FF60282-A22E-0BCD-B74D-4B52CD9E613B}.Release|x64.Build.0 = Release|x64
		{D7818769-51D6-7FE8-161B-71F0F96A076F}.Debug|Tegra-Android.ActiveCfg = Debug|Tegra-Android
		{D7818769-51D6-7FE8-161B-71F0F96A076F}.Debug|Tegra-Android.Build.0 = Debug|Tegra-Android
		{D7818769-51D6-7FE8-161B-71F0F96A076F}.Debug|Win32.ActiveCfg = Debug|Win32
		{D7818769-51D6-7FE8-161B-71F0F96A076F}.Debug|Win32.Build.0 = Debug|Win32
		{D7818769-51D6-7FE8-161B-71F0F96A076F}.Debug|x64.ActiveCfg = Debug|x64
		{D7818769-51D6-7FE8-161B-71F0F96A076F}.Debug|x64.Build.0 = Debug|x64
		{D7818769-51D6-7FE8-161B-71F0F96A076F}.Profile|Tegra-Android.ActiveCfg = Profile|Tegra-Android
		{D7818769-51D6-7FE8-161B-71F0F96A076F}.Profile|Tegra-Android.Build.0 = Profile|Tegra-Android
		{D7818769-51D6-7FE8-161B-71F0F96A076F}.Profile|Win32.ActiveCfg = Profile|Win32
		{D7818769-51D6-7FE8-161B-71F0F96A076F}.Profile|Win32.Build.0 = Profile|Win32
		{D7818769-51D6-7FE8-161B-71F0F96A076F}.Profile|x64.ActiveCfg = Profile|x64
		{D7818769-51D6-7FE8-161B-71F0F96A076F}.Profile|x64.Build.0 = Profile|x64
		{D7818769-51D6-7FE8-161B-71F0F96A076F}.Release|Tegra-Android.ActiveCfg = Release|Tegra-Android
		{D7818769-51D6-7FE8-161B-71F0F96A076F}.Release|Tegra-Android.Build.0 = Release|Tegra-Android
		{D7818769-51D6-7FE8-161B-71F0F96A076F}.Release|Win32.ActiveCfg = Release|Win32
		{D7818769-51D6-7FE8-161B-71F0F96A076F}.Release|Win32.Build.0 = Release|Win32
		{D7818769-51D6-7FE8-161B-71F0F96A076F}.Release|x64.ActiveCfg = Release|x64
		{D7818769-51D6-7FE8-161B-71F0F96A076F}.Release|x64.Build.0 = Release|x64
		{382D4FF6-FE2B-4AE9-8FBA-0D5C44C105A7}.Debug|Tegra-Android.ActiveCfg = Debug|x86
		{382D4FF6-FE2B-4AE9-8FBA-0D5C44C105A7}.Debug|Win32.ActiveCfg = Debug|x86
		{382D4FF6-FE2B-4AE9-8FBA-0D5C44C105A7}.Debug|Win32.Build.0 = Debug|x86
		{382D4FF6-FE2B-4AE9-8FBA-0D5C44C105A7}.Debug|x64.ActiveCfg = Debug|x64
		{382D4FF6-FE2B-4AE9-8FBA-0D5C44C105A7}.Debug|x64.Build.0 = Debug|x64
		{382D4FF6-FE2B-4AE9-8FBA-0D5C44C105A7}.Profile|Tegra-Android.ActiveCfg = Release|x86
		{382D4FF6-FE2B-4AE9-8FBA-0D5C44C105A7}.Profile|Win32.ActiveCfg = Release|x86
		{382D4FF6-FE2B-4AE9-8FBA-0D5C44C105A7}.Profile|Win32.Build.0 = Release|x86
		{382D4FF6-FE2B-4AE9-8FBA-0D5C44C105A7}.Profile|x64.ActiveCfg = Release|x64
		{382D4FF6-FE2B-4AE9-8FBA-0D5C44C105A7}.Profile|x64.Build.0 = Release|x64
		{382D4FF6-FE2B-4AE9-8FBA-0D5C44C105A7}.Release|Tegra-Android.ActiveCfg = Release|x86
		{382D4FF6-FE2B-4AE9-8FBA-0D5C44C105A7}.Release|Win32.ActiveCfg = Release|x86
		{382D4FF6-FE2B-4AE9-8FBA-0D5C44C105A7}.Release|Win32.Build.0 = Release|x86
		{382D4FF6-FE2B-4AE9-8FBA-0D5C44C105A7}.Release|x64.ActiveCfg = Release|x64
		{382D4FF6-FE2B-4AE9-8FBA-0D5C44C105A7}.Release|x64.Build.0 = Release|x64
		{E4CC63D8-127D-4BC9-80E0-CCB3E9DA06DC}.Debug|Tegra-Android.ActiveCfg = Debug|Any CPU
		{E4CC63D8-127D-4BC9-80E0-CCB3E9DA06DC}.Debug|Win32.ActiveCfg = Debug|Any CPU
		{E4CC63D8-127D-4BC9-80E0-CCB3E9DA06DC}.Debug|Win32.Build.0 = Debug|Any CPU
		{E4CC63D8-127D-4BC9-80E0-CCB3E9DA06DC}.Debug|x64.ActiveCfg = Debug|Any CPU
		{E4CC63D8-127D-4BC9-80E0-CCB3E9DA06DC}.Debug|x64.Build.0 = Debug|Any CPU
		{E4CC63D8-127D-4BC9-80E0-CCB3E9DA06DC}.Profile|Tegra-Android.ActiveCfg = Release|Any CPU
		{E4CC63D8-127D-4BC9-80E0-CCB3E9DA06DC}.Profile|Win32.ActiveCfg = Release|Any CPU
		{E4CC63D8-127D-4BC9-80E0-CCB3E9DA06DC}.Profile|Win32.Build.0 = Release|Any CPU
		{E4CC63D8-127D-4BC9-80E0-CCB3E9DA06DC}.Profile|x64.ActiveCfg = Release|Any CPU
		{E4CC63D8-127D-4BC9-80E0-CCB3E9DA06DC}.Profile|x64.Build.0 = Release|Any CPU
		{E4CC63D8-127D-4BC9-80E0-CCB3E9DA06DC}.Release|Tegra-Android.ActiveCfg = Release|Any CPU
		{E4CC63D8-127D-4BC9-80E0-CCB3E9DA06DC}.Release|Win32.ActiveCfg = Release|Any CPU
		{E4CC63D8-127D-4BC9-80E0-CCB3E9DA06DC}.Release|Win32.Build.0 = Release|Any CPU
		{E4CC63D8-127D-4BC9-80E0-CCB3E9DA06DC}.Release|x64.ActiveCfg = Release|Any CPU
		{E4CC63D8-127D-4BC9-80E0-CCB3E9DA06DC}.Release|x64.Build.0 = Release|Any CPU
		{E73BB233-D88B-44A7-A98F-D71EE158381D}.Debug|Tegra-Android.ActiveCfg = Debug|Any CPU
		{E73BB233-D88B-44A7-A98F-D71EE158381D}.Debug|Win32.ActiveCfg = Debug|Any CPU
		{E73BB233-D88B-44A7-A98F-D71EE158381D}.Debug|Win32.Build.0 = Debug|Any CPU
		{E73BB233-D88B-44A7-A98F-D71EE158381D}.Debug|x64.ActiveCfg = Debug|Any CPU
		{E73BB233-D88B-44A7-A98F-D71EE158381D}.Debug|x64.Build.0 = Debug|Any CPU
		{E73BB233-D88B-44A7-A98F-D71EE158381D}.Profile|Tegra-Android.ActiveCfg = Release|Any CPU
		{E73BB233-D88B-44A7-A98F-D71EE158381D}.Profile|Win32.ActiveCfg = Release|Any CPU
		{E73BB233-D88B-44A7-A98F-D71EE158381D}.Profile|Win32.Build.0 = Release|Any CPU
		{E73BB233-D88B-44A7-A98F-D71EE158381D}.Profile|x64.ActiveCfg = Release|Any CPU
		{E73BB233-D88B-44A7-A98F-D71EE158381D}.Profile|x64.Build.0 = Release|Any CPU
		{E73BB233-D88B-44A7-A98F-D71EE158381D}.Release|Tegra-Android.ActiveCfg = Release|Any CPU
		{E73BB233-D88B-44A7-A98F-D71EE158381D}.Release|Win32.ActiveCfg = Release|Any CPU
		{E73BB233-D88B-44A7-A98F-D71EE158381D}.Release|Win32.Build.0 = Release|Any CPU
		{E73BB233-D88B-44A7-A98F-D71EE158381D}.Release|x64.ActiveCfg = Release|Any CPU
		{E73BB233-D88B-44A7-A98F-D71EE158381D}.Release|x64.Build.0 = Release|Any CPU
		{0A40E6ED-47CC-A08E-71C5-8A3515D81EAF}.Debug|Tegra-Android.ActiveCfg = Debug|Tegra-Android
		{0A40E6ED-47CC-A08E-71C5-8A3515D81EAF}.Debug|Tegra-Android.Build.0 = Debug|Tegra-Android
		{0A40E6ED-47CC-A08E-71C5-8A3515D81EAF}.Debug|Win32.ActiveCfg = Debug-DX11|Win32
		{0A40E6ED-47CC-A08E-71C5-8A3515D81EAF}.Debug|Win32.Build.0 = Debug-DX11|Win32
		{0A40E6ED-47CC-A08E-71C5-8A3515D81EAF}.Debug|x64.ActiveCfg = Debug-DX11|x64
		{0A40E6ED-47CC-A08E-71C5-8A3515D81EAF}.Debug|x64.Build.0 = Debug-DX11|x64
		{0A40E6ED-47CC-A08E-71C5-8A3515D81EAF}.Profile|Tegra-Android.ActiveCfg = Profile|Tegra-Android
		{0A40E6ED-47CC-A08E-71C5-8A3515D81EAF}.Profile|Tegra-Android.Build.0 = Profile|Tegra-Android
		{0A40E6ED-47CC-A08E-71C5-8A3515D81EAF}.Profile|Win32.ActiveCfg = Profile-DX11|Win32
		{0A40E6ED-47CC-A08E-71C5-8A3515D81EAF}.Profile|Win32.Build.0 = Profile-DX11|Win32
		{0A40E6ED-47CC-A08E-71C5-8A3515D81EAF}.Profile|x64.ActiveCfg = Profile-DX11|x64
		{0A40E6ED-47CC-A08E-71C5-8A3515D81EAF}.Profile|x64.Build.0 = Profile-DX11|x64
		{0A40E6ED-47CC-A08E-71C5-8A3515D81EAF}.Release|Tegra-Android.ActiveCfg = Release|Tegra-Android
		{0A40E6ED-47CC-A08E-71C5-8A3515D81EAF}.Release|Tegra-Android.Build.0 = Release|Tegra-Android
		{0A40E6ED-47CC-A08E-71C5-8A3515D81EAF}.Release|Win32.ActiveCfg = Release-DX11|Win32
		{0A40E6ED-47CC-A08E-71C5-8A3515D81EAF}.Release|Win32.Build.0 = Release-DX11|Win32
		{0A40E6ED-47CC-A08E-71C5-8A3515D81EAF}.Release|x64.ActiveCfg = Release-DX11|x64
		{0A40E6ED-47CC-A08E-71C5-8A3515D81EAF}.Release|x64.Build.0 = Release-DX11|x64
		{EBF600B7-B82E-483C-B0CE-C74BBC60DC9A}.Debug|Tegra-Android.ActiveCfg = Debug|Tegra-Android
		{EBF600B7-B82E-483C-B0CE-C74BBC60DC9A}.Debug|Tegra-Android.Build.0 = Debug|Tegra-Android
		{EBF600B7-B82E-483C-B0CE-C74BBC60DC9A}.Debug|Win32.ActiveCfg = Debug-DX11|Win32
		{EBF600B7-B82E-483C-B0CE-C74BBC60DC9A}.Debug|Win32.Build.0 = Debug-DX11|Win32
		{EBF600B7-B82E-483C-B0CE-C74BBC60DC9A}.Debug|x64.ActiveCfg = Debug-DX11|x64
		{EBF600B7-B82E-483C-B0CE-C74BBC60DC9A}.Debug|x64.Build.0 = Debug-DX11|x64
		{EBF600B7-B82E-483C-B0CE-C74BBC60DC9A}.Profile|Tegra-Android.ActiveCfg = Profile|Tegra-Android
		{EBF600B7-B82E-483C-B0CE-C74BBC60DC9A}.Profile|Tegra-Android.Build.0 = Profile|Tegra-Android
		{EBF600B7-B82E-483C-B0CE-C74BBC60DC9A}.Profile|Win32.ActiveCfg = Profile-DX11|Win32
		{EBF600B7-B82E-483C-B0CE-C74BBC60DC9A}.Profile|Win32.Build.0 = Profile-DX11|Win32
		{EBF600B7-B82E-483C-B0CE-C74BBC60DC9A}.Profile|x64.ActiveCfg = Profile-DX11|x64
		{EBF600B7-B82E-483C-B0CE-C74BBC60DC9A}.Profile|x64.Build.0 = Profile-DX11|x64
		{EBF600B7-B82E-483C-B0CE-C74BBC60DC9A}.Release|Tegra-Android.ActiveCfg = Release|Tegra-Android
		{EBF600B7-B82E-483C-B0CE-C74BBC60DC9A}.Release|Tegra-Android.Build.0 = Release|Tegra-Android
		{EBF600B7-B82E-483C-B0CE-C74BBC60DC9A}.Release|Win32.ActiveCfg = Release-DX11|Win32
		{EBF600B7-B82E-483C-B0CE-C74BBC60DC9A}.Release|Win32.Build.0 = Release-DX11|Win32
		{EBF600B7-B82E-483C-B0CE-C74BBC60DC9A}.Release|x64.ActiveCfg = Release-DX11|x64
		{EBF600B7-B82E-483C-B0CE-C74BBC60DC9A}.Release|x64.Build.0 = Release-DX11|x64
		{FFF83BE8-5136-7370-2EE8-298176BEA610}.Debug|Tegra-Android.ActiveCfg = Debug|Tegra-Android
		{FFF83BE8-5136-7370-2EE8-298176BEA610}.Debug|Tegra-Android.Build.0 = Debug|Tegra-Android
		{FFF83BE8-5136-7370-2EE8-298176BEA610}.Debug|Win32.ActiveCfg = Debug|Win32
		{FFF83BE8-5136-7370-2EE8-298176BEA610}.Debug|Win32.Build.0 = Debug|Win32
		{FFF83BE8-5136-7370-2EE8-298176BEA610}.Debug|x64.ActiveCfg = Debug|x64
		{FFF83BE8-5136-7370-2EE8-298176BEA610}.Debug|x64.Build.0 = Debug|x64
		{FFF83BE8-5136-7370-2EE8-298176BEA610}.Profile|Tegra-Android.ActiveCfg = Profile|Tegra-Android
		{FFF83BE8-5136-7370-2EE8-298176BEA610}.Profile|Tegra-Android.Build.0 = Profile|Tegra-Android
		{FFF83BE8-5136-7370-2EE8-298176BEA610}.Profile|Win32.ActiveCfg = Profile|Win32
		{FFF83BE8-5136-7370-2EE8-298176BEA610}.Profile|Win32.Build.0 = Profile|Win32
		{FFF83BE8-5136-7370-2EE8-298176BEA610}.Profile|x64.ActiveCfg = Profile|x64
		{FFF83BE8-5136-7370-2EE8-298176BEA610}.Profile|x64.Build.0 = Profile|x64
		{FFF83BE8-5136-7370-2EE8-298176BEA610}.Release|Tegra-Android.ActiveCfg = Release|Tegra-Android
		{FFF83BE8-5136-7370-2EE8-298176BEA610}.Release|Tegra-Android.Build.0 = Release|Tegra-Android
		{FFF83BE8-5136-7370-2EE8-298176BEA610}.Release|Win32.ActiveCfg = Release|Win32
		{FFF83BE8-5136-7370-2EE8-298176BEA610}.Release|Win32.Build.0 = Release|Win32
		{FFF83BE8-5136-7370-2EE8-298176BEA610}.Release|x64.ActiveCfg = Release|x64
		{FFF83BE8-5136-7370-2EE8-298176BEA610}.Release|x64.Build.0 = Release|x64
		{0D4F3C14-B605-4471-B581-79784A89675C}.Debug|Tegra-Android.ActiveCfg = Debug|Any CPU
		{0D4F3C14-B605-4471-B581-79784A89675C}.Debug|Win32.ActiveCfg = Debug|Any CPU
		{0D4F3C14-B605-4471-B581-79784A89675C}.Debug|Win32.Build.0 = Debug|Any CPU
		{0D4F3C14-B605-4471-B581-79784A89675C}.Debug|x64.ActiveCfg = Debug|Any CPU
		{0D4F3C14-B605-4471-B581-79784A89675C}.Debug|x64.Build.0 = Debug|Any CPU
		{0D4F3C14-B605-4471-B581-79784A89675C}.Profile|Tegra-Android.ActiveCfg = Release|Any CPU
		{0D4F3C14-B605-4471-B581-79784A89675C}.Profile|Win32.ActiveCfg = Release|Any CPU
		{0D4F3C14-B605-4471-B581-79784A89675C}.Profile|Win32.Build.0 = Release|Any CPU
		{0D4F3C14-B605-4471-B581-79784A89675C}.Profile|x64.ActiveCfg = Release|Any CPU
		{0D4F3C14-B605-4471-B581-79784A89675C}.Profile|x64.Build.0 = Release|Any CPU
		{0D4F3C14-B605-4471-B581-79784A89675C}.Release|Tegra-Android.ActiveCfg = Release|Any CPU
		{0D4F3C14-B605-4471-B581-79784A89675C}.Release|Win32.ActiveCfg = Release|Any CPU
		{0D4F3C14-B605-4471-B581-79784A89675C}.Release|Win32.Build.0 = Release|Any CPU
		{0D4F3C14-B605-4471-B581-79784A89675C}.Release|x64.ActiveCfg = Release|Any CPU
		{0D4F3C14-B605-4471-B581-79784A89675C}.Release|x64.Build.0 = Release|Any CPU
		{3835285C-9A30-41F3-A615-6C41D14F7074}.Debug|Tegra-Android.ActiveCfg = Debug|Tegra-Android
		{3835285C-9A30-41F3-A615-6C41D14F7074}.Debug|Tegra-Android.Build.0 = Debug|Tegra-Android
		{3835285C-9A30-41F3-A615-6C41D14F7074}.Debug|Win32.ActiveCfg = Debug|Win32
		{3835285C-9A30-41F3-A615-6C41D14F7074}.Debug|Win32.Build.0 = Debug|Win32
		{3835285C-9A30-41F3-A615-6C41D14F7074}.Debug|x64.ActiveCfg = Debug|x64
		{3835285C-9A30-41F3-A615-6C41D14F7074}.Debug|x64.Build.0 = Debug|x64
		{3835285C-9A30-41F3-A615-6C41D14F7074}.Profile|Tegra-Android.ActiveCfg = Profile|Tegra-Android
		{3835285C-9A30-41F3-A615-6C41D14F7074}.Profile|Tegra-Android.Build.0 = Profile|Tegra-Android
		{3835285C-9A30-41F3-A615-6C41D14F7074}.Profile|Win32.ActiveCfg = Profile|Win32
		{3835285C-9A30-41F3-A615-6C41D14F7074}.Profile|Win32.Build.0 = Profile|Win32
		{3835285C-9A30-41F3-A615-6C41D14F7074}.Profile|x64.ActiveCfg = Profile|x64
		{3835285C-9A30-41F3-A615-6C41D14F7074}.Profile|x64.Build.0 = Profile|x64
		{3835285C-9A30-41F3-A615-6C41D14F7074}.Release|Tegra-Android.ActiveCfg = Release|Tegra-Android
		{3835285C-9A30-41F3-A615-6C41D14F7074}.Release|Tegra-Android.Build.0 = Release|Tegra-Android
		{3835285C-9A30-41F3-A615-6C41D14F7074}.Release|Win32.ActiveCfg = Release|Win32
		{3835285C-9A30-41F3-A615-6C41D14F7074}.Release|Win32.Build.0 = Release|Win32
		{3835285C-9A30-41F3-A615-6C41D14F7074}.Release|x64.ActiveCfg = Release|x64
		{3835285C-9A30-41F3-A615-6C41D14F7074}.Release|x64.Build.0 = Release|x64
		{D0B45E37-A60C-C794-FFC6-36EB94DA74E1}.Debug|Tegra-Android.ActiveCfg = Debug|Tegra-Android
		{D0B45E37-A60C-C794-FFC6-36EB94DA74E1}.Debug|Tegra-Android.Build.0 = Debug|Tegra-Android
		{D0B45E37-A60C-C794-FFC6-36EB94DA74E1}.Debug|Win32.ActiveCfg = Debug|Win32
		{D0B45E37-A60C-C794-FFC6-36EB94DA74E1}.Debug|Win32.Build.0 = Debug|Win32
		{D0B45E37-A60C-C794-FFC6-36EB94DA74E1}.Debug|x64.ActiveCfg = Debug|x64
		{D0B45E37-A60C-C794-FFC6-36EB94DA74E1}.Debug|x64.Build.0 = Debug|x64
		{D0B45E37-A60C-C794-FFC6-36EB94DA74E1}.Profile|Tegra-Android.ActiveCfg = Profile|Tegra-Android
		{D0B45E37-A60C-C794-FFC6-36EB94DA74E1}.Profile|Tegra-Android.Build.0 = Profile|Tegra-Android
		{D0B45E37-A60C-C794-FFC6-36EB94DA74E1}.Profile|Win32.ActiveCfg = Profile|Win32
		{D0B45E37-A60C-C794-FFC6-36EB94DA74E1}.Profile|Win32.Build.0 = Profile|Win32
		{D0B45E37-A60C-C794-FFC6-36EB94DA74E1}.Profile|x64.ActiveCfg = Profile|x64
		{D0B45E37-A60C-C794-FFC6-36EB94DA74E1}.Profile|x64.Build.0 = Profile|x64
		{D0B45E37-A60C-C794-FFC6-36EB94DA74E1}.Release|Tegra-Android.ActiveCfg = Release|Tegra-Android
		{D0B45E37-A60C-C794-FFC6-36EB94DA74E1}.Release|Tegra-Android.Build.0 = Release|Tegra-Android
		{D0B45E37-A60C-C794-FFC6-36EB94DA74E1}.Release|Win32.ActiveCfg = Release|Win32
		{D0B45E37-A60C-C794-FFC6-36EB94DA74E1}.Release|Win32.Build.0 = Release|Win32
		{D0B45E37-A60C-C794-FFC6-36EB94DA74E1}.Release|x64.ActiveCfg = Release|x64
		{D0B45E37-A60C-C794-FFC6-36EB94DA74E1}.Release|x64.Build.0 = Release|x64
		{78B079BD-9FC7-4B9E-B4A6-96DA0F00248B}.Debug|Tegra-Android.ActiveCfg = Debug|x64
		{78B079BD-9FC7-4B9E-B4A6-96DA0F00248B}.Debug|Win32.ActiveCfg = Debug|Win32
		{78B079BD-9FC7-4B9E-B4A6-96DA0F00248B}.Debug|Win32.Build.0 = Debug|Win32
		{78B079BD-9FC7-4B9E-B4A6-96DA0F00248B}.Debug|x64.ActiveCfg = Debug|x64
		{78B079BD-9FC7-4B9E-B4A6-96DA0F00248B}.Debug|x64.Build.0 = Debug|x64
		{78B079BD-9FC7-4B9E-B4A6-96DA0F00248B}.Profile|Tegra-Android.ActiveCfg = Release Singlethreaded|x64
		{78B079BD-9FC7-4B9E-B4A6-96DA0F00248B}.Profile|Win32.ActiveCfg = Release Multithreaded|Win32
		{78B079BD-9FC7-4B9E-B4A6-96DA0F00248B}.Profile|Win32.Build.0 = Release Multithreaded|Win32
		{78B079BD-9FC7-4B9E-B4A6-96DA0F00248B}.Profile|x64.ActiveCfg = Release Multithreaded|x64
		{78B079BD-9FC7-4B9E-B4A6-96DA0F00248B}.Profile|x64.Build.0 = Release Multithreaded|x64
		{78B079BD-9FC7-4B9E-B4A6-96DA0F00248B}.Release|Tegra-Android.ActiveCfg = Release|x64
		{78B079BD-9FC7-4B9E-B4A6-96DA0F00248B}.Release|Win32.ActiveCfg = Release Multithreaded|Win32
		{78B079BD-9FC7-4B9E-B4A6-96DA0F00248B}.Release|Win32.Build.0 = Release Multithreaded|Win32
		{78B079BD-9FC7-4B9E-B4A6-96DA0F00248B}.Release|x64.ActiveCfg = Release Multithreaded|x64
		{78B079BD-9FC7-4B9E-B4A6-96DA0F00248B}.Release|x64.Build.0 = Release Multithreaded|x64
		{C6F14090-65B3-A158-A259-80284609A288}.Debug|Tegra-Android.ActiveCfg = Debug|Tegra-Android
		{C6F14090-65B3-A158-A259-80284609A288}.Debug|Tegra-Android.Build.0 = Debug|Tegra-Android
		{C6F14090-65B3-A158-A259-80284609A288}.Debug|Win32.ActiveCfg = Debug|Win32
		{C6F14090-65B3-A158-A259-80284609A288}.Debug|Win32.Build.0 = Debug|Win32
		{C6F14090-65B3-A158-A259-80284609A288}.Debug|x64.ActiveCfg = Debug|x64
		{C6F14090-65B3-A158-A259-80284609A288}.Debug|x64.Build.0 = Debug|x64
		{C6F14090-65B3-A158-A259-80284609A288}.Profile|Tegra-Android.ActiveCfg = Profile|Tegra-Android
		{C6F14090-65B3-A158-A259-80284609A288}.Profile|Tegra-Android.Build.0 = Profile|Tegra-Android
		{C6F14090-65B3-A158-A259-80284609A288}.Profile|Win32.ActiveCfg = Profile|Win32
		{C6F14090-65B3-A158-A259-80284609A288}.Profile|Win32.Build.0 = Profile|Win32
		{C6F14090-65B3-A158-A259-80284609A288}.Profile|x64.ActiveCfg = Profile|x64
		{C6F14090-65B3-A158-A259-80284609A288}.Profile|x64.Build.0 = Profile|x64
		{C6F14090-65B3-A158-A259-80284609A288}.Release|Tegra-Android.ActiveCfg = Release|Tegra-Android
		{C6F14090-65B3-A158-A259-80284609A288}.Release|Tegra-Android.Build.0 = Release|Tegra-Android
		{C6F14090-65B3-A158-A259-80284609A288}.Release|Win32.ActiveCfg = Release|Win32
		{C6F14090-65B3-A158-A259-80284609A288}.Release|Win32.Build.0 = Release|Win32
		{C6F14090-65B3-A158-A259-80284609A288}.Release|x64.ActiveCfg = Release|x64
		{C6F14090-65B3-A158-A259-80284609A288}.Release|x64.Build.0 = Release|x64
		{0F0FE03A-78F3-4B34-9DCE-0CDFF1FB5C40}.Debug|Tegra-Android.ActiveCfg = Debug|x64
		{0F0FE03A-78F3-4B34-9DCE-0CDFF1FB5C40}.Debug|Win32.ActiveCfg = Debug|Win32
		{0F0FE03A-78F3-4B34-9DCE-0CDFF1FB5C40}.Debug|Win32.Build.0 = Debug|Win32
		{0F0FE03A-78F3-4B34-9DCE-0CDFF1FB5C40}.Debug|x64.ActiveCfg = Debug|x64
		{0F0FE03A-78F3-4B34-9DCE-0CDFF1FB5C40}.Debug|x64.Build.0 = Debug|x64
		{0F0FE03A-78F3-4B34-9DCE-0CDFF1FB5C40}.Profile|Tegra-Android.ActiveCfg = Template|x64
		{0F0FE03A-78F3-4B34-9DCE-0CDFF1FB5C40}.Profile|Win32.ActiveCfg = Release|Win32
		{0F0FE03A-78F3-4B34-9DCE-0CDFF1FB5C40}.Profile|Win32.Build.0 = Release|Win32
		{0F0FE03A-78F3-4B34-9DCE-0CDFF1FB5C40}.Profile|x64.ActiveCfg = Release|x64
		{0F0FE03A-78F3-4B34-9DCE-0CDFF1FB5C40}.Profile|x64.Build.0 = Release|x64
		{0F0FE03A-78F3-4B34-9DCE-0CDFF1FB5C40}.Release|Tegra-Android.ActiveCfg = Release|x64
		{0F0FE03A-78F3-4B34-9DCE-0CDFF1FB5C40}.Release|Win32.ActiveCfg = Release|Win32
		{0F0FE03A-78F3-4B34-9DCE-0CDFF1FB5C40}.Release|Win32.Build.0 = Release|Win32
		{0F0FE03A-78F3-4B34-9DCE-0CDFF1FB5C40}.Release|x64.ActiveCfg = Release|x64
		{0F0FE03A-78F3-4B34-9DCE-0CDFF1FB5C40}.Release|x64.Build.0 = Release|x64
		{8188BB13-0B12-C110-2A31-515435FD3BB5}.Debug|Tegra-Android.ActiveCfg = Debug|Tegra-Android
		{8188BB13-0B12-C110-2A31-515435FD3BB5}.Debug|Tegra-Android.Build.0 = Debug|Tegra-Android
		{8188BB13-0B12-C110-2A31-515435FD3BB5}.Debug|Win32.ActiveCfg = Debug-DX11|Win32
		{8188BB13-0B12-C110-2A31-515435FD3BB5}.Debug|Win32.Build.0 = Debug-DX11|Win32
		{8188BB13-0B12-C110-2A31-515435FD3BB5}.Debug|x64.ActiveCfg = Debug-DX11|x64
		{8188BB13-0B12-C110-2A31-515435FD3BB5}.Debug|x64.Build.0 = Debug-DX11|x64
		{8188BB13-0B12-C110-2A31-515435FD3BB5}.Profile|Tegra-Android.ActiveCfg = Profile|Tegra-Android
		{8188BB13-0B12-C110-2A31-515435FD3BB5}.Profile|Tegra-Android.Build.0 = Profile|Tegra-Android
		{8188BB13-0B12-C110-2A31-515435FD3BB5}.Profile|Win32.ActiveCfg = Profile-DX11|Win32
		{8188BB13-0B12-C110-2A31-515435FD3BB5}.Profile|Win32.Build.0 = Profile-DX11|Win32
		{8188BB13-0B12-C110-2A31-515435FD3BB5}.Profile|x64.ActiveCfg = Profile-DX11|x64
		{8188BB13-0B12-C110-2A31-515435FD3BB5}.Profile|x64.Build.0 = Profile-DX11|x64
		{8188BB13-0B12-C110-2A31-515435FD3BB5}.Release|Tegra-Android.ActiveCfg = Release|Tegra-Android
		{8188BB13-0B12-C110-2A31-515435FD3BB5}.Release|Tegra-Android.Build.0 = Release|Tegra-Android
		{8188BB13-0B12-C110-2A31-515435FD3BB5}.Release|Win32.ActiveCfg = Release-DX11|Win32
		{8188BB13-0B12-C110-2A31-515435FD3BB5}.Release|Win32.Build.0 = Release-DX11|Win32
		{8188BB13-0B12-C110-2A31-515435FD3BB5}.Release|x64.ActiveCfg = Release-DX11|x64
		{8188BB13-0B12-C110-2A31-515435FD3BB5}.Release|x64.Build.0 = Release-DX11|x64
		{E1E9A4C1-97A8-44B7-8279-D287313C5B6B}.Debug|Tegra-Android.ActiveCfg = Debug|Win32
		{E1E9A4C1-97A8-44B7-8279-D287313C5B6B}.Debug|Win32.ActiveCfg = Debug|Win32
		{E1E9A4C1-97A8-44B7-8279-D287313C5B6B}.Debug|Win32.Build.0 = Debug|Win32
		{E1E9A4C1-97A8-44B7-8279-D287313C5B6B}.Debug|x64.ActiveCfg = Debug|x64
		{E1E9A4C1-97A8-44B7-8279-D287313C5B6B}.Debug|x64.Build.0 = Debug|x64
		{E1E9A4C1-97A8-44B7-8279-D287313C5B6B}.Profile|Tegra-Android.ActiveCfg = Release|Win32
		{E1E9A4C1-97A8-44B7-8279-D287313C5B6B}.Profile|Win32.ActiveCfg = Release|Win32
		{E1E9A4C1-97A8-44B7-8279-D287313C5B6B}.Profile|Win32.Build.0 = Release|Win32
		{E1E9A4C1-97A8-44B7-8279-D287313C5B6B}.Profile|x64.ActiveCfg = Release|x64
		{E1E9A4C1-97A8-44B7-8279-D287313C5B6B}.Profile|x64.Build.0 = Release|x64
		{E1E9A4C1-97A8-44B7-8279-D287313C5B6B}.Release|Tegra-Android.ActiveCfg = Release|Win32
		{E1E9A4C1-97A8-44B7-8279-D287313C5B6B}.Release|Win32.ActiveCfg = Release|Win32
		{E1E9A4C1-97A8-44B7-8279-D287313C5B6B}.Release|Win32.Build.0 = Release|Win32
		{E1E9A4C1-97A8-44B7-8279-D287313C5B6B}.Release|x64.ActiveCfg = Release|x64
		{E1E9A4C1-97A8-44B7-8279-D287313C5B6B}.Release|x64.Build.0 = Release|x64
		{39EA3939-2098-42CF-8F3A-E3D13BDB546B}.Debug|Tegra-Android.ActiveCfg = Debug|x64
		{39EA3939-2098-42CF-8F3A-E3D13BDB546B}.Debug|Win32.ActiveCfg = Debug|Win32
		{39EA3939-2098-42CF-8F3A-E3D13BDB546B}.Debug|Win32.Build.0 = Debug|Win32
		{39EA3939-2098-42CF-8F3A-E3D13BDB546B}.Debug|x64.ActiveCfg = Debug|x64
		{39EA3939-2098-42CF-8F3A-E3D13BDB546B}.Debug|x64.Build.0 = Debug|x64
		{39EA3939-2098-42CF-8F3A-E3D13BDB546B}.Profile|Tegra-Android.ActiveCfg = Release|x64
		{39EA3939-2098-42CF-8F3A-E3D13BDB546B}.Profile|Win32.ActiveCfg = Release|Win32
		{39EA3939-2098-42CF-8F3A-E3D13BDB546B}.Profile|Win32.Build.0 = Release|Win32
		{39EA3939-2098-42CF-8F3A-E3D13BDB546B}.Profile|x64.ActiveCfg = Release|x64
		{39EA3939-2098-42CF-8F3A-E3D13BDB546B}.Profile|x64.Build.0 = Release|x64
		{39EA3939-2098-42CF-8F3A-E3D13BDB546B}.Release|Tegra-Android.ActiveCfg = Release|x64
		{39EA3939-2098-42CF-8F3A-E3D13BDB546B}.Release|Win32.ActiveCfg = Release|Win32
		{39EA3939-2098-42CF-8F3A-E3D13BDB546B}.Release|Win32.Build.0 = Release|Win32
		{39EA3939-2098-42CF-8F3A-E3D13BDB546B}.Release|x64.ActiveCfg = Release|x64
		{39EA3939-2098-42CF-8F3A-E3D13BDB546B}.Release|x64.Build.0 = Release|x64
		{985D4936-5CC2-4E43-8B9A-A5F8B4D2CEB3}.Debug|Tegra-Android.ActiveCfg = Debug|Win32
		{985D4936-5CC2-4E43-8B9A-A5F8B4D2CEB3}.Debug|Win32.ActiveCfg = Debug|Win32
		{985D4936-5CC2-4E43-8B9A-A5F8B4D2CEB3}.Debug|Win32.Build.0 = Debug|Win32
		{985D4936-5CC2-4E43-8B9A-A5F8B4D2CEB3}.Debug|x64.ActiveCfg = Debug|x64
		{985D4936-5CC2-4E43-8B9A-A5F8B4D2CEB3}.Debug|x64.Build.0 = Debug|x64
		{985D4936-5CC2-4E43-8B9A-A5F8B4D2CEB3}.Profile|Tegra-Android.ActiveCfg = Release|Win32
		{985D4936-5CC2-4E43-8B9A-A5F8B4D2CEB3}.Profile|Win32.ActiveCfg = Release|Win32
		{985D4936-5CC2-4E43-8B9A-A5F8B4D2CEB3}.Profile|Win32.Build.0 = Release|Win32
		{985D4936-5CC2-4E43-8B9A-A5F8B4D2CEB3}.Profile|x64.ActiveCfg = Release|Win32
		{985D4936-5CC2-4E43-8B9A-A5F8B4D2CEB3}.Release|Tegra-Android.ActiveCfg = Release|Win32
		{985D4936-5CC2-4E43-8B9A-A5F8B4D2CEB3}.Release|Win32.ActiveCfg = Release|Win32
		{985D4936-5CC2-4E43-8B9A-A5F8B4D2CEB3}.Release|Win32.Build.0 = Release|Win32
		{985D4936-5CC2-4E43-8B9A-A5F8B4D2CEB3}.Release|x64.ActiveCfg = Release|Win32
		{2515AD98-AE67-49D3-96A0-2E4A2D8CB4B8}.Debug|Tegra-Android.ActiveCfg = Debug|Win32
		{2515AD98-AE67-49D3-96A0-2E4A2D8CB4B8}.Debug|Win32.ActiveCfg = Debug|Win32
		{2515AD98-AE67-49D3-96A0-2E4A2D8CB4B8}.Debug|Win32.Build.0 = Debug|Win32
		{2515AD98-AE67-49D3-96A0-2E4A2D8CB4B8}.Debug|x64.ActiveCfg = Debug|x64
		{2515AD98-AE67-49D3-96A0-2E4A2D8CB4B8}.Debug|x64.Build.0 = Debug|x64
		{2515AD98-AE67-49D3-96A0-2E4A2D8CB4B8}.Profile|Tegra-Android.ActiveCfg = Profile|Win32
		{2515AD98-AE67-49D3-96A0-2E4A2D8CB4B8}.Profile|Win32.ActiveCfg = Profile|Win32
		{2515AD98-AE67-49D3-96A0-2E4A2D8CB4B8}.Profile|Win32.Build.0 = Profile|Win32
		{2515AD98-AE67-49D3-96A0-2E4A2D8CB4B8}.Profile|x64.ActiveCfg = Profile|x64
		{2515AD98-AE67-49D3-96A0-2E4A2D8CB4B8}.Profile|x64.Build.0 = Profile|x64
		{2515AD98-AE67-49D3-96A0-2E4A2D8CB4B8}.Release|Tegra-Android.ActiveCfg = Release|Win32
		{2515AD98-AE67-49D3-96A0-2E4A2D8CB4B8}.Release|Win32.ActiveCfg = Release|Win32
		{2515AD98-AE67-49D3-96A0-2E4A2D8CB4B8}.Release|Win32.Build.0 = Release|Win32
		{2515AD98-AE67-49D3-96A0-2E4A2D8CB4B8}.Release|x64.ActiveCfg = Release|x64
		{2515AD98-AE67-49D3-96A0-2E4A2D8CB4B8}.Release|x64.Build.0 = Release|x64
		{06F6B39A-1EDA-4ABF-B120-1F885562FE16}.Debug|Tegra-Android.ActiveCfg = Debug|x86
		{06F6B39A-1EDA-4ABF-B120-1F885562FE16}.Debug|Win32.ActiveCfg = Debug|x86
		{06F6B39A-1EDA-4ABF-B120-1F885562FE16}.Debug|Win32.Build.0 = Debug|x86
		{06F6B39A-1EDA-4ABF-B120-1F885562FE16}.Debug|x64.ActiveCfg = Debug|x64
		{06F6B39A-1EDA-4ABF-B120-1F885562FE16}.Debug|x64.Build.0 = Debug|x64
		{06F6B39A-1EDA-4ABF-B120-1F885562FE16}.Profile|Tegra-Android.ActiveCfg = Release|x86
		{06F6B39A-1EDA-4ABF-B120-1F885562FE16}.Profile|Win32.ActiveCfg = Release|x86
		{06F6B39A-1EDA-4ABF-B120-1F885562FE16}.Profile|Win32.Build.0 = Release|x86
		{06F6B39A-1EDA-4ABF-B120-1F885562FE16}.Profile|x64.ActiveCfg = Release|x64
		{06F6B39A-1EDA-4ABF-B120-1F885562FE16}.Profile|x64.Build.0 = Release|x64
		{06F6B39A-1EDA-4ABF-B120-1F885562FE16}.Release|Tegra-Android.ActiveCfg = Release|x86
		{06F6B39A-1EDA-4ABF-B120-1F885562FE16}.Release|Win32.ActiveCfg = Release|x86
		{06F6B39A-1EDA-4ABF-B120-1F885562FE16}.Release|Win32.Build.0 = Release|x86
		{06F6B39A-1EDA-4ABF-B120-1F885562FE16}.Release|x64.ActiveCfg = Release|x64
		{06F6B39A-1EDA-4ABF-B120-1F885562FE16}.Release|x64.Build.0 = Release|x64
		{7DA4D304-37A9-4CD2-B30E-032B1C92A14E}.Debug|Tegra-Android.ActiveCfg = Debug|x64
		{7DA4D304-37A9-4CD2-B30E-032B1C92A14E}.Debug|Win32.ActiveCfg = Debug|x64
		{7DA4D304-37A9-4CD2-B30E-032B1C92A14E}.Debug|x64.ActiveCfg = Debug|x64
		{7DA4D304-37A9-4CD2-B30E-032B1C92A14E}.Debug|x64.Build.0 = Debug|x64
		{7DA4D304-37A9-4CD2-B30E-032B1C92A14E}.Profile|Tegra-Android.ActiveCfg = Release|x64
		{7DA4D304-37A9-4CD2-B30E-032B1C92A14E}.Profile|Win32.ActiveCfg = Release|x64
		{7DA4D304-37A9-4CD2-B30E-032B1C92A14E}.Profile|x64.ActiveCfg = Release|x64
		{7DA4D304-37A9-4CD2-B30E-032B1C92A14E}.Profile|x64.Build.0 = Release|x64
		{7DA4D304-37A9-4CD2-B30E-032B1C92A14E}.Release|Tegra-Android.ActiveCfg = Release|x64
		{7DA4D304-37A9-4CD2-B30E-032B1C92A14E}.Release|Win32.ActiveCfg = Release|x64
		{7DA4D304-37A9-4CD2-B30E-032B1C92A14E}.Release|x64.ActiveCfg = Release|x64
		{7DA4D304-37A9-4CD2-B30E-032B1C92A14E}.Release|x64.Build.0 = Release|x64
		{8FDEBB1D-43B9-4922-AD51-4E58A0D71FBC}.Debug|Tegra-Android.ActiveCfg = Debug|x64
		{8FDEBB1D-43B9-4922-AD51-4E58A0D71FBC}.Debug|Win32.ActiveCfg = Debug|x64
		{8FDEBB1D-43B9-4922-AD51-4E58A0D71FBC}.Debug|x64.ActiveCfg = Debug|x64
		{8FDEBB1D-43B9-4922-AD51-4E58A0D71FBC}.Debug|x64.Build.0 = Debug|x64
		{8FDEBB1D-43B9-4922-AD51-4E58A0D71FBC}.Profile|Tegra-Android.ActiveCfg = Release|x64
		{8FDEBB1D-43B9-4922-AD51-4E58A0D71FBC}.Profile|Win32.ActiveCfg = Release|x64
		{8FDEBB1D-43B9-4922-AD51-4E58A0D71FBC}.Profile|x64.ActiveCfg = Release|x64
		{8FDEBB1D-43B9-4922-AD51-4E58A0D71FBC}.Profile|x64.Build.0 = Release|x64
		{8FDEBB1D-43B9-4922-AD51-4E58A0D71FBC}.Release|Tegra-Android.ActiveCfg = Release|x64
		{8FDEBB1D-43B9-4922-AD51-4E58A0D71FBC}.Release|Win32.ActiveCfg = Release|x64
		{8FDEBB1D-43B9-4922-AD51-4E58A0D71FBC}.Release|x64.ActiveCfg = Release|x64
		{8FDEBB1D-43B9-4922-AD51-4E58A0D71FBC}.Release|x64.Build.0 = Release|x64
		{F47F1B0A-AE7C-482A-BAF8-D47A6B09B817}.Debug|Tegra-Android.ActiveCfg = Debug|Tegra-Android
		{F47F1B0A-AE7C-482A-BAF8-D47A6B09B817}.Debug|Tegra-Android.Build.0 = Debug|Tegra-Android
		{F47F1B0A-AE7C-482A-BAF8-D47A6B09B817}.Debug|Win32.ActiveCfg = Debug|Win32
		{F47F1B0A-AE7C-482A-BAF8-D47A6B09B817}.Debug|Win32.Build.0 = Debug|Win32
		{F47F1B0A-AE7C-482A-BAF8-D47A6B09B817}.Debug|x64.ActiveCfg = Debug|x64
		{F47F1B0A-AE7C-482A-BAF8-D47A6B09B817}.Debug|x64.Build.0 = Debug|x64
		{F47F1B0A-AE7C-482A-BAF8-D47A6B09B817}.Profile|Tegra-Android.ActiveCfg = Profile|Tegra-Android
		{F47F1B0A-AE7C-482A-BAF8-D47A6B09B817}.Profile|Tegra-Android.Build.0 = Profile|Tegra-Android
		{F47F1B0A-AE7C-482A-BAF8-D47A6B09B817}.Profile|Win32.ActiveCfg = Profile|Win32
		{F47F1B0A-AE7C-482A-BAF8-D47A6B09B817}.Profile|Win32.Build.0 = Profile|Win32
		{F47F1B0A-AE7C-482A-BAF8-D47A6B09B817}.Profile|x64.ActiveCfg = Profile|x64
		{F47F1B0A-AE7C-482A-BAF8-D47A6B09B817}.Profile|x64.Build.0 = Profile|x64
		{F47F1B0A-AE7C-482A-BAF8-D47A6B09B817}.Release|Tegra-Android.ActiveCfg = Release|Tegra-Android
		{F47F1B0A-AE7C-482A-BAF8-D47A6B09B817}.Release|Tegra-Android.Build.0 = Release|Tegra-Android
		{F47F1B0A-AE7C-482A-BAF8-D47A6B09B817}.Release|Win32.ActiveCfg = Release|Win32
		{F47F1B0A-AE7C-482A-BAF8-D47A6B09B817}.Release|Win32.Build.0 = Release|Win32
		{F47F1B0A-AE7C-482A-BAF8-D47A6B09B817}.Release|x64.ActiveCfg = Release|x64
		{F47F1B0A-AE7C-482A-BAF8-D47A6B09B817}.Release|x64.Build.0 = Release|x64
		{B7539653-6E9C-4493-8023-D4A2BFFCD8E2}.Debug|Tegra-Android.ActiveCfg = Debug|x86
		{B7539653-6E9C-4493-8023-D4A2BFFCD8E2}.Debug|Win32.ActiveCfg = Debug|x86
		{B7539653-6E9C-4493-8023-D4A2BFFCD8E2}.Debug|Win32.Build.0 = Debug|x86
		{B7539653-6E9C-4493-8023-D4A2BFFCD8E2}.Debug|x64.ActiveCfg = Debug|x64
		{B7539653-6E9C-4493-8023-D4A2BFFCD8E2}.Debug|x64.Build.0 = Debug|x64
		{B7539653-6E9C-4493-8023-D4A2BFFCD8E2}.Profile|Tegra-Android.ActiveCfg = Release|x86
		{B7539653-6E9C-4493-8023-D4A2BFFCD8E2}.Profile|Win32.ActiveCfg = Release|x86
		{B7539653-6E9C-4493-8023-D4A2BFFCD8E2}.Profile|Win32.Build.0 = Release|x86
		{B7539653-6E9C-4493-8023-D4A2BFFCD8E2}.Profile|x64.ActiveCfg = Release|x64
		{B7539653-6E9C-4493-8023-D4A2BFFCD8E2}.Profile|x64.Build.0 = Release|x64
		{B7539653-6E9C-4493-8023-D4A2BFFCD8E2}.Release|Tegra-Android.ActiveCfg = Release|x86
		{B7539653-6E9C-4493-8023-D4A2BFFCD8E2}.Release|Win32.ActiveCfg = Release|x86
		{B7539653-6E9C-4493-8023-D4A2BFFCD8E2}.Release|Win32.Build.0 = Release|x86
		{B7539653-6E9C-4493-8023-D4A2BFFCD8E2}.Release|x64.ActiveCfg = Release|x64
		{B7539653-6E9C-4493-8023-D4A2BFFCD8E2}.Release|x64.Build.0 = Release|x64
		{A3EC21DB-3586-490F-B30B-5DA403D908B5}.Debug|Tegra-Android.ActiveCfg = Debug|Tegra-Android
		{A3EC21DB-3586-490F-B30B-5DA403D908B5}.Debug|Tegra-Android.Build.0 = Debug|Tegra-Android
		{A3EC21DB-3586-490F-B30B-5DA403D908B5}.Debug|Win32.ActiveCfg = Debug|Win32
		{A3EC21DB-3586-490F-B30B-5DA403D908B5}.Debug|Win32.Build.0 = Debug|Win32
		{A3EC21DB-3586-490F-B30B-5DA403D908B5}.Debug|x64.ActiveCfg = Debug|x64
		{A3EC21DB-3586-490F-B30B-5DA403D908B5}.Debug|x64.Build.0 = Debug|x64
		{A3EC21DB-3586-490F-B30B-5DA403D908B5}.Profile|Tegra-Android.ActiveCfg = Profile|Tegra-Android
		{A3EC21DB-3586-490F-B30B-5DA403D908B5}.Profile|Tegra-Android.Build.0 = Profile|Tegra-Android
		{A3EC21DB-3586-490F-B30B-5DA403D908B5}.Profile|Win32.ActiveCfg = Profile|Win32
		{A3EC21DB-3586-490F-B30B-5DA403D908B5}.Profile|Win32.Build.0 = Profile|Win32
		{A3EC21DB-3586-490F-B30B-5DA403D908B5}.Profile|x64.ActiveCfg = Profile|x64
		{A3EC21DB-3586-490F-B30B-5DA403D908B5}.Profile|x64.Build.0 = Profile|x64
		{A3EC21DB-3586-490F-B30B-5DA403D908B5}.Release|Tegra-Android.ActiveCfg = Release|Tegra-Android
		{A3EC21DB-3586-490F-B30B-5DA403D908B5}.Release|Tegra-Android.Build.0 = Release|Tegra-Android
		{A3EC21DB-3586-490F-B30B-5DA403D908B5}.Release|Win32.ActiveCfg = Release|Win32
		{A3EC21DB-3586-490F-B30B-5DA403D908B5}.Release|Win32.Build.0 = Release|Win32
		{A3EC21DB-3586-490F-B30B-5DA403D908B5}.Release|x64.ActiveCfg = Release|x64
		{A3EC21DB-3586-490F-B30B-5DA403D908B5}.Release|x64.Build.0 = Release|x64
		{8333F974-4932-460E-8551-EF88D2B7DB79}.Debug|Tegra-Android.ActiveCfg = Debug|x64
		{8333F974-4932-460E-8551-EF88D2B7DB79}.Debug|Win32.ActiveCfg = Debug|x64
		{8333F974-4932-460E-8551-EF88D2B7DB79}.Debug|x64.ActiveCfg = Debug|x64
		{8333F974-4932-460E-8551-EF88D2B7DB79}.Debug|x64.Build.0 = Debug|x64
		{8333F974-4932-460E-8551-EF88D2B7DB79}.Profile|Tegra-Android.ActiveCfg = Release|x64
		{8333F974-4932-460E-8551-EF88D2B7DB79}.Profile|Win32.ActiveCfg = Release|x64
		{8333F974-4932-460E-8551-EF88D2B7DB79}.Profile|x64.ActiveCfg = Release|x64
		{8333F974-4932-460E-8551-EF88D2B7DB79}.Profile|x64.Build.0 = Release|x64
		{8333F974-4932-460E-8551-EF88D2B7DB79}.Release|Tegra-Android.ActiveCfg = Release|x64
		{8333F974-4932-460E-8551-EF88D2B7DB79}.Release|Win32.ActiveCfg = Release|x64
		{8333F974-4932-460E-8551-EF88D2B7DB79}.Release|x64.ActiveCfg = Release|x64
		{8333F974-4932-460E-8551-EF88D2B7DB79}.Release|x64.Build.0 = Release|x64
		{8EAAA859-349E-4605-A0AF-118017881212}.Debug|Tegra-Android.ActiveCfg = Debug|Any CPU
		{8EAAA859-349E-4605-A0AF-118017881212}.Debug|Win32.ActiveCfg = Debug|Any CPU
		{8EAAA859-349E-4605-A0AF-118017881212}.Debug|x64.ActiveCfg = Debug|Any CPU
		{8EAAA859-349E-4605-A0AF-118017881212}.Debug|x64.Build.0 = Debug|Any CPU
		{8EAAA859-349E-4605-A0AF-118017881212}.Profile|Tegra-Android.ActiveCfg = Release|Any CPU
		{8EAAA859-349E-4605-A0AF-118017881212}.Profile|Win32.ActiveCfg = Release|Any CPU
		{8EAAA859-349E-4605-A0AF-118017881212}.Profile|x64.ActiveCfg = Release|Any CPU
		{8EAAA859-349E-4605-A0AF-118017881212}.Profile|x64.Build.0 = Release|Any CPU
		{8EAAA859-349E-4605-A0AF-118017881212}.Release|Tegra-Android.ActiveCfg = Release|Any CPU
		{8EAAA859-349E-4605-A0AF-118017881212}.Release|Win32.ActiveCfg = Release|Any CPU
		{8EAAA859-349E-4605-A0AF-118017881212}.Release|x64.ActiveCfg = Release|Any CPU
		{8EAAA859-349E-4605-A0AF-118017881212}.Release|x64.Build.0 = Release|Any CPU
		{7626C65E-8DF3-42E0-B9CB-414561C50BC5}.Debug|Tegra-Android.ActiveCfg = Debug|Win32
		{7626C65E-8DF3-42E0-B9CB-414561C50BC5}.Debug|Win32.ActiveCfg = Debug|Win32
		{7626C65E-8DF3-42E0-B9CB-414561C50BC5}.Debug|Win32.Build.0 = Debug|Win32
		{7626C65E-8DF3-42E0-B9CB-414561C50BC5}.Debug|x64.ActiveCfg = Debug|x64
		{7626C65E-8DF3-42E0-B9CB-414561C50BC5}.Debug|x64.Build.0 = Debug|x64
		{7626C65E-8DF3-42E0-B9CB-414561C50BC5}.Profile|Tegra-Android.ActiveCfg = Release|Win32
		{7626C65E-8DF3-42E0-B9CB-414561C50BC5}.Profile|Win32.ActiveCfg = Release|Win32
		{7626C65E-8DF3-42E0-B9CB-414561C50BC5}.Profile|Win32.Build.0 = Release|Win32
		{7626C65E-8DF3-42E0-B9CB-414561C50BC5}.Profile|x64.ActiveCfg = Release|x64
		{7626C65E-8DF3-42E0-B9CB-414561C50BC5}.Profile|x64.Build.0 = Release|x64
		{7626C65E-8DF3-42E0-B9CB-414561C50BC5}.Release|Tegra-Android.ActiveCfg = Release|Win32
		{7626C65E-8DF3-42E0-B9CB-414561C50BC5}.Release|Win32.ActiveCfg = Release|Win32
		{7626C65E-8DF3-42E0-B9CB-414561C50BC5}.Release|Win32.Build.0 = Release|Win32
		{7626C65E-8DF3-42E0-B9CB-414561C50BC5}.Release|x64.ActiveCfg = Release|x64
		{7626C65E-8DF3-42E0-B9CB-414561C50BC5}.Release|x64.Build.0 = Release|x64
		{D66A223D-AEC0-472B-8BFC-2F3D1E93266D}.Debug|Tegra-Android.ActiveCfg = Debug|Tegra-Android
		{D66A223D-AEC0-472B-8BFC-2F3D1E93266D}.Debug|Tegra-Android.Build.0 = Debug|Tegra-Android
		{D66A223D-AEC0-472B-8BFC-2F3D1E93266D}.Debug|Win32.ActiveCfg = Debug|Win32
		{D66A223D-AEC0-472B-8BFC-2F3D1E93266D}.Debug|Win32.Build.0 = Debug|Win32
		{D66A223D-AEC0-472B-8BFC-2F3D1E93266D}.Debug|x64.ActiveCfg = Debug|x64
		{D66A223D-AEC0-472B-8BFC-2F3D1E93266D}.Debug|x64.Build.0 = Debug|x64
		{D66A223D-AEC0-472B-8BFC-2F3D1E93266D}.Profile|Tegra-Android.ActiveCfg = Profile|Tegra-Android
		{D66A223D-AEC0-472B-8BFC-2F3D1E93266D}.Profile|Tegra-Android.Build.0 = Profile|Tegra-Android
		{D66A223D-AEC0-472B-8BFC-2F3D1E93266D}.Profile|Win32.ActiveCfg = Profile|Win32
		{D66A223D-AEC0-472B-8BFC-2F3D1E93266D}.Profile|Win32.Build.0 = Profile|Win32
		{D66A223D-AEC0-472B-8BFC-2F3D1E93266D}.Profile|x64.ActiveCfg = Profile|x64
		{D66A223D-AEC0-472B-8BFC-2F3D1E93266D}.Profile|x64.Build.0 = Profile|x64
		{D66A223D-AEC0-472B-8BFC-2F3D1E93266D}.Release|Tegra-Android.ActiveCfg = Release|Tegra-Android
		{D66A223D-AEC0-472B-8BFC-2F3D1E93266D}.Release|Tegra-Android.Build.0 = Release|Tegra-Android
		{D66A223D-AEC0-472B-8BFC-2F3D1E93266D}.Release|Win32.ActiveCfg = Release|Win32
		{D66A223D-AEC0-472B-8BFC-2F3D1E93266D}.Release|Win32.Build.0 = Release|Win32
		{D66A223D-AEC0-472B-8BFC-2F3D1E93266D}.Release|x64.ActiveCfg = Release|x64
		{D66A223D-AEC0-472B-8BFC-2F3D1E93266D}.Release|x64.Build.0 = Release|x64
	EndGlobalSection
	GlobalSection(SolutionProperties) = preSolution
		HideSolutionNode = FALSE
	EndGlobalSection
	GlobalSection(NestedProjects) = preSolution
		{78B079BD-9FC7-4B9E-B4A6-96DA0F00248B} = {9DE15D5E-43CB-4076-B17D-86644B111D80}
		{9F01282B-6297-4F87-A309-287C2C574B76} = {9DE15D5E-43CB-4076-B17D-86644B111D80}
		{0F0FE03A-78F3-4B34-9DCE-0CDFF1FB5C40} = {9DE15D5E-43CB-4076-B17D-86644B111D80}
		{E4D5CFA9-07D2-5A61-9991-2186EB30F680} = {DF1932BF-7E8D-4EDA-90DA-91AA55C394EE}
		{E43E10B8-7CD4-A5D0-6270-17C50CB74ADF} = {DF1932BF-7E8D-4EDA-90DA-91AA55C394EE}
		{13D648DF-8842-9EF7-46C5-910550130776} = {DF1932BF-7E8D-4EDA-90DA-91AA55C394EE}
		{726E12F1-B69B-188D-390B-3A1E1889126D} = {DF1932BF-7E8D-4EDA-90DA-91AA55C394EE}
		{116FE083-50BC-1393-470F-F834EF6E02FF} = {DF1932BF-7E8D-4EDA-90DA-91AA55C394EE}
		{3FF60282-A22E-0BCD-B74D-4B52CD9E613B} = {DF1932BF-7E8D-4EDA-90DA-91AA55C394EE}
		{EBF600B7-B82E-483C-B0CE-C74BBC60DC9A} = {DF1932BF-7E8D-4EDA-90DA-91AA55C394EE}
		{8188BB13-0B12-C110-2A31-515435FD3BB5} = {DF1932BF-7E8D-4EDA-90DA-91AA55C394EE}
		{12A50BF4-5EB1-49B1-AE94-7E7E50E1D67B} = {4499699A-1391-4A3F-A22B-D436E66C1EEC}
		{B6F30004-5006-4A2B-94C1-EAB08C140F58} = {E7DC652E-A855-4E12-9C04-6F36B489FF74}
		{16CFD681-2D5D-47CF-BEC6-62B6E9D82303} = {E7DC652E-A855-4E12-9C04-6F36B489FF74}
		{E1E9A4C1-97A8-44B7-8279-D287313C5B6B} = {E7DC652E-A855-4E12-9C04-6F36B489FF74}
		{F5366E7A-70DB-4774-9EAF-2DED35D4DA94} = {E7DC652E-A855-4E12-9C04-6F36B489FF74}
		{F47F1B0A-AE7C-482A-BAF8-D47A6B09B817} = {E7DC652E-A855-4E12-9C04-6F36B489FF74}
		{B7539653-6E9C-4493-8023-D4A2BFFCD8E2} = {E7DC652E-A855-4E12-9C04-6F36B489FF74}
		{A3EC21DB-3586-490F-B30B-5DA403D908B5} = {E7DC652E-A855-4E12-9C04-6F36B489FF74}
		{382D4FF6-FE2B-4AE9-8FBA-0D5C44C105A7} = {B6F30004-5006-4A2B-94C1-EAB08C140F58}
		{E4CC63D8-127D-4BC9-80E0-CCB3E9DA06DC} = {B6F30004-5006-4A2B-94C1-EAB08C140F58}
		{39EA3939-2098-42CF-8F3A-E3D13BDB546B} = {B6F30004-5006-4A2B-94C1-EAB08C140F58}
		{D7818769-51D6-7FE8-161B-71F0F96A076F} = {B6F30004-5006-4A2B-94C1-EAB08C140F58}
		{0D4F3C14-B605-4471-B581-79784A89675C} = {16CFD681-2D5D-47CF-BEC6-62B6E9D82303}
		{E73BB233-D88B-44A7-A98F-D71EE158381D} = {16CFD681-2D5D-47CF-BEC6-62B6E9D82303}
		{3835285C-9A30-41F3-A615-6C41D14F7074} = {18FDF4B2-37E2-4DFF-B22B-566674160D0B}
		{D0B45E37-A60C-C794-FFC6-36EB94DA74E1} = {18FDF4B2-37E2-4DFF-B22B-566674160D0B}
		{C6F14090-65B3-A158-A259-80284609A288} = {18FDF4B2-37E2-4DFF-B22B-566674160D0B}
		{2515AD98-AE67-49D3-96A0-2E4A2D8CB4B8} = {18FDF4B2-37E2-4DFF-B22B-566674160D0B}
		{06F6B39A-1EDA-4ABF-B120-1F885562FE16} = {18FDF4B2-37E2-4DFF-B22B-566674160D0B}
		{D66A223D-AEC0-472B-8BFC-2F3D1E93266D} = {18FDF4B2-37E2-4DFF-B22B-566674160D0B}
		{8FDEBB1D-43B9-4922-AD51-4E58A0D71FBC} = {F5366E7A-70DB-4774-9EAF-2DED35D4DA94}
		{7DA4D304-37A9-4CD2-B30E-032B1C92A14E} = {F5366E7A-70DB-4774-9EAF-2DED35D4DA94}
		{8333F974-4932-460E-8551-EF88D2B7DB79} = {F5366E7A-70DB-4774-9EAF-2DED35D4DA94}
		{8EAAA859-349E-4605-A0AF-118017881212} = {F5366E7A-70DB-4774-9EAF-2DED35D4DA94}
		{7626C65E-8DF3-42E0-B9CB-414561C50BC5} = {F5366E7A-70DB-4774-9EAF-2DED35D4DA94}
	EndGlobalSection
EndGlobal
