Microsoft Visual Studio Solution File, Format Version 12.00
# Visual Studio 15
VisualStudioVersion = 15.0.27130.2010
MinimumVisualStudioVersion = 10.0.40219.1
Project("{8BC9CEB8-8B4A-11D0-8D11-00A0C91BC942}") = "PlatformRig", "..\PlatformRig\Project\PlatformRig.vcxproj", "{E3BE4078-FC62-469C-B9F7-2447C6F88A50}"
	ProjectSection(ProjectDependencies) = postProject
		{78B079BD-9FC7-4B9E-B4A6-96DA0F00248B} = {78B079BD-9FC7-4B9E-B4A6-96DA0F00248B}
	EndProjectSection
EndProject
Project("{8BC9CEB8-8B4A-11D0-8D11-00A0C91BC942}") = "Foreign", "..\Foreign\Project\Foreign.vcxproj", "{9F01282B-6297-4F87-A309-287C2C574B76}"
EndProject
Project("{8BC9CEB8-8B4A-11D0-8D11-00A0C91BC942}") = "RenderOverlays", "..\RenderOverlays\Project\RenderOverlays.vcxproj", "{726E12F1-B69B-188D-390B-3A1E1889126D}"
EndProject
Project("{8BC9CEB8-8B4A-11D0-8D11-00A0C91BC942}") = "BufferUploads", "..\BufferUploads\Project\BufferUploads.vcxproj", "{E4D5CFA9-07D2-5A61-9991-2186EB30F680}"
EndProject
Project("{8BC9CEB8-8B4A-11D0-8D11-00A0C91BC942}") = "Utility", "..\Utility\Project\Utility.vcxproj", "{6B8011C1-2D1F-1EBB-B0EF-377B2E8E87AE}"
EndProject
Project("{8BC9CEB8-8B4A-11D0-8D11-00A0C91BC942}") = "RenderCore_DX11", "..\RenderCore\Project\RenderCore_DX11.vcxproj", "{E43E10B8-7CD4-A5D0-6270-17C50CB74ADF}"
EndProject
Project("{8BC9CEB8-8B4A-11D0-8D11-00A0C91BC942}") = "RenderCore_OpenGLES", "..\RenderCore\Project\RenderCore_OpenGLES.vcxproj", "{13D648DF-8842-9EF7-46C5-910550130776}"
EndProject
Project("{2150E333-8FDC-42A3-9474-1A3956D46DE8}") = "Rendering", "Rendering", "{DF1932BF-7E8D-4EDA-90DA-91AA55C394EE}"
EndProject
Project("{2150E333-8FDC-42A3-9474-1A3956D46DE8}") = "Core", "Core", "{4499699A-1391-4A3F-A22B-D436E66C1EEC}"
	ProjectSection(SolutionItems) = preProject
		..\Core\Documentation.h = ..\Core\Documentation.h
		..\Core\Exceptions.h = ..\Core\Exceptions.h
		..\Core\Prefix.h = ..\Core\Prefix.h
		..\Core\SelectConfiguration.h = ..\Core\SelectConfiguration.h
		..\Core\Types.h = ..\Core\Types.h
	EndProjectSection
EndProject
Project("{8BC9CEB8-8B4A-11D0-8D11-00A0C91BC942}") = "RenderCore", "..\RenderCore\Project\RenderCore.vcxproj", "{116FE083-50BC-1393-470F-F834EF6E02FF}"
EndProject
Project("{8BC9CEB8-8B4A-11D0-8D11-00A0C91BC942}") = "Math", "..\Math\Project\Math.vcxproj", "{2E51AA64-7E29-CD4A-FB7F-BAC486A3575C}"
EndProject
Project("{2150E333-8FDC-42A3-9474-1A3956D46DE8}") = "WinAPI", "WinAPI", "{12A50BF4-5EB1-49B1-AE94-7E7E50E1D67B}"
	ProjectSection(SolutionItems) = preProject
		..\Core\WinAPI\IncludeWindows.h = ..\Core\WinAPI\IncludeWindows.h
	EndProjectSection
EndProject
Project("{8BC9CEB8-8B4A-11D0-8D11-00A0C91BC942}") = "ConsoleRig", "..\ConsoleRig\Project\ConsoleRig.vcxproj", "{587A5B72-36E9-FF50-36F4-C0E96BBFA841}"
EndProject
Project("{8BC9CEB8-8B4A-11D0-8D11-00A0C91BC942}") = "ColladaConversion", "..\ColladaConversion\Project\ColladaConversion.vcxproj", "{3FF60282-A22E-0BCD-B74D-4B52CD9E613B}"
EndProject
Project("{8BC9CEB8-8B4A-11D0-8D11-00A0C91BC942}") = "GraphLanguage", "..\ShaderParser\Project\ShaderParser.vcxproj", "{D7818769-51D6-7FE8-161B-71F0F96A076F}"
EndProject
Project("{2150E333-8FDC-42A3-9474-1A3956D46DE8}") = "Tools", "Tools", "{E7DC652E-A855-4E12-9C04-6F36B489FF74}"
EndProject
Project("{FAE04EC0-301F-11D3-BF4B-00C04F79EFBC}") = "HyperGraph", "..\Tools\HyperGraph\HyperGraph.csproj", "{E4CC63D8-127D-4BC9-80E0-CCB3E9DA06DC}"
EndProject
Project("{FAE04EC0-301F-11D3-BF4B-00C04F79EFBC}") = "Aga.Controls", "..\Foreign\TreeViewAdv-1.7.0.0\Aga.Controls\Aga.Controls.csproj", "{E73BB233-D88B-44A7-A98F-D71EE158381D}"
EndProject
Project("{8BC9CEB8-8B4A-11D0-8D11-00A0C91BC942}") = "SceneEngine", "..\SceneEngine\Project\SceneEngine.vcxproj", "{0A40E6ED-47CC-A08E-71C5-8A3515D81EAF}"
EndProject
Project("{8BC9CEB8-8B4A-11D0-8D11-00A0C91BC942}") = "RenderCore_Assets", "..\RenderCore\Project\RenderCore_Assets.vcxproj", "{EBF600B7-B82E-483C-B0CE-C74BBC60DC9A}"
EndProject
Project("{8BC9CEB8-8B4A-11D0-8D11-00A0C91BC942}") = "Assets", "..\Assets\Project\Assets.vcxproj", "{FFF83BE8-5136-7370-2EE8-298176BEA610}"
EndProject
Project("{2150E333-8FDC-42A3-9474-1A3956D46DE8}") = "ForeignTools", "ForeignTools", "{16CFD681-2D5D-47CF-BEC6-62B6E9D82303}"
EndProject
Project("{2150E333-8FDC-42A3-9474-1A3956D46DE8}") = "Samples", "Samples", "{18FDF4B2-37E2-4DFF-B22B-566674160D0B}"
EndProject
Project("{8BC9CEB8-8B4A-11D0-8D11-00A0C91BC942}") = "HelloWorld", "..\Samples\HelloWorld\Project\HelloWorld.vcxproj", "{D0B45E37-A60C-C794-FFC6-36EB94DA74E1}"
EndProject
Project("{8BC9CEB8-8B4A-11D0-8D11-00A0C91BC942}") = "freetype", "..\Foreign\FreeType\builds\windows\vc2010\freetype.vcxproj", "{78B079BD-9FC7-4B9E-B4A6-96DA0F00248B}"
EndProject
Project("{2150E333-8FDC-42A3-9474-1A3956D46DE8}") = "ForeignLibs", "ForeignLibs", "{9DE15D5E-43CB-4076-B17D-86644B111D80}"
EndProject
Project("{8BC9CEB8-8B4A-11D0-8D11-00A0C91BC942}") = "Environment", "..\Samples\Environment\Project\Environment.vcxproj", "{C6F14090-65B3-A158-A259-80284609A288}"
EndProject
Project("{8BC9CEB8-8B4A-11D0-8D11-00A0C91BC942}") = "C", "..\Foreign\Antlr-3.4\libantlr3c-3.4\C.vcxproj", "{0F0FE03A-78F3-4B34-9DCE-0CDFF1FB5C40}"
EndProject
Project("{8BC9CEB8-8B4A-11D0-8D11-00A0C91BC942}") = "RenderCore_Techniques", "..\RenderCore\Project\RenderCore_Techniques.vcxproj", "{8188BB13-0B12-C110-2A31-515435FD3BB5}"
EndProject
Project("{8BC9CEB8-8B4A-11D0-8D11-00A0C91BC942}") = "GUILayer", "..\Tools\GUILayer\Project\GUILayer.vcxproj", "{E1E9A4C1-97A8-44B7-8279-D287313C5B6B}"
EndProject
Project("{8BC9CEB8-8B4A-11D0-8D11-00A0C91BC942}") = "UnitTests", "..\UnitTests\Project\UnitTests.vcxproj", "{985D4936-5CC2-4E43-8B9A-A5F8B4D2CEB3}"
EndProject
Project("{FAE04EC0-301F-11D3-BF4B-00C04F79EFBC}") = "LevelEditor.vs2010", "..\Foreign\SonyLE\LevelEditor\LevelEditor.vs2010.csproj", "{7DA4D304-37A9-4CD2-B30E-032B1C92A14E}"
EndProject
Project("{FAE04EC0-301F-11D3-BF4B-00C04F79EFBC}") = "RenderingInterop.vs2010", "..\Foreign\SonyLE\LevelEditorNativeRendering\RenderingInterop.vs2010.csproj", "{8FDEBB1D-43B9-4922-AD51-4E58A0D71FBC}"
EndProject
Project("{8BC9CEB8-8B4A-11D0-8D11-00A0C91BC942}") = "ToolsRig", "..\Tools\ToolsRig\Project\ToolsRig.vcxproj", "{F47F1B0A-AE7C-482A-BAF8-D47A6B09B817}"
EndProject
Project("{2150E333-8FDC-42A3-9474-1A3956D46DE8}") = "SonyLE", "SonyLE", "{F5366E7A-70DB-4774-9EAF-2DED35D4DA94}"
EndProject
Project("{FAE04EC0-301F-11D3-BF4B-00C04F79EFBC}") = "ControlsLibrary", "..\Tools\ControlsLibrary\ControlsLibrary.csproj", "{B7539653-6E9C-4493-8023-D4A2BFFCD8E2}"
EndProject
Project("{8BC9CEB8-8B4A-11D0-8D11-00A0C91BC942}") = "EntityInterface", "..\Tools\EntityInterface\Project\EntityInterface.vcxproj", "{A3EC21DB-3586-490F-B30B-5DA403D908B5}"
EndProject
Project("{FAE04EC0-301F-11D3-BF4B-00C04F79EFBC}") = "LevelEditorXLE", "..\Foreign\SonyLE\LevelEditorXLE\LevelEditorXLE.csproj", "{8333F974-4932-460E-8551-EF88D2B7DB79}"
EndProject
Project("{FAE04EC0-301F-11D3-BF4B-00C04F79EFBC}") = "LevelEditorCore.vs2010", "..\Foreign\SonyLE\LevelEditorCore\LevelEditorCore.vs2010.csproj", "{8EAAA859-349E-4605-A0AF-118017881212}"
EndProject
Project("{8BC9CEB8-8B4A-11D0-8D11-00A0C91BC942}") = "XLEBridgeUtils", "..\Foreign\SonyLE\XLEBridgeUtils\Project\XLEBridgeUtils.vcxproj", "{7626C65E-8DF3-42E0-B9CB-414561C50BC5}"
EndProject
Project("{FAE04EC0-301F-11D3-BF4B-00C04F79EFBC}") = "IterativeSystemDebugger", "..\Samples\IterativeSystemDebugger\IterativeSystemDebugger.csproj", "{7CA8451F-13AD-433B-BABA-84B870B2D627}"
EndProject
Project("{8BC9CEB8-8B4A-11D0-8D11-00A0C91BC942}") = "TextureTransform", "..\Samples\TextureTransform\Project\TextureTransform.vcxproj", "{7B0CF4F1-A7C4-4E7D-B16A-24E23F0DFB12}"
EndProject
Project("{FAE04EC0-301F-11D3-BF4B-00C04F79EFBC}") = "NodeEditorCore", "..\Tools\NodeEditorCore\NodeEditorCore.csproj", "{788B1D28-29DD-4F5C-BF04-4A8D5866CDE5}"
EndProject
Project("{FAE04EC0-301F-11D3-BF4B-00C04F79EFBC}") = "MaterialTool", "..\Tools\MaterialTool\MaterialTool.csproj", "{FFA59DBC-FD8A-4738-B693-CD384478D73F}"
EndProject
Project("{FAE04EC0-301F-11D3-BF4B-00C04F79EFBC}") = "ControlsLibraryExt", "..\Tools\ControlsLibraryExt\ControlsLibraryExt.csproj", "{75AED629-A689-4EEA-8276-DF6F0FB0F94B}"
EndProject
Project("{FAE04EC0-301F-11D3-BF4B-00C04F79EFBC}") = "CustomTabControl", "..\Foreign\CustomTabControl\CustomTabControl.csproj", "{4DBFE2CF-45E4-4594-8E6A-5EBC2EEF85AE}"
EndProject
Project("{8BC9CEB8-8B4A-11D0-8D11-00A0C91BC942}") = "RenderCore_Vulkan", "..\RenderCore\Project\RenderCore_Vulkan.vcxproj", "{B7525B97-9195-416A-8019-ED7F239CF3E8}"
EndProject
Project("{8BC9CEB8-8B4A-11D0-8D11-00A0C91BC942}") = "Converter", "..\Samples\Converter\Project\Converter.vcxproj", "{BD081CBB-A7CD-47F3-A6A2-C72B72611326}"
EndProject
Project("{2150E333-8FDC-42A3-9474-1A3956D46DE8}") = "Solution Items", "Solution Items", "{A3823484-41C1-459E-8DD1-53C82E6DBF6A}"
	ProjectSection(SolutionItems) = preProject
		xle.natvis = xle.natvis
	EndProjectSection
EndProject
Project("{8BC9CEB8-8B4A-11D0-8D11-00A0C91BC942}") = "FixedFunctionModel", "..\FixedFunctionModel\Project\FixedFunctionModel.vcxproj", "{BE4B2816-52BA-4A12-AC28-D338DA574CD2}"
EndProject
Project("{8BC9CEB8-8B4A-11D0-8D11-00A0C91BC942}") = "NativeModelViewer", "..\Samples\NativeModelViewer\Project\NativeModelViewer.vcxproj", "{591F95DE-0196-4223-997E-B47EE796BE4F}"
EndProject
Project("{FAE04EC0-301F-11D3-BF4B-00C04F79EFBC}") = "Previewer", "..\Tools\Previewer\Previewer.csproj", "{88EC769E-BEF7-4F3B-A2FF-38BB6AE6C5C8}"
EndProject
Project("{2150E333-8FDC-42A3-9474-1A3956D46DE8}") = "Libraries", "Libraries", "{7EDD83F4-DB03-4D7E-81AC-DC3D711ACDB0}"
EndProject
Project("{8BC9CEB8-8B4A-11D0-8D11-00A0C91BC942}") = "UnitTestsMetal", "..\UnitTests\Project\UnitTestsMetal.vcxproj", "{CDD52A7F-4A25-4BA0-A35E-5725EC73546D}"
EndProject
Project("{D954291E-2A0B-460D-934E-DC6B0785DB48}") = "HyperGraphAdapter", "..\Tools\HyperGraphAdapter\HyperGraphAdapter.shproj", "{E4905621-8390-42E4-B1DC-B3B5E3F7BB00}"
EndProject
Project("{D954291E-2A0B-460D-934E-DC6B0785DB48}") = "AuthoringConcept", "..\Tools\AuthoringConcept\AuthoringConcept.shproj", "{5A5E22E4-9584-4B48-B095-A125471B05DA}"
EndProject
Project("{8BC9CEB8-8B4A-11D0-8D11-00A0C91BC942}") = "yoga", "..\Foreign\yoga\csharp\Yoga\Yoga.vcxproj", "{0446C86B-F47B-4C46-B673-C7AE0CFF35D5}"
EndProject
Project("{D954291E-2A0B-460D-934E-DC6B0785DB48}") = "Facebook.Yoga.Shared", "..\Foreign\yoga\csharp\Facebook.Yoga\Facebook.Yoga.Shared.shproj", "{91C42D32-291D-4B72-90B4-551663D60B8B}"
EndProject
Global
	GlobalSection(SharedMSBuildProjectFiles) = preSolution
		..\Tools\AuthoringConcept\AuthoringConcept.projitems*{5a5e22e4-9584-4b48-b095-a125471b05da}*SharedItemsImports = 13
		..\Foreign\yoga\csharp\Facebook.Yoga\Facebook.Yoga.Shared.projitems*{91c42d32-291d-4b72-90b4-551663d60b8b}*SharedItemsImports = 13
		..\Tools\HyperGraphAdapter\HyperGraphAdapter.projitems*{e4905621-8390-42e4-b1dc-b3b5e3f7bb00}*SharedItemsImports = 13
		..\Foreign\yoga\csharp\Facebook.Yoga\Facebook.Yoga.Shared.projitems*{ffa59dbc-fd8a-4738-b693-cd384478d73f}*SharedItemsImports = 4
		..\Tools\AuthoringConcept\AuthoringConcept.projitems*{ffa59dbc-fd8a-4738-b693-cd384478d73f}*SharedItemsImports = 4
		..\Tools\HyperGraphAdapter\HyperGraphAdapter.projitems*{ffa59dbc-fd8a-4738-b693-cd384478d73f}*SharedItemsImports = 4
	EndGlobalSection
	GlobalSection(SolutionConfigurationPlatforms) = preSolution
		Debug-DX11|Win32 = Debug-DX11|Win32
		Debug-DX11|x64 = Debug-DX11|x64
		Debug-Vulkan|Win32 = Debug-Vulkan|Win32
		Debug-Vulkan|x64 = Debug-Vulkan|x64
		Release-DX11|Win32 = Release-DX11|Win32
		Release-DX11|x64 = Release-DX11|x64
		Release-Vulkan|Win32 = Release-Vulkan|Win32
		Release-Vulkan|x64 = Release-Vulkan|x64
	EndGlobalSection
	GlobalSection(ProjectConfigurationPlatforms) = postSolution
		{E3BE4078-FC62-469C-B9F7-2447C6F88A50}.Debug-DX11|Win32.ActiveCfg = Debug|Win32
		{E3BE4078-FC62-469C-B9F7-2447C6F88A50}.Debug-DX11|Win32.Build.0 = Debug|Win32
		{E3BE4078-FC62-469C-B9F7-2447C6F88A50}.Debug-DX11|x64.ActiveCfg = Debug|x64
		{E3BE4078-FC62-469C-B9F7-2447C6F88A50}.Debug-DX11|x64.Build.0 = Debug|x64
		{E3BE4078-FC62-469C-B9F7-2447C6F88A50}.Debug-Vulkan|Win32.ActiveCfg = Debug|Win32
		{E3BE4078-FC62-469C-B9F7-2447C6F88A50}.Debug-Vulkan|Win32.Build.0 = Debug|Win32
		{E3BE4078-FC62-469C-B9F7-2447C6F88A50}.Debug-Vulkan|x64.ActiveCfg = Debug|x64
		{E3BE4078-FC62-469C-B9F7-2447C6F88A50}.Debug-Vulkan|x64.Build.0 = Debug|x64
		{E3BE4078-FC62-469C-B9F7-2447C6F88A50}.Release-DX11|Win32.ActiveCfg = Release|Win32
		{E3BE4078-FC62-469C-B9F7-2447C6F88A50}.Release-DX11|Win32.Build.0 = Release|Win32
		{E3BE4078-FC62-469C-B9F7-2447C6F88A50}.Release-DX11|x64.ActiveCfg = Release|x64
		{E3BE4078-FC62-469C-B9F7-2447C6F88A50}.Release-DX11|x64.Build.0 = Release|x64
		{E3BE4078-FC62-469C-B9F7-2447C6F88A50}.Release-Vulkan|Win32.ActiveCfg = Release|Win32
		{E3BE4078-FC62-469C-B9F7-2447C6F88A50}.Release-Vulkan|Win32.Build.0 = Release|Win32
		{E3BE4078-FC62-469C-B9F7-2447C6F88A50}.Release-Vulkan|x64.ActiveCfg = Release|x64
		{E3BE4078-FC62-469C-B9F7-2447C6F88A50}.Release-Vulkan|x64.Build.0 = Release|x64
		{9F01282B-6297-4F87-A309-287C2C574B76}.Debug-DX11|Win32.ActiveCfg = Debug|Win32
		{9F01282B-6297-4F87-A309-287C2C574B76}.Debug-DX11|Win32.Build.0 = Debug|Win32
		{9F01282B-6297-4F87-A309-287C2C574B76}.Debug-DX11|x64.ActiveCfg = Debug|x64
		{9F01282B-6297-4F87-A309-287C2C574B76}.Debug-DX11|x64.Build.0 = Debug|x64
		{9F01282B-6297-4F87-A309-287C2C574B76}.Debug-Vulkan|Win32.ActiveCfg = Debug|Win32
		{9F01282B-6297-4F87-A309-287C2C574B76}.Debug-Vulkan|Win32.Build.0 = Debug|Win32
		{9F01282B-6297-4F87-A309-287C2C574B76}.Debug-Vulkan|x64.ActiveCfg = Debug|x64
		{9F01282B-6297-4F87-A309-287C2C574B76}.Debug-Vulkan|x64.Build.0 = Debug|x64
		{9F01282B-6297-4F87-A309-287C2C574B76}.Release-DX11|Win32.ActiveCfg = Release|Win32
		{9F01282B-6297-4F87-A309-287C2C574B76}.Release-DX11|Win32.Build.0 = Release|Win32
		{9F01282B-6297-4F87-A309-287C2C574B76}.Release-DX11|x64.ActiveCfg = Release|x64
		{9F01282B-6297-4F87-A309-287C2C574B76}.Release-DX11|x64.Build.0 = Release|x64
		{9F01282B-6297-4F87-A309-287C2C574B76}.Release-Vulkan|Win32.ActiveCfg = Release|Win32
		{9F01282B-6297-4F87-A309-287C2C574B76}.Release-Vulkan|Win32.Build.0 = Release|Win32
		{9F01282B-6297-4F87-A309-287C2C574B76}.Release-Vulkan|x64.ActiveCfg = Release|x64
		{9F01282B-6297-4F87-A309-287C2C574B76}.Release-Vulkan|x64.Build.0 = Release|x64
		{726E12F1-B69B-188D-390B-3A1E1889126D}.Debug-DX11|Win32.ActiveCfg = Debug-DX11|Win32
		{726E12F1-B69B-188D-390B-3A1E1889126D}.Debug-DX11|Win32.Build.0 = Debug-DX11|Win32
		{726E12F1-B69B-188D-390B-3A1E1889126D}.Debug-DX11|x64.ActiveCfg = Debug-DX11|x64
		{726E12F1-B69B-188D-390B-3A1E1889126D}.Debug-DX11|x64.Build.0 = Debug-DX11|x64
		{726E12F1-B69B-188D-390B-3A1E1889126D}.Debug-Vulkan|Win32.ActiveCfg = Debug-Vulkan|Win32
		{726E12F1-B69B-188D-390B-3A1E1889126D}.Debug-Vulkan|Win32.Build.0 = Debug-Vulkan|Win32
		{726E12F1-B69B-188D-390B-3A1E1889126D}.Debug-Vulkan|x64.ActiveCfg = Debug-Vulkan|x64
		{726E12F1-B69B-188D-390B-3A1E1889126D}.Debug-Vulkan|x64.Build.0 = Debug-Vulkan|x64
		{726E12F1-B69B-188D-390B-3A1E1889126D}.Release-DX11|Win32.ActiveCfg = Release-DX11|Win32
		{726E12F1-B69B-188D-390B-3A1E1889126D}.Release-DX11|Win32.Build.0 = Release-DX11|Win32
		{726E12F1-B69B-188D-390B-3A1E1889126D}.Release-DX11|x64.ActiveCfg = Release-DX11|x64
		{726E12F1-B69B-188D-390B-3A1E1889126D}.Release-DX11|x64.Build.0 = Release-DX11|x64
		{726E12F1-B69B-188D-390B-3A1E1889126D}.Release-Vulkan|Win32.ActiveCfg = Release-Vulkan|Win32
		{726E12F1-B69B-188D-390B-3A1E1889126D}.Release-Vulkan|Win32.Build.0 = Release-Vulkan|Win32
		{726E12F1-B69B-188D-390B-3A1E1889126D}.Release-Vulkan|x64.ActiveCfg = Release-Vulkan|x64
		{726E12F1-B69B-188D-390B-3A1E1889126D}.Release-Vulkan|x64.Build.0 = Release-Vulkan|x64
		{E4D5CFA9-07D2-5A61-9991-2186EB30F680}.Debug-DX11|Win32.ActiveCfg = Debug-DX11|Win32
		{E4D5CFA9-07D2-5A61-9991-2186EB30F680}.Debug-DX11|Win32.Build.0 = Debug-DX11|Win32
		{E4D5CFA9-07D2-5A61-9991-2186EB30F680}.Debug-DX11|x64.ActiveCfg = Debug-DX11|x64
		{E4D5CFA9-07D2-5A61-9991-2186EB30F680}.Debug-DX11|x64.Build.0 = Debug-DX11|x64
		{E4D5CFA9-07D2-5A61-9991-2186EB30F680}.Debug-Vulkan|Win32.ActiveCfg = Debug-Vulkan|Win32
		{E4D5CFA9-07D2-5A61-9991-2186EB30F680}.Debug-Vulkan|Win32.Build.0 = Debug-Vulkan|Win32
		{E4D5CFA9-07D2-5A61-9991-2186EB30F680}.Debug-Vulkan|x64.ActiveCfg = Debug-Vulkan|x64
		{E4D5CFA9-07D2-5A61-9991-2186EB30F680}.Debug-Vulkan|x64.Build.0 = Debug-Vulkan|x64
		{E4D5CFA9-07D2-5A61-9991-2186EB30F680}.Release-DX11|Win32.ActiveCfg = Release-DX11|Win32
		{E4D5CFA9-07D2-5A61-9991-2186EB30F680}.Release-DX11|Win32.Build.0 = Release-DX11|Win32
		{E4D5CFA9-07D2-5A61-9991-2186EB30F680}.Release-DX11|x64.ActiveCfg = Release-DX11|x64
		{E4D5CFA9-07D2-5A61-9991-2186EB30F680}.Release-DX11|x64.Build.0 = Release-DX11|x64
		{E4D5CFA9-07D2-5A61-9991-2186EB30F680}.Release-Vulkan|Win32.ActiveCfg = Release-Vulkan|Win32
		{E4D5CFA9-07D2-5A61-9991-2186EB30F680}.Release-Vulkan|Win32.Build.0 = Release-Vulkan|Win32
		{E4D5CFA9-07D2-5A61-9991-2186EB30F680}.Release-Vulkan|x64.ActiveCfg = Release-Vulkan|x64
		{E4D5CFA9-07D2-5A61-9991-2186EB30F680}.Release-Vulkan|x64.Build.0 = Release-Vulkan|x64
		{6B8011C1-2D1F-1EBB-B0EF-377B2E8E87AE}.Debug-DX11|Win32.ActiveCfg = Debug|Win32
		{6B8011C1-2D1F-1EBB-B0EF-377B2E8E87AE}.Debug-DX11|Win32.Build.0 = Debug|Win32
		{6B8011C1-2D1F-1EBB-B0EF-377B2E8E87AE}.Debug-DX11|x64.ActiveCfg = Debug|x64
		{6B8011C1-2D1F-1EBB-B0EF-377B2E8E87AE}.Debug-DX11|x64.Build.0 = Debug|x64
		{6B8011C1-2D1F-1EBB-B0EF-377B2E8E87AE}.Debug-Vulkan|Win32.ActiveCfg = Debug|Win32
		{6B8011C1-2D1F-1EBB-B0EF-377B2E8E87AE}.Debug-Vulkan|Win32.Build.0 = Debug|Win32
		{6B8011C1-2D1F-1EBB-B0EF-377B2E8E87AE}.Debug-Vulkan|x64.ActiveCfg = Debug|x64
		{6B8011C1-2D1F-1EBB-B0EF-377B2E8E87AE}.Debug-Vulkan|x64.Build.0 = Debug|x64
		{6B8011C1-2D1F-1EBB-B0EF-377B2E8E87AE}.Release-DX11|Win32.ActiveCfg = Release|Win32
		{6B8011C1-2D1F-1EBB-B0EF-377B2E8E87AE}.Release-DX11|Win32.Build.0 = Release|Win32
		{6B8011C1-2D1F-1EBB-B0EF-377B2E8E87AE}.Release-DX11|x64.ActiveCfg = Release|x64
		{6B8011C1-2D1F-1EBB-B0EF-377B2E8E87AE}.Release-DX11|x64.Build.0 = Release|x64
		{6B8011C1-2D1F-1EBB-B0EF-377B2E8E87AE}.Release-Vulkan|Win32.ActiveCfg = Release|Win32
		{6B8011C1-2D1F-1EBB-B0EF-377B2E8E87AE}.Release-Vulkan|Win32.Build.0 = Release|Win32
		{6B8011C1-2D1F-1EBB-B0EF-377B2E8E87AE}.Release-Vulkan|x64.ActiveCfg = Release|x64
		{6B8011C1-2D1F-1EBB-B0EF-377B2E8E87AE}.Release-Vulkan|x64.Build.0 = Release|x64
		{E43E10B8-7CD4-A5D0-6270-17C50CB74ADF}.Debug-DX11|Win32.ActiveCfg = Debug-DX11|Win32
		{E43E10B8-7CD4-A5D0-6270-17C50CB74ADF}.Debug-DX11|Win32.Build.0 = Debug-DX11|Win32
		{E43E10B8-7CD4-A5D0-6270-17C50CB74ADF}.Debug-DX11|x64.ActiveCfg = Debug-DX11|x64
		{E43E10B8-7CD4-A5D0-6270-17C50CB74ADF}.Debug-DX11|x64.Build.0 = Debug-DX11|x64
		{E43E10B8-7CD4-A5D0-6270-17C50CB74ADF}.Debug-Vulkan|Win32.ActiveCfg = Debug-DX11|Win32
		{E43E10B8-7CD4-A5D0-6270-17C50CB74ADF}.Debug-Vulkan|Win32.Build.0 = Debug-DX11|Win32
		{E43E10B8-7CD4-A5D0-6270-17C50CB74ADF}.Debug-Vulkan|x64.ActiveCfg = Debug-DX11|x64
		{E43E10B8-7CD4-A5D0-6270-17C50CB74ADF}.Debug-Vulkan|x64.Build.0 = Debug-DX11|x64
		{E43E10B8-7CD4-A5D0-6270-17C50CB74ADF}.Release-DX11|Win32.ActiveCfg = Release-DX11|Win32
		{E43E10B8-7CD4-A5D0-6270-17C50CB74ADF}.Release-DX11|Win32.Build.0 = Release-DX11|Win32
		{E43E10B8-7CD4-A5D0-6270-17C50CB74ADF}.Release-DX11|x64.ActiveCfg = Release-DX11|x64
		{E43E10B8-7CD4-A5D0-6270-17C50CB74ADF}.Release-DX11|x64.Build.0 = Release-DX11|x64
		{E43E10B8-7CD4-A5D0-6270-17C50CB74ADF}.Release-Vulkan|Win32.ActiveCfg = Release-DX11|Win32
		{E43E10B8-7CD4-A5D0-6270-17C50CB74ADF}.Release-Vulkan|Win32.Build.0 = Release-DX11|Win32
		{E43E10B8-7CD4-A5D0-6270-17C50CB74ADF}.Release-Vulkan|x64.ActiveCfg = Release-DX11|x64
		{E43E10B8-7CD4-A5D0-6270-17C50CB74ADF}.Release-Vulkan|x64.Build.0 = Release-DX11|x64
		{13D648DF-8842-9EF7-46C5-910550130776}.Debug-DX11|Win32.ActiveCfg = Debug-OpenGL|Win32
		{13D648DF-8842-9EF7-46C5-910550130776}.Debug-DX11|Win32.Build.0 = Debug-OpenGL|Win32
		{13D648DF-8842-9EF7-46C5-910550130776}.Debug-DX11|x64.ActiveCfg = Debug-OpenGL|x64
		{13D648DF-8842-9EF7-46C5-910550130776}.Debug-DX11|x64.Build.0 = Debug-OpenGL|x64
		{13D648DF-8842-9EF7-46C5-910550130776}.Debug-Vulkan|Win32.ActiveCfg = Debug-OpenGL|Win32
		{13D648DF-8842-9EF7-46C5-910550130776}.Debug-Vulkan|Win32.Build.0 = Debug-OpenGL|Win32
		{13D648DF-8842-9EF7-46C5-910550130776}.Debug-Vulkan|x64.ActiveCfg = Debug-OpenGL|x64
		{13D648DF-8842-9EF7-46C5-910550130776}.Debug-Vulkan|x64.Build.0 = Debug-OpenGL|x64
		{13D648DF-8842-9EF7-46C5-910550130776}.Release-DX11|Win32.ActiveCfg = Release-OpenGL|Win32
		{13D648DF-8842-9EF7-46C5-910550130776}.Release-DX11|Win32.Build.0 = Release-OpenGL|Win32
		{13D648DF-8842-9EF7-46C5-910550130776}.Release-DX11|x64.ActiveCfg = Release-OpenGL|x64
		{13D648DF-8842-9EF7-46C5-910550130776}.Release-DX11|x64.Build.0 = Release-OpenGL|x64
		{13D648DF-8842-9EF7-46C5-910550130776}.Release-Vulkan|Win32.ActiveCfg = Release-OpenGL|Win32
		{13D648DF-8842-9EF7-46C5-910550130776}.Release-Vulkan|Win32.Build.0 = Release-OpenGL|Win32
		{13D648DF-8842-9EF7-46C5-910550130776}.Release-Vulkan|x64.ActiveCfg = Release-OpenGL|x64
		{13D648DF-8842-9EF7-46C5-910550130776}.Release-Vulkan|x64.Build.0 = Release-OpenGL|x64
		{116FE083-50BC-1393-470F-F834EF6E02FF}.Debug-DX11|Win32.ActiveCfg = Debug|Win32
		{116FE083-50BC-1393-470F-F834EF6E02FF}.Debug-DX11|Win32.Build.0 = Debug|Win32
		{116FE083-50BC-1393-470F-F834EF6E02FF}.Debug-DX11|x64.ActiveCfg = Debug|x64
		{116FE083-50BC-1393-470F-F834EF6E02FF}.Debug-DX11|x64.Build.0 = Debug|x64
		{116FE083-50BC-1393-470F-F834EF6E02FF}.Debug-Vulkan|Win32.ActiveCfg = Debug|Win32
		{116FE083-50BC-1393-470F-F834EF6E02FF}.Debug-Vulkan|Win32.Build.0 = Debug|Win32
		{116FE083-50BC-1393-470F-F834EF6E02FF}.Debug-Vulkan|x64.ActiveCfg = Debug|x64
		{116FE083-50BC-1393-470F-F834EF6E02FF}.Debug-Vulkan|x64.Build.0 = Debug|x64
		{116FE083-50BC-1393-470F-F834EF6E02FF}.Release-DX11|Win32.ActiveCfg = Release|Win32
		{116FE083-50BC-1393-470F-F834EF6E02FF}.Release-DX11|Win32.Build.0 = Release|Win32
		{116FE083-50BC-1393-470F-F834EF6E02FF}.Release-DX11|x64.ActiveCfg = Release|x64
		{116FE083-50BC-1393-470F-F834EF6E02FF}.Release-DX11|x64.Build.0 = Release|x64
		{116FE083-50BC-1393-470F-F834EF6E02FF}.Release-Vulkan|Win32.ActiveCfg = Release|Win32
		{116FE083-50BC-1393-470F-F834EF6E02FF}.Release-Vulkan|Win32.Build.0 = Release|Win32
		{116FE083-50BC-1393-470F-F834EF6E02FF}.Release-Vulkan|x64.ActiveCfg = Release|x64
		{116FE083-50BC-1393-470F-F834EF6E02FF}.Release-Vulkan|x64.Build.0 = Release|x64
		{2E51AA64-7E29-CD4A-FB7F-BAC486A3575C}.Debug-DX11|Win32.ActiveCfg = Debug|Win32
		{2E51AA64-7E29-CD4A-FB7F-BAC486A3575C}.Debug-DX11|Win32.Build.0 = Debug|Win32
		{2E51AA64-7E29-CD4A-FB7F-BAC486A3575C}.Debug-DX11|x64.ActiveCfg = Debug|x64
		{2E51AA64-7E29-CD4A-FB7F-BAC486A3575C}.Debug-DX11|x64.Build.0 = Debug|x64
		{2E51AA64-7E29-CD4A-FB7F-BAC486A3575C}.Debug-Vulkan|Win32.ActiveCfg = Debug|Win32
		{2E51AA64-7E29-CD4A-FB7F-BAC486A3575C}.Debug-Vulkan|Win32.Build.0 = Debug|Win32
		{2E51AA64-7E29-CD4A-FB7F-BAC486A3575C}.Debug-Vulkan|x64.ActiveCfg = Debug|x64
		{2E51AA64-7E29-CD4A-FB7F-BAC486A3575C}.Debug-Vulkan|x64.Build.0 = Debug|x64
		{2E51AA64-7E29-CD4A-FB7F-BAC486A3575C}.Release-DX11|Win32.ActiveCfg = Release|Win32
		{2E51AA64-7E29-CD4A-FB7F-BAC486A3575C}.Release-DX11|Win32.Build.0 = Release|Win32
		{2E51AA64-7E29-CD4A-FB7F-BAC486A3575C}.Release-DX11|x64.ActiveCfg = Release|x64
		{2E51AA64-7E29-CD4A-FB7F-BAC486A3575C}.Release-DX11|x64.Build.0 = Release|x64
		{2E51AA64-7E29-CD4A-FB7F-BAC486A3575C}.Release-Vulkan|Win32.ActiveCfg = Release|Win32
		{2E51AA64-7E29-CD4A-FB7F-BAC486A3575C}.Release-Vulkan|Win32.Build.0 = Release|Win32
		{2E51AA64-7E29-CD4A-FB7F-BAC486A3575C}.Release-Vulkan|x64.ActiveCfg = Release|x64
		{2E51AA64-7E29-CD4A-FB7F-BAC486A3575C}.Release-Vulkan|x64.Build.0 = Release|x64
		{587A5B72-36E9-FF50-36F4-C0E96BBFA841}.Debug-DX11|Win32.ActiveCfg = Debug|Win32
		{587A5B72-36E9-FF50-36F4-C0E96BBFA841}.Debug-DX11|Win32.Build.0 = Debug|Win32
		{587A5B72-36E9-FF50-36F4-C0E96BBFA841}.Debug-DX11|x64.ActiveCfg = Debug|x64
		{587A5B72-36E9-FF50-36F4-C0E96BBFA841}.Debug-DX11|x64.Build.0 = Debug|x64
		{587A5B72-36E9-FF50-36F4-C0E96BBFA841}.Debug-Vulkan|Win32.ActiveCfg = Debug|Win32
		{587A5B72-36E9-FF50-36F4-C0E96BBFA841}.Debug-Vulkan|Win32.Build.0 = Debug|Win32
		{587A5B72-36E9-FF50-36F4-C0E96BBFA841}.Debug-Vulkan|x64.ActiveCfg = Debug|x64
		{587A5B72-36E9-FF50-36F4-C0E96BBFA841}.Debug-Vulkan|x64.Build.0 = Debug|x64
		{587A5B72-36E9-FF50-36F4-C0E96BBFA841}.Release-DX11|Win32.ActiveCfg = Release|Win32
		{587A5B72-36E9-FF50-36F4-C0E96BBFA841}.Release-DX11|Win32.Build.0 = Release|Win32
		{587A5B72-36E9-FF50-36F4-C0E96BBFA841}.Release-DX11|x64.ActiveCfg = Release|x64
		{587A5B72-36E9-FF50-36F4-C0E96BBFA841}.Release-DX11|x64.Build.0 = Release|x64
		{587A5B72-36E9-FF50-36F4-C0E96BBFA841}.Release-Vulkan|Win32.ActiveCfg = Release|Win32
		{587A5B72-36E9-FF50-36F4-C0E96BBFA841}.Release-Vulkan|Win32.Build.0 = Release|Win32
		{587A5B72-36E9-FF50-36F4-C0E96BBFA841}.Release-Vulkan|x64.ActiveCfg = Release|x64
		{587A5B72-36E9-FF50-36F4-C0E96BBFA841}.Release-Vulkan|x64.Build.0 = Release|x64
		{3FF60282-A22E-0BCD-B74D-4B52CD9E613B}.Debug-DX11|Win32.ActiveCfg = Debug|Win32
		{3FF60282-A22E-0BCD-B74D-4B52CD9E613B}.Debug-DX11|Win32.Build.0 = Debug|Win32
		{3FF60282-A22E-0BCD-B74D-4B52CD9E613B}.Debug-DX11|x64.ActiveCfg = Debug|x64
		{3FF60282-A22E-0BCD-B74D-4B52CD9E613B}.Debug-DX11|x64.Build.0 = Debug|x64
		{3FF60282-A22E-0BCD-B74D-4B52CD9E613B}.Debug-Vulkan|Win32.ActiveCfg = Debug|Win32
		{3FF60282-A22E-0BCD-B74D-4B52CD9E613B}.Debug-Vulkan|Win32.Build.0 = Debug|Win32
		{3FF60282-A22E-0BCD-B74D-4B52CD9E613B}.Debug-Vulkan|x64.ActiveCfg = Debug|x64
		{3FF60282-A22E-0BCD-B74D-4B52CD9E613B}.Debug-Vulkan|x64.Build.0 = Debug|x64
		{3FF60282-A22E-0BCD-B74D-4B52CD9E613B}.Release-DX11|Win32.ActiveCfg = Release|Win32
		{3FF60282-A22E-0BCD-B74D-4B52CD9E613B}.Release-DX11|Win32.Build.0 = Release|Win32
		{3FF60282-A22E-0BCD-B74D-4B52CD9E613B}.Release-DX11|x64.ActiveCfg = Release|x64
		{3FF60282-A22E-0BCD-B74D-4B52CD9E613B}.Release-DX11|x64.Build.0 = Release|x64
		{3FF60282-A22E-0BCD-B74D-4B52CD9E613B}.Release-Vulkan|Win32.ActiveCfg = Release|Win32
		{3FF60282-A22E-0BCD-B74D-4B52CD9E613B}.Release-Vulkan|Win32.Build.0 = Release|Win32
		{3FF60282-A22E-0BCD-B74D-4B52CD9E613B}.Release-Vulkan|x64.ActiveCfg = Release|x64
		{3FF60282-A22E-0BCD-B74D-4B52CD9E613B}.Release-Vulkan|x64.Build.0 = Release|x64
		{D7818769-51D6-7FE8-161B-71F0F96A076F}.Debug-DX11|Win32.ActiveCfg = Debug|Win32
		{D7818769-51D6-7FE8-161B-71F0F96A076F}.Debug-DX11|Win32.Build.0 = Debug|Win32
		{D7818769-51D6-7FE8-161B-71F0F96A076F}.Debug-DX11|x64.ActiveCfg = Debug|x64
		{D7818769-51D6-7FE8-161B-71F0F96A076F}.Debug-DX11|x64.Build.0 = Debug|x64
		{D7818769-51D6-7FE8-161B-71F0F96A076F}.Debug-Vulkan|Win32.ActiveCfg = Debug|Win32
		{D7818769-51D6-7FE8-161B-71F0F96A076F}.Debug-Vulkan|Win32.Build.0 = Debug|Win32
		{D7818769-51D6-7FE8-161B-71F0F96A076F}.Debug-Vulkan|x64.ActiveCfg = Debug|x64
		{D7818769-51D6-7FE8-161B-71F0F96A076F}.Debug-Vulkan|x64.Build.0 = Debug|x64
		{D7818769-51D6-7FE8-161B-71F0F96A076F}.Release-DX11|Win32.ActiveCfg = Release|Win32
		{D7818769-51D6-7FE8-161B-71F0F96A076F}.Release-DX11|Win32.Build.0 = Release|Win32
		{D7818769-51D6-7FE8-161B-71F0F96A076F}.Release-DX11|x64.ActiveCfg = Release|x64
		{D7818769-51D6-7FE8-161B-71F0F96A076F}.Release-DX11|x64.Build.0 = Release|x64
		{D7818769-51D6-7FE8-161B-71F0F96A076F}.Release-Vulkan|Win32.ActiveCfg = Release|Win32
		{D7818769-51D6-7FE8-161B-71F0F96A076F}.Release-Vulkan|Win32.Build.0 = Release|Win32
		{D7818769-51D6-7FE8-161B-71F0F96A076F}.Release-Vulkan|x64.ActiveCfg = Release|x64
		{D7818769-51D6-7FE8-161B-71F0F96A076F}.Release-Vulkan|x64.Build.0 = Release|x64
		{E4CC63D8-127D-4BC9-80E0-CCB3E9DA06DC}.Debug-DX11|Win32.ActiveCfg = Debug|Any CPU
		{E4CC63D8-127D-4BC9-80E0-CCB3E9DA06DC}.Debug-DX11|Win32.Build.0 = Debug|Any CPU
		{E4CC63D8-127D-4BC9-80E0-CCB3E9DA06DC}.Debug-DX11|x64.ActiveCfg = Debug|Any CPU
		{E4CC63D8-127D-4BC9-80E0-CCB3E9DA06DC}.Debug-DX11|x64.Build.0 = Debug|Any CPU
		{E4CC63D8-127D-4BC9-80E0-CCB3E9DA06DC}.Debug-Vulkan|Win32.ActiveCfg = Debug|Any CPU
		{E4CC63D8-127D-4BC9-80E0-CCB3E9DA06DC}.Debug-Vulkan|Win32.Build.0 = Debug|Any CPU
		{E4CC63D8-127D-4BC9-80E0-CCB3E9DA06DC}.Debug-Vulkan|x64.ActiveCfg = Debug|Any CPU
		{E4CC63D8-127D-4BC9-80E0-CCB3E9DA06DC}.Debug-Vulkan|x64.Build.0 = Debug|Any CPU
		{E4CC63D8-127D-4BC9-80E0-CCB3E9DA06DC}.Release-DX11|Win32.ActiveCfg = Release|Any CPU
		{E4CC63D8-127D-4BC9-80E0-CCB3E9DA06DC}.Release-DX11|Win32.Build.0 = Release|Any CPU
		{E4CC63D8-127D-4BC9-80E0-CCB3E9DA06DC}.Release-DX11|x64.ActiveCfg = Release|Any CPU
		{E4CC63D8-127D-4BC9-80E0-CCB3E9DA06DC}.Release-DX11|x64.Build.0 = Release|Any CPU
		{E4CC63D8-127D-4BC9-80E0-CCB3E9DA06DC}.Release-Vulkan|Win32.ActiveCfg = Release|Any CPU
		{E4CC63D8-127D-4BC9-80E0-CCB3E9DA06DC}.Release-Vulkan|Win32.Build.0 = Release|Any CPU
		{E4CC63D8-127D-4BC9-80E0-CCB3E9DA06DC}.Release-Vulkan|x64.ActiveCfg = Release|Any CPU
		{E4CC63D8-127D-4BC9-80E0-CCB3E9DA06DC}.Release-Vulkan|x64.Build.0 = Release|Any CPU
		{E73BB233-D88B-44A7-A98F-D71EE158381D}.Debug-DX11|Win32.ActiveCfg = Debug|Any CPU
		{E73BB233-D88B-44A7-A98F-D71EE158381D}.Debug-DX11|Win32.Build.0 = Debug|Any CPU
		{E73BB233-D88B-44A7-A98F-D71EE158381D}.Debug-DX11|x64.ActiveCfg = Debug|Any CPU
		{E73BB233-D88B-44A7-A98F-D71EE158381D}.Debug-DX11|x64.Build.0 = Debug|Any CPU
		{E73BB233-D88B-44A7-A98F-D71EE158381D}.Debug-Vulkan|Win32.ActiveCfg = Debug|Any CPU
		{E73BB233-D88B-44A7-A98F-D71EE158381D}.Debug-Vulkan|Win32.Build.0 = Debug|Any CPU
		{E73BB233-D88B-44A7-A98F-D71EE158381D}.Debug-Vulkan|x64.ActiveCfg = Debug|Any CPU
		{E73BB233-D88B-44A7-A98F-D71EE158381D}.Debug-Vulkan|x64.Build.0 = Debug|Any CPU
		{E73BB233-D88B-44A7-A98F-D71EE158381D}.Release-DX11|Win32.ActiveCfg = Release|Any CPU
		{E73BB233-D88B-44A7-A98F-D71EE158381D}.Release-DX11|Win32.Build.0 = Release|Any CPU
		{E73BB233-D88B-44A7-A98F-D71EE158381D}.Release-DX11|x64.ActiveCfg = Release|Any CPU
		{E73BB233-D88B-44A7-A98F-D71EE158381D}.Release-DX11|x64.Build.0 = Release|Any CPU
		{E73BB233-D88B-44A7-A98F-D71EE158381D}.Release-Vulkan|Win32.ActiveCfg = Release|Any CPU
		{E73BB233-D88B-44A7-A98F-D71EE158381D}.Release-Vulkan|Win32.Build.0 = Release|Any CPU
		{E73BB233-D88B-44A7-A98F-D71EE158381D}.Release-Vulkan|x64.ActiveCfg = Release|Any CPU
		{E73BB233-D88B-44A7-A98F-D71EE158381D}.Release-Vulkan|x64.Build.0 = Release|Any CPU
		{0A40E6ED-47CC-A08E-71C5-8A3515D81EAF}.Debug-DX11|Win32.ActiveCfg = Debug-DX11|Win32
		{0A40E6ED-47CC-A08E-71C5-8A3515D81EAF}.Debug-DX11|Win32.Build.0 = Debug-DX11|Win32
		{0A40E6ED-47CC-A08E-71C5-8A3515D81EAF}.Debug-DX11|x64.ActiveCfg = Debug-DX11|x64
		{0A40E6ED-47CC-A08E-71C5-8A3515D81EAF}.Debug-DX11|x64.Build.0 = Debug-DX11|x64
		{0A40E6ED-47CC-A08E-71C5-8A3515D81EAF}.Debug-Vulkan|Win32.ActiveCfg = Debug-Vulkan|Win32
		{0A40E6ED-47CC-A08E-71C5-8A3515D81EAF}.Debug-Vulkan|Win32.Build.0 = Debug-Vulkan|Win32
		{0A40E6ED-47CC-A08E-71C5-8A3515D81EAF}.Debug-Vulkan|x64.ActiveCfg = Debug-Vulkan|x64
		{0A40E6ED-47CC-A08E-71C5-8A3515D81EAF}.Debug-Vulkan|x64.Build.0 = Debug-Vulkan|x64
		{0A40E6ED-47CC-A08E-71C5-8A3515D81EAF}.Release-DX11|Win32.ActiveCfg = Release-DX11|Win32
		{0A40E6ED-47CC-A08E-71C5-8A3515D81EAF}.Release-DX11|Win32.Build.0 = Release-DX11|Win32
		{0A40E6ED-47CC-A08E-71C5-8A3515D81EAF}.Release-DX11|x64.ActiveCfg = Release-DX11|x64
		{0A40E6ED-47CC-A08E-71C5-8A3515D81EAF}.Release-DX11|x64.Build.0 = Release-DX11|x64
		{0A40E6ED-47CC-A08E-71C5-8A3515D81EAF}.Release-Vulkan|Win32.ActiveCfg = Release-Vulkan|Win32
		{0A40E6ED-47CC-A08E-71C5-8A3515D81EAF}.Release-Vulkan|Win32.Build.0 = Release-Vulkan|Win32
		{0A40E6ED-47CC-A08E-71C5-8A3515D81EAF}.Release-Vulkan|x64.ActiveCfg = Release-Vulkan|x64
		{0A40E6ED-47CC-A08E-71C5-8A3515D81EAF}.Release-Vulkan|x64.Build.0 = Release-Vulkan|x64
		{EBF600B7-B82E-483C-B0CE-C74BBC60DC9A}.Debug-DX11|Win32.ActiveCfg = Debug|Win32
		{EBF600B7-B82E-483C-B0CE-C74BBC60DC9A}.Debug-DX11|Win32.Build.0 = Debug|Win32
		{EBF600B7-B82E-483C-B0CE-C74BBC60DC9A}.Debug-DX11|x64.ActiveCfg = Debug|x64
		{EBF600B7-B82E-483C-B0CE-C74BBC60DC9A}.Debug-DX11|x64.Build.0 = Debug|x64
		{EBF600B7-B82E-483C-B0CE-C74BBC60DC9A}.Debug-Vulkan|Win32.ActiveCfg = Debug|Win32
		{EBF600B7-B82E-483C-B0CE-C74BBC60DC9A}.Debug-Vulkan|Win32.Build.0 = Debug|Win32
		{EBF600B7-B82E-483C-B0CE-C74BBC60DC9A}.Debug-Vulkan|x64.ActiveCfg = Debug|x64
		{EBF600B7-B82E-483C-B0CE-C74BBC60DC9A}.Debug-Vulkan|x64.Build.0 = Debug|x64
		{EBF600B7-B82E-483C-B0CE-C74BBC60DC9A}.Release-DX11|Win32.ActiveCfg = Release|Win32
		{EBF600B7-B82E-483C-B0CE-C74BBC60DC9A}.Release-DX11|Win32.Build.0 = Release|Win32
		{EBF600B7-B82E-483C-B0CE-C74BBC60DC9A}.Release-DX11|x64.ActiveCfg = Release|x64
		{EBF600B7-B82E-483C-B0CE-C74BBC60DC9A}.Release-DX11|x64.Build.0 = Release|x64
		{EBF600B7-B82E-483C-B0CE-C74BBC60DC9A}.Release-Vulkan|Win32.ActiveCfg = Release|Win32
		{EBF600B7-B82E-483C-B0CE-C74BBC60DC9A}.Release-Vulkan|Win32.Build.0 = Release|Win32
		{EBF600B7-B82E-483C-B0CE-C74BBC60DC9A}.Release-Vulkan|x64.ActiveCfg = Release|x64
		{EBF600B7-B82E-483C-B0CE-C74BBC60DC9A}.Release-Vulkan|x64.Build.0 = Release|x64
		{FFF83BE8-5136-7370-2EE8-298176BEA610}.Debug-DX11|Win32.ActiveCfg = Debug|Win32
		{FFF83BE8-5136-7370-2EE8-298176BEA610}.Debug-DX11|Win32.Build.0 = Debug|Win32
		{FFF83BE8-5136-7370-2EE8-298176BEA610}.Debug-DX11|x64.ActiveCfg = Debug|x64
		{FFF83BE8-5136-7370-2EE8-298176BEA610}.Debug-DX11|x64.Build.0 = Debug|x64
		{FFF83BE8-5136-7370-2EE8-298176BEA610}.Debug-Vulkan|Win32.ActiveCfg = Debug|Win32
		{FFF83BE8-5136-7370-2EE8-298176BEA610}.Debug-Vulkan|Win32.Build.0 = Debug|Win32
		{FFF83BE8-5136-7370-2EE8-298176BEA610}.Debug-Vulkan|x64.ActiveCfg = Debug|x64
		{FFF83BE8-5136-7370-2EE8-298176BEA610}.Debug-Vulkan|x64.Build.0 = Debug|x64
		{FFF83BE8-5136-7370-2EE8-298176BEA610}.Release-DX11|Win32.ActiveCfg = Release|Win32
		{FFF83BE8-5136-7370-2EE8-298176BEA610}.Release-DX11|Win32.Build.0 = Release|Win32
		{FFF83BE8-5136-7370-2EE8-298176BEA610}.Release-DX11|x64.ActiveCfg = Release|x64
		{FFF83BE8-5136-7370-2EE8-298176BEA610}.Release-DX11|x64.Build.0 = Release|x64
		{FFF83BE8-5136-7370-2EE8-298176BEA610}.Release-Vulkan|Win32.ActiveCfg = Release|Win32
		{FFF83BE8-5136-7370-2EE8-298176BEA610}.Release-Vulkan|Win32.Build.0 = Release|Win32
		{FFF83BE8-5136-7370-2EE8-298176BEA610}.Release-Vulkan|x64.ActiveCfg = Release|x64
		{FFF83BE8-5136-7370-2EE8-298176BEA610}.Release-Vulkan|x64.Build.0 = Release|x64
		{D0B45E37-A60C-C794-FFC6-36EB94DA74E1}.Debug-DX11|Win32.ActiveCfg = Debug|Win32
		{D0B45E37-A60C-C794-FFC6-36EB94DA74E1}.Debug-DX11|Win32.Build.0 = Debug|Win32
		{D0B45E37-A60C-C794-FFC6-36EB94DA74E1}.Debug-DX11|x64.ActiveCfg = Debug|x64
		{D0B45E37-A60C-C794-FFC6-36EB94DA74E1}.Debug-DX11|x64.Build.0 = Debug|x64
		{D0B45E37-A60C-C794-FFC6-36EB94DA74E1}.Debug-Vulkan|Win32.ActiveCfg = Debug|Win32
		{D0B45E37-A60C-C794-FFC6-36EB94DA74E1}.Debug-Vulkan|Win32.Build.0 = Debug|Win32
		{D0B45E37-A60C-C794-FFC6-36EB94DA74E1}.Debug-Vulkan|x64.ActiveCfg = Debug|x64
		{D0B45E37-A60C-C794-FFC6-36EB94DA74E1}.Debug-Vulkan|x64.Build.0 = Debug|x64
		{D0B45E37-A60C-C794-FFC6-36EB94DA74E1}.Release-DX11|Win32.ActiveCfg = Release|Win32
		{D0B45E37-A60C-C794-FFC6-36EB94DA74E1}.Release-DX11|Win32.Build.0 = Release|Win32
		{D0B45E37-A60C-C794-FFC6-36EB94DA74E1}.Release-DX11|x64.ActiveCfg = Release|x64
		{D0B45E37-A60C-C794-FFC6-36EB94DA74E1}.Release-DX11|x64.Build.0 = Release|x64
		{D0B45E37-A60C-C794-FFC6-36EB94DA74E1}.Release-Vulkan|Win32.ActiveCfg = Release|Win32
		{D0B45E37-A60C-C794-FFC6-36EB94DA74E1}.Release-Vulkan|Win32.Build.0 = Release|Win32
		{D0B45E37-A60C-C794-FFC6-36EB94DA74E1}.Release-Vulkan|x64.ActiveCfg = Release|x64
		{D0B45E37-A60C-C794-FFC6-36EB94DA74E1}.Release-Vulkan|x64.Build.0 = Release|x64
		{78B079BD-9FC7-4B9E-B4A6-96DA0F00248B}.Debug-DX11|Win32.ActiveCfg = Debug Multithreaded|Win32
		{78B079BD-9FC7-4B9E-B4A6-96DA0F00248B}.Debug-DX11|Win32.Build.0 = Debug Multithreaded|Win32
		{78B079BD-9FC7-4B9E-B4A6-96DA0F00248B}.Debug-DX11|x64.ActiveCfg = Debug Multithreaded|x64
		{78B079BD-9FC7-4B9E-B4A6-96DA0F00248B}.Debug-DX11|x64.Build.0 = Debug Multithreaded|x64
		{78B079BD-9FC7-4B9E-B4A6-96DA0F00248B}.Debug-Vulkan|Win32.ActiveCfg = Debug Multithreaded|Win32
		{78B079BD-9FC7-4B9E-B4A6-96DA0F00248B}.Debug-Vulkan|Win32.Build.0 = Debug Multithreaded|Win32
		{78B079BD-9FC7-4B9E-B4A6-96DA0F00248B}.Debug-Vulkan|x64.ActiveCfg = Debug Multithreaded|x64
		{78B079BD-9FC7-4B9E-B4A6-96DA0F00248B}.Debug-Vulkan|x64.Build.0 = Debug Multithreaded|x64
		{78B079BD-9FC7-4B9E-B4A6-96DA0F00248B}.Release-DX11|Win32.ActiveCfg = Release Multithreaded|Win32
		{78B079BD-9FC7-4B9E-B4A6-96DA0F00248B}.Release-DX11|Win32.Build.0 = Release Multithreaded|Win32
		{78B079BD-9FC7-4B9E-B4A6-96DA0F00248B}.Release-DX11|x64.ActiveCfg = Release Multithreaded|x64
		{78B079BD-9FC7-4B9E-B4A6-96DA0F00248B}.Release-DX11|x64.Build.0 = Release Multithreaded|x64
		{78B079BD-9FC7-4B9E-B4A6-96DA0F00248B}.Release-Vulkan|Win32.ActiveCfg = Release Multithreaded|Win32
		{78B079BD-9FC7-4B9E-B4A6-96DA0F00248B}.Release-Vulkan|Win32.Build.0 = Release Multithreaded|Win32
		{78B079BD-9FC7-4B9E-B4A6-96DA0F00248B}.Release-Vulkan|x64.ActiveCfg = Release Multithreaded|x64
		{78B079BD-9FC7-4B9E-B4A6-96DA0F00248B}.Release-Vulkan|x64.Build.0 = Release Multithreaded|x64
		{C6F14090-65B3-A158-A259-80284609A288}.Debug-DX11|Win32.ActiveCfg = Debug|Win32
		{C6F14090-65B3-A158-A259-80284609A288}.Debug-DX11|Win32.Build.0 = Debug|Win32
		{C6F14090-65B3-A158-A259-80284609A288}.Debug-DX11|x64.ActiveCfg = Debug|x64
		{C6F14090-65B3-A158-A259-80284609A288}.Debug-DX11|x64.Build.0 = Debug|x64
		{C6F14090-65B3-A158-A259-80284609A288}.Debug-Vulkan|Win32.ActiveCfg = Debug|Win32
		{C6F14090-65B3-A158-A259-80284609A288}.Debug-Vulkan|Win32.Build.0 = Debug|Win32
		{C6F14090-65B3-A158-A259-80284609A288}.Debug-Vulkan|x64.ActiveCfg = Debug|x64
		{C6F14090-65B3-A158-A259-80284609A288}.Debug-Vulkan|x64.Build.0 = Debug|x64
		{C6F14090-65B3-A158-A259-80284609A288}.Release-DX11|Win32.ActiveCfg = Release|Win32
		{C6F14090-65B3-A158-A259-80284609A288}.Release-DX11|Win32.Build.0 = Release|Win32
		{C6F14090-65B3-A158-A259-80284609A288}.Release-DX11|x64.ActiveCfg = Release|x64
		{C6F14090-65B3-A158-A259-80284609A288}.Release-DX11|x64.Build.0 = Release|x64
		{C6F14090-65B3-A158-A259-80284609A288}.Release-Vulkan|Win32.ActiveCfg = Release|Win32
		{C6F14090-65B3-A158-A259-80284609A288}.Release-Vulkan|Win32.Build.0 = Release|Win32
		{C6F14090-65B3-A158-A259-80284609A288}.Release-Vulkan|x64.ActiveCfg = Release|x64
		{C6F14090-65B3-A158-A259-80284609A288}.Release-Vulkan|x64.Build.0 = Release|x64
		{0F0FE03A-78F3-4B34-9DCE-0CDFF1FB5C40}.Debug-DX11|Win32.ActiveCfg = DebugDLL|Win32
		{0F0FE03A-78F3-4B34-9DCE-0CDFF1FB5C40}.Debug-DX11|Win32.Build.0 = DebugDLL|Win32
		{0F0FE03A-78F3-4B34-9DCE-0CDFF1FB5C40}.Debug-DX11|x64.ActiveCfg = Debug|x64
		{0F0FE03A-78F3-4B34-9DCE-0CDFF1FB5C40}.Debug-DX11|x64.Build.0 = Debug|x64
		{0F0FE03A-78F3-4B34-9DCE-0CDFF1FB5C40}.Debug-Vulkan|Win32.ActiveCfg = Debug|Win32
		{0F0FE03A-78F3-4B34-9DCE-0CDFF1FB5C40}.Debug-Vulkan|Win32.Build.0 = Debug|Win32
		{0F0FE03A-78F3-4B34-9DCE-0CDFF1FB5C40}.Debug-Vulkan|x64.ActiveCfg = Debug|x64
		{0F0FE03A-78F3-4B34-9DCE-0CDFF1FB5C40}.Debug-Vulkan|x64.Build.0 = Debug|x64
		{0F0FE03A-78F3-4B34-9DCE-0CDFF1FB5C40}.Release-DX11|Win32.ActiveCfg = Release|Win32
		{0F0FE03A-78F3-4B34-9DCE-0CDFF1FB5C40}.Release-DX11|Win32.Build.0 = Release|Win32
		{0F0FE03A-78F3-4B34-9DCE-0CDFF1FB5C40}.Release-DX11|x64.ActiveCfg = Release|x64
		{0F0FE03A-78F3-4B34-9DCE-0CDFF1FB5C40}.Release-DX11|x64.Build.0 = Release|x64
		{0F0FE03A-78F3-4B34-9DCE-0CDFF1FB5C40}.Release-Vulkan|Win32.ActiveCfg = Release|Win32
		{0F0FE03A-78F3-4B34-9DCE-0CDFF1FB5C40}.Release-Vulkan|Win32.Build.0 = Release|Win32
		{0F0FE03A-78F3-4B34-9DCE-0CDFF1FB5C40}.Release-Vulkan|x64.ActiveCfg = Release|x64
		{0F0FE03A-78F3-4B34-9DCE-0CDFF1FB5C40}.Release-Vulkan|x64.Build.0 = Release|x64
		{8188BB13-0B12-C110-2A31-515435FD3BB5}.Debug-DX11|Win32.ActiveCfg = Debug-DX11|Win32
		{8188BB13-0B12-C110-2A31-515435FD3BB5}.Debug-DX11|Win32.Build.0 = Debug-DX11|Win32
		{8188BB13-0B12-C110-2A31-515435FD3BB5}.Debug-DX11|x64.ActiveCfg = Debug-DX11|x64
		{8188BB13-0B12-C110-2A31-515435FD3BB5}.Debug-DX11|x64.Build.0 = Debug-DX11|x64
		{8188BB13-0B12-C110-2A31-515435FD3BB5}.Debug-Vulkan|Win32.ActiveCfg = Debug-Vulkan|Win32
		{8188BB13-0B12-C110-2A31-515435FD3BB5}.Debug-Vulkan|Win32.Build.0 = Debug-Vulkan|Win32
		{8188BB13-0B12-C110-2A31-515435FD3BB5}.Debug-Vulkan|x64.ActiveCfg = Debug-Vulkan|x64
		{8188BB13-0B12-C110-2A31-515435FD3BB5}.Debug-Vulkan|x64.Build.0 = Debug-Vulkan|x64
		{8188BB13-0B12-C110-2A31-515435FD3BB5}.Release-DX11|Win32.ActiveCfg = Release-DX11|Win32
		{8188BB13-0B12-C110-2A31-515435FD3BB5}.Release-DX11|Win32.Build.0 = Release-DX11|Win32
		{8188BB13-0B12-C110-2A31-515435FD3BB5}.Release-DX11|x64.ActiveCfg = Release-DX11|x64
		{8188BB13-0B12-C110-2A31-515435FD3BB5}.Release-DX11|x64.Build.0 = Release-DX11|x64
		{8188BB13-0B12-C110-2A31-515435FD3BB5}.Release-Vulkan|Win32.ActiveCfg = Release-Vulkan|Win32
		{8188BB13-0B12-C110-2A31-515435FD3BB5}.Release-Vulkan|Win32.Build.0 = Release-Vulkan|Win32
		{8188BB13-0B12-C110-2A31-515435FD3BB5}.Release-Vulkan|x64.ActiveCfg = Release-Vulkan|x64
		{8188BB13-0B12-C110-2A31-515435FD3BB5}.Release-Vulkan|x64.Build.0 = Release-Vulkan|x64
		{E1E9A4C1-97A8-44B7-8279-D287313C5B6B}.Debug-DX11|Win32.ActiveCfg = Debug-DX11|Win32
		{E1E9A4C1-97A8-44B7-8279-D287313C5B6B}.Debug-DX11|Win32.Build.0 = Debug-DX11|Win32
		{E1E9A4C1-97A8-44B7-8279-D287313C5B6B}.Debug-DX11|x64.ActiveCfg = Debug-DX11|x64
		{E1E9A4C1-97A8-44B7-8279-D287313C5B6B}.Debug-DX11|x64.Build.0 = Debug-DX11|x64
		{E1E9A4C1-97A8-44B7-8279-D287313C5B6B}.Debug-Vulkan|Win32.ActiveCfg = Debug-Vulkan|Win32
		{E1E9A4C1-97A8-44B7-8279-D287313C5B6B}.Debug-Vulkan|Win32.Build.0 = Debug-Vulkan|Win32
		{E1E9A4C1-97A8-44B7-8279-D287313C5B6B}.Debug-Vulkan|x64.ActiveCfg = Debug-Vulkan|x64
		{E1E9A4C1-97A8-44B7-8279-D287313C5B6B}.Debug-Vulkan|x64.Build.0 = Debug-Vulkan|x64
		{E1E9A4C1-97A8-44B7-8279-D287313C5B6B}.Release-DX11|Win32.ActiveCfg = Release-DX11|Win32
		{E1E9A4C1-97A8-44B7-8279-D287313C5B6B}.Release-DX11|Win32.Build.0 = Release-DX11|Win32
		{E1E9A4C1-97A8-44B7-8279-D287313C5B6B}.Release-DX11|x64.ActiveCfg = Release-DX11|x64
		{E1E9A4C1-97A8-44B7-8279-D287313C5B6B}.Release-DX11|x64.Build.0 = Release-DX11|x64
		{E1E9A4C1-97A8-44B7-8279-D287313C5B6B}.Release-Vulkan|Win32.ActiveCfg = Release-Vulkan|Win32
		{E1E9A4C1-97A8-44B7-8279-D287313C5B6B}.Release-Vulkan|Win32.Build.0 = Release-Vulkan|Win32
		{E1E9A4C1-97A8-44B7-8279-D287313C5B6B}.Release-Vulkan|x64.ActiveCfg = Release-Vulkan|x64
		{E1E9A4C1-97A8-44B7-8279-D287313C5B6B}.Release-Vulkan|x64.Build.0 = Release-Vulkan|x64
		{985D4936-5CC2-4E43-8B9A-A5F8B4D2CEB3}.Debug-DX11|Win32.ActiveCfg = Debug|Win32
		{985D4936-5CC2-4E43-8B9A-A5F8B4D2CEB3}.Debug-DX11|Win32.Build.0 = Debug|Win32
		{985D4936-5CC2-4E43-8B9A-A5F8B4D2CEB3}.Debug-DX11|x64.ActiveCfg = Debug|x64
		{985D4936-5CC2-4E43-8B9A-A5F8B4D2CEB3}.Debug-DX11|x64.Build.0 = Debug|x64
		{985D4936-5CC2-4E43-8B9A-A5F8B4D2CEB3}.Debug-Vulkan|Win32.ActiveCfg = Debug|Win32
		{985D4936-5CC2-4E43-8B9A-A5F8B4D2CEB3}.Debug-Vulkan|Win32.Build.0 = Debug|Win32
		{985D4936-5CC2-4E43-8B9A-A5F8B4D2CEB3}.Debug-Vulkan|x64.ActiveCfg = Debug|x64
		{985D4936-5CC2-4E43-8B9A-A5F8B4D2CEB3}.Debug-Vulkan|x64.Build.0 = Debug|x64
		{985D4936-5CC2-4E43-8B9A-A5F8B4D2CEB3}.Release-DX11|Win32.ActiveCfg = Release|Win32
		{985D4936-5CC2-4E43-8B9A-A5F8B4D2CEB3}.Release-DX11|Win32.Build.0 = Release|Win32
		{985D4936-5CC2-4E43-8B9A-A5F8B4D2CEB3}.Release-DX11|x64.ActiveCfg = Release|x64
		{985D4936-5CC2-4E43-8B9A-A5F8B4D2CEB3}.Release-DX11|x64.Build.0 = Release|x64
		{985D4936-5CC2-4E43-8B9A-A5F8B4D2CEB3}.Release-Vulkan|Win32.ActiveCfg = Release|Win32
		{985D4936-5CC2-4E43-8B9A-A5F8B4D2CEB3}.Release-Vulkan|Win32.Build.0 = Release|Win32
		{985D4936-5CC2-4E43-8B9A-A5F8B4D2CEB3}.Release-Vulkan|x64.ActiveCfg = Release|x64
		{985D4936-5CC2-4E43-8B9A-A5F8B4D2CEB3}.Release-Vulkan|x64.Build.0 = Release|x64
		{7DA4D304-37A9-4CD2-B30E-032B1C92A14E}.Debug-DX11|Win32.ActiveCfg = Release|x64
		{7DA4D304-37A9-4CD2-B30E-032B1C92A14E}.Debug-DX11|Win32.Build.0 = Release|x64
		{7DA4D304-37A9-4CD2-B30E-032B1C92A14E}.Debug-DX11|x64.ActiveCfg = Debug|x64
		{7DA4D304-37A9-4CD2-B30E-032B1C92A14E}.Debug-DX11|x64.Build.0 = Debug|x64
		{7DA4D304-37A9-4CD2-B30E-032B1C92A14E}.Debug-Vulkan|Win32.ActiveCfg = Release|x64
		{7DA4D304-37A9-4CD2-B30E-032B1C92A14E}.Debug-Vulkan|Win32.Build.0 = Release|x64
		{7DA4D304-37A9-4CD2-B30E-032B1C92A14E}.Debug-Vulkan|x64.ActiveCfg = Debug|x64
		{7DA4D304-37A9-4CD2-B30E-032B1C92A14E}.Debug-Vulkan|x64.Build.0 = Debug|x64
		{7DA4D304-37A9-4CD2-B30E-032B1C92A14E}.Release-DX11|Win32.ActiveCfg = Release|x64
		{7DA4D304-37A9-4CD2-B30E-032B1C92A14E}.Release-DX11|Win32.Build.0 = Release|x64
		{7DA4D304-37A9-4CD2-B30E-032B1C92A14E}.Release-DX11|x64.ActiveCfg = Release|x64
		{7DA4D304-37A9-4CD2-B30E-032B1C92A14E}.Release-DX11|x64.Build.0 = Release|x64
		{7DA4D304-37A9-4CD2-B30E-032B1C92A14E}.Release-Vulkan|Win32.ActiveCfg = Release|x64
		{7DA4D304-37A9-4CD2-B30E-032B1C92A14E}.Release-Vulkan|Win32.Build.0 = Release|x64
		{7DA4D304-37A9-4CD2-B30E-032B1C92A14E}.Release-Vulkan|x64.ActiveCfg = Release|x64
		{7DA4D304-37A9-4CD2-B30E-032B1C92A14E}.Release-Vulkan|x64.Build.0 = Release|x64
		{8FDEBB1D-43B9-4922-AD51-4E58A0D71FBC}.Debug-DX11|Win32.ActiveCfg = Release|x64
		{8FDEBB1D-43B9-4922-AD51-4E58A0D71FBC}.Debug-DX11|Win32.Build.0 = Release|x64
		{8FDEBB1D-43B9-4922-AD51-4E58A0D71FBC}.Debug-DX11|x64.ActiveCfg = Debug|x64
		{8FDEBB1D-43B9-4922-AD51-4E58A0D71FBC}.Debug-DX11|x64.Build.0 = Debug|x64
		{8FDEBB1D-43B9-4922-AD51-4E58A0D71FBC}.Debug-Vulkan|Win32.ActiveCfg = Release|x64
		{8FDEBB1D-43B9-4922-AD51-4E58A0D71FBC}.Debug-Vulkan|Win32.Build.0 = Release|x64
		{8FDEBB1D-43B9-4922-AD51-4E58A0D71FBC}.Debug-Vulkan|x64.ActiveCfg = Debug|x64
		{8FDEBB1D-43B9-4922-AD51-4E58A0D71FBC}.Debug-Vulkan|x64.Build.0 = Debug|x64
		{8FDEBB1D-43B9-4922-AD51-4E58A0D71FBC}.Release-DX11|Win32.ActiveCfg = Release|x64
		{8FDEBB1D-43B9-4922-AD51-4E58A0D71FBC}.Release-DX11|Win32.Build.0 = Release|x64
		{8FDEBB1D-43B9-4922-AD51-4E58A0D71FBC}.Release-DX11|x64.ActiveCfg = Release|x64
		{8FDEBB1D-43B9-4922-AD51-4E58A0D71FBC}.Release-DX11|x64.Build.0 = Release|x64
		{8FDEBB1D-43B9-4922-AD51-4E58A0D71FBC}.Release-Vulkan|Win32.ActiveCfg = Release|x64
		{8FDEBB1D-43B9-4922-AD51-4E58A0D71FBC}.Release-Vulkan|Win32.Build.0 = Release|x64
		{8FDEBB1D-43B9-4922-AD51-4E58A0D71FBC}.Release-Vulkan|x64.ActiveCfg = Release|x64
		{8FDEBB1D-43B9-4922-AD51-4E58A0D71FBC}.Release-Vulkan|x64.Build.0 = Release|x64
		{F47F1B0A-AE7C-482A-BAF8-D47A6B09B817}.Debug-DX11|Win32.ActiveCfg = Debug-DX11|Win32
		{F47F1B0A-AE7C-482A-BAF8-D47A6B09B817}.Debug-DX11|Win32.Build.0 = Debug-DX11|Win32
		{F47F1B0A-AE7C-482A-BAF8-D47A6B09B817}.Debug-DX11|x64.ActiveCfg = Debug-DX11|x64
		{F47F1B0A-AE7C-482A-BAF8-D47A6B09B817}.Debug-DX11|x64.Build.0 = Debug-DX11|x64
		{F47F1B0A-AE7C-482A-BAF8-D47A6B09B817}.Debug-Vulkan|Win32.ActiveCfg = Debug-Vulkan|Win32
		{F47F1B0A-AE7C-482A-BAF8-D47A6B09B817}.Debug-Vulkan|Win32.Build.0 = Debug-Vulkan|Win32
		{F47F1B0A-AE7C-482A-BAF8-D47A6B09B817}.Debug-Vulkan|x64.ActiveCfg = Debug-Vulkan|x64
		{F47F1B0A-AE7C-482A-BAF8-D47A6B09B817}.Debug-Vulkan|x64.Build.0 = Debug-Vulkan|x64
		{F47F1B0A-AE7C-482A-BAF8-D47A6B09B817}.Release-DX11|Win32.ActiveCfg = Release-DX11|Win32
		{F47F1B0A-AE7C-482A-BAF8-D47A6B09B817}.Release-DX11|Win32.Build.0 = Release-DX11|Win32
		{F47F1B0A-AE7C-482A-BAF8-D47A6B09B817}.Release-DX11|x64.ActiveCfg = Release-DX11|x64
		{F47F1B0A-AE7C-482A-BAF8-D47A6B09B817}.Release-DX11|x64.Build.0 = Release-DX11|x64
		{F47F1B0A-AE7C-482A-BAF8-D47A6B09B817}.Release-Vulkan|Win32.ActiveCfg = Release-Vulkan|Win32
		{F47F1B0A-AE7C-482A-BAF8-D47A6B09B817}.Release-Vulkan|Win32.Build.0 = Release-Vulkan|Win32
		{F47F1B0A-AE7C-482A-BAF8-D47A6B09B817}.Release-Vulkan|x64.ActiveCfg = Release-Vulkan|x64
		{F47F1B0A-AE7C-482A-BAF8-D47A6B09B817}.Release-Vulkan|x64.Build.0 = Release-Vulkan|x64
		{B7539653-6E9C-4493-8023-D4A2BFFCD8E2}.Debug-DX11|Win32.ActiveCfg = Debug|x86
		{B7539653-6E9C-4493-8023-D4A2BFFCD8E2}.Debug-DX11|Win32.Build.0 = Debug|x86
		{B7539653-6E9C-4493-8023-D4A2BFFCD8E2}.Debug-DX11|x64.ActiveCfg = Debug|x64
		{B7539653-6E9C-4493-8023-D4A2BFFCD8E2}.Debug-DX11|x64.Build.0 = Debug|x64
		{B7539653-6E9C-4493-8023-D4A2BFFCD8E2}.Debug-Vulkan|Win32.ActiveCfg = Debug|x86
		{B7539653-6E9C-4493-8023-D4A2BFFCD8E2}.Debug-Vulkan|Win32.Build.0 = Debug|x86
		{B7539653-6E9C-4493-8023-D4A2BFFCD8E2}.Debug-Vulkan|x64.ActiveCfg = Debug|x64
		{B7539653-6E9C-4493-8023-D4A2BFFCD8E2}.Debug-Vulkan|x64.Build.0 = Debug|x64
		{B7539653-6E9C-4493-8023-D4A2BFFCD8E2}.Release-DX11|Win32.ActiveCfg = Release|x86
		{B7539653-6E9C-4493-8023-D4A2BFFCD8E2}.Release-DX11|Win32.Build.0 = Release|x86
		{B7539653-6E9C-4493-8023-D4A2BFFCD8E2}.Release-DX11|x64.ActiveCfg = Release|x64
		{B7539653-6E9C-4493-8023-D4A2BFFCD8E2}.Release-DX11|x64.Build.0 = Release|x64
		{B7539653-6E9C-4493-8023-D4A2BFFCD8E2}.Release-Vulkan|Win32.ActiveCfg = Release|x86
		{B7539653-6E9C-4493-8023-D4A2BFFCD8E2}.Release-Vulkan|Win32.Build.0 = Release|x86
		{B7539653-6E9C-4493-8023-D4A2BFFCD8E2}.Release-Vulkan|x64.ActiveCfg = Release|x64
		{B7539653-6E9C-4493-8023-D4A2BFFCD8E2}.Release-Vulkan|x64.Build.0 = Release|x64
		{A3EC21DB-3586-490F-B30B-5DA403D908B5}.Debug-DX11|Win32.ActiveCfg = Debug|Win32
		{A3EC21DB-3586-490F-B30B-5DA403D908B5}.Debug-DX11|Win32.Build.0 = Debug|Win32
		{A3EC21DB-3586-490F-B30B-5DA403D908B5}.Debug-DX11|x64.ActiveCfg = Debug|x64
		{A3EC21DB-3586-490F-B30B-5DA403D908B5}.Debug-DX11|x64.Build.0 = Debug|x64
		{A3EC21DB-3586-490F-B30B-5DA403D908B5}.Debug-Vulkan|Win32.ActiveCfg = Debug|Win32
		{A3EC21DB-3586-490F-B30B-5DA403D908B5}.Debug-Vulkan|Win32.Build.0 = Debug|Win32
		{A3EC21DB-3586-490F-B30B-5DA403D908B5}.Debug-Vulkan|x64.ActiveCfg = Debug|x64
		{A3EC21DB-3586-490F-B30B-5DA403D908B5}.Debug-Vulkan|x64.Build.0 = Debug|x64
		{A3EC21DB-3586-490F-B30B-5DA403D908B5}.Release-DX11|Win32.ActiveCfg = Release|Win32
		{A3EC21DB-3586-490F-B30B-5DA403D908B5}.Release-DX11|Win32.Build.0 = Release|Win32
		{A3EC21DB-3586-490F-B30B-5DA403D908B5}.Release-DX11|x64.ActiveCfg = Release|x64
		{A3EC21DB-3586-490F-B30B-5DA403D908B5}.Release-DX11|x64.Build.0 = Release|x64
		{A3EC21DB-3586-490F-B30B-5DA403D908B5}.Release-Vulkan|Win32.ActiveCfg = Release|Win32
		{A3EC21DB-3586-490F-B30B-5DA403D908B5}.Release-Vulkan|Win32.Build.0 = Release|Win32
		{A3EC21DB-3586-490F-B30B-5DA403D908B5}.Release-Vulkan|x64.ActiveCfg = Release|x64
		{A3EC21DB-3586-490F-B30B-5DA403D908B5}.Release-Vulkan|x64.Build.0 = Release|x64
		{8333F974-4932-460E-8551-EF88D2B7DB79}.Debug-DX11|Win32.ActiveCfg = Release|x64
		{8333F974-4932-460E-8551-EF88D2B7DB79}.Debug-DX11|Win32.Build.0 = Release|x64
		{8333F974-4932-460E-8551-EF88D2B7DB79}.Debug-DX11|x64.ActiveCfg = Debug|x64
		{8333F974-4932-460E-8551-EF88D2B7DB79}.Debug-DX11|x64.Build.0 = Debug|x64
		{8333F974-4932-460E-8551-EF88D2B7DB79}.Debug-Vulkan|Win32.ActiveCfg = Release|x64
		{8333F974-4932-460E-8551-EF88D2B7DB79}.Debug-Vulkan|Win32.Build.0 = Release|x64
		{8333F974-4932-460E-8551-EF88D2B7DB79}.Debug-Vulkan|x64.ActiveCfg = Debug|x64
		{8333F974-4932-460E-8551-EF88D2B7DB79}.Debug-Vulkan|x64.Build.0 = Debug|x64
		{8333F974-4932-460E-8551-EF88D2B7DB79}.Release-DX11|Win32.ActiveCfg = Release|x64
		{8333F974-4932-460E-8551-EF88D2B7DB79}.Release-DX11|Win32.Build.0 = Release|x64
		{8333F974-4932-460E-8551-EF88D2B7DB79}.Release-DX11|x64.ActiveCfg = Release|x64
		{8333F974-4932-460E-8551-EF88D2B7DB79}.Release-DX11|x64.Build.0 = Release|x64
		{8333F974-4932-460E-8551-EF88D2B7DB79}.Release-Vulkan|Win32.ActiveCfg = Release|x64
		{8333F974-4932-460E-8551-EF88D2B7DB79}.Release-Vulkan|Win32.Build.0 = Release|x64
		{8333F974-4932-460E-8551-EF88D2B7DB79}.Release-Vulkan|x64.ActiveCfg = Release|x64
		{8333F974-4932-460E-8551-EF88D2B7DB79}.Release-Vulkan|x64.Build.0 = Release|x64
		{8EAAA859-349E-4605-A0AF-118017881212}.Debug-DX11|Win32.ActiveCfg = Debug|Any CPU
		{8EAAA859-349E-4605-A0AF-118017881212}.Debug-DX11|Win32.Build.0 = Debug|Any CPU
		{8EAAA859-349E-4605-A0AF-118017881212}.Debug-DX11|x64.ActiveCfg = Debug|Any CPU
		{8EAAA859-349E-4605-A0AF-118017881212}.Debug-DX11|x64.Build.0 = Debug|Any CPU
		{8EAAA859-349E-4605-A0AF-118017881212}.Debug-Vulkan|Win32.ActiveCfg = Debug|Any CPU
		{8EAAA859-349E-4605-A0AF-118017881212}.Debug-Vulkan|Win32.Build.0 = Debug|Any CPU
		{8EAAA859-349E-4605-A0AF-118017881212}.Debug-Vulkan|x64.ActiveCfg = Debug|Any CPU
		{8EAAA859-349E-4605-A0AF-118017881212}.Debug-Vulkan|x64.Build.0 = Debug|Any CPU
		{8EAAA859-349E-4605-A0AF-118017881212}.Release-DX11|Win32.ActiveCfg = Release|Any CPU
		{8EAAA859-349E-4605-A0AF-118017881212}.Release-DX11|Win32.Build.0 = Release|Any CPU
		{8EAAA859-349E-4605-A0AF-118017881212}.Release-DX11|x64.ActiveCfg = Release|Any CPU
		{8EAAA859-349E-4605-A0AF-118017881212}.Release-DX11|x64.Build.0 = Release|Any CPU
		{8EAAA859-349E-4605-A0AF-118017881212}.Release-Vulkan|Win32.ActiveCfg = Release|Any CPU
		{8EAAA859-349E-4605-A0AF-118017881212}.Release-Vulkan|Win32.Build.0 = Release|Any CPU
		{8EAAA859-349E-4605-A0AF-118017881212}.Release-Vulkan|x64.ActiveCfg = Release|Any CPU
		{8EAAA859-349E-4605-A0AF-118017881212}.Release-Vulkan|x64.Build.0 = Release|Any CPU
		{7626C65E-8DF3-42E0-B9CB-414561C50BC5}.Debug-DX11|Win32.ActiveCfg = Debug|Win32
		{7626C65E-8DF3-42E0-B9CB-414561C50BC5}.Debug-DX11|Win32.Build.0 = Debug|Win32
		{7626C65E-8DF3-42E0-B9CB-414561C50BC5}.Debug-DX11|x64.ActiveCfg = Debug|x64
		{7626C65E-8DF3-42E0-B9CB-414561C50BC5}.Debug-DX11|x64.Build.0 = Debug|x64
		{7626C65E-8DF3-42E0-B9CB-414561C50BC5}.Debug-Vulkan|Win32.ActiveCfg = Debug|Win32
		{7626C65E-8DF3-42E0-B9CB-414561C50BC5}.Debug-Vulkan|Win32.Build.0 = Debug|Win32
		{7626C65E-8DF3-42E0-B9CB-414561C50BC5}.Debug-Vulkan|x64.ActiveCfg = Debug|x64
		{7626C65E-8DF3-42E0-B9CB-414561C50BC5}.Debug-Vulkan|x64.Build.0 = Debug|x64
		{7626C65E-8DF3-42E0-B9CB-414561C50BC5}.Release-DX11|Win32.ActiveCfg = Release|Win32
		{7626C65E-8DF3-42E0-B9CB-414561C50BC5}.Release-DX11|Win32.Build.0 = Release|Win32
		{7626C65E-8DF3-42E0-B9CB-414561C50BC5}.Release-DX11|x64.ActiveCfg = Release|x64
		{7626C65E-8DF3-42E0-B9CB-414561C50BC5}.Release-DX11|x64.Build.0 = Release|x64
		{7626C65E-8DF3-42E0-B9CB-414561C50BC5}.Release-Vulkan|Win32.ActiveCfg = Release|Win32
		{7626C65E-8DF3-42E0-B9CB-414561C50BC5}.Release-Vulkan|Win32.Build.0 = Release|Win32
		{7626C65E-8DF3-42E0-B9CB-414561C50BC5}.Release-Vulkan|x64.ActiveCfg = Release|x64
		{7626C65E-8DF3-42E0-B9CB-414561C50BC5}.Release-Vulkan|x64.Build.0 = Release|x64
		{7CA8451F-13AD-433B-BABA-84B870B2D627}.Debug-DX11|Win32.ActiveCfg = Debug|x86
		{7CA8451F-13AD-433B-BABA-84B870B2D627}.Debug-DX11|Win32.Build.0 = Debug|x86
		{7CA8451F-13AD-433B-BABA-84B870B2D627}.Debug-DX11|x64.ActiveCfg = Debug|x64
		{7CA8451F-13AD-433B-BABA-84B870B2D627}.Debug-DX11|x64.Build.0 = Debug|x64
		{7CA8451F-13AD-433B-BABA-84B870B2D627}.Debug-Vulkan|Win32.ActiveCfg = Debug|x86
		{7CA8451F-13AD-433B-BABA-84B870B2D627}.Debug-Vulkan|Win32.Build.0 = Debug|x86
		{7CA8451F-13AD-433B-BABA-84B870B2D627}.Debug-Vulkan|x64.ActiveCfg = Debug|x64
		{7CA8451F-13AD-433B-BABA-84B870B2D627}.Debug-Vulkan|x64.Build.0 = Debug|x64
		{7CA8451F-13AD-433B-BABA-84B870B2D627}.Release-DX11|Win32.ActiveCfg = Release|x86
		{7CA8451F-13AD-433B-BABA-84B870B2D627}.Release-DX11|Win32.Build.0 = Release|x86
		{7CA8451F-13AD-433B-BABA-84B870B2D627}.Release-DX11|x64.ActiveCfg = Release|x64
		{7CA8451F-13AD-433B-BABA-84B870B2D627}.Release-DX11|x64.Build.0 = Release|x64
		{7CA8451F-13AD-433B-BABA-84B870B2D627}.Release-Vulkan|Win32.ActiveCfg = Release|x86
		{7CA8451F-13AD-433B-BABA-84B870B2D627}.Release-Vulkan|Win32.Build.0 = Release|x86
		{7CA8451F-13AD-433B-BABA-84B870B2D627}.Release-Vulkan|x64.ActiveCfg = Release|x64
		{7CA8451F-13AD-433B-BABA-84B870B2D627}.Release-Vulkan|x64.Build.0 = Release|x64
		{7B0CF4F1-A7C4-4E7D-B16A-24E23F0DFB12}.Debug-DX11|Win32.ActiveCfg = Debug|Win32
		{7B0CF4F1-A7C4-4E7D-B16A-24E23F0DFB12}.Debug-DX11|Win32.Build.0 = Debug|Win32
		{7B0CF4F1-A7C4-4E7D-B16A-24E23F0DFB12}.Debug-DX11|x64.ActiveCfg = Debug|x64
		{7B0CF4F1-A7C4-4E7D-B16A-24E23F0DFB12}.Debug-DX11|x64.Build.0 = Debug|x64
		{7B0CF4F1-A7C4-4E7D-B16A-24E23F0DFB12}.Debug-Vulkan|Win32.ActiveCfg = Debug|Win32
		{7B0CF4F1-A7C4-4E7D-B16A-24E23F0DFB12}.Debug-Vulkan|Win32.Build.0 = Debug|Win32
		{7B0CF4F1-A7C4-4E7D-B16A-24E23F0DFB12}.Debug-Vulkan|x64.ActiveCfg = Debug|x64
		{7B0CF4F1-A7C4-4E7D-B16A-24E23F0DFB12}.Debug-Vulkan|x64.Build.0 = Debug|x64
		{7B0CF4F1-A7C4-4E7D-B16A-24E23F0DFB12}.Release-DX11|Win32.ActiveCfg = Release|Win32
		{7B0CF4F1-A7C4-4E7D-B16A-24E23F0DFB12}.Release-DX11|Win32.Build.0 = Release|Win32
		{7B0CF4F1-A7C4-4E7D-B16A-24E23F0DFB12}.Release-DX11|x64.ActiveCfg = Release|x64
		{7B0CF4F1-A7C4-4E7D-B16A-24E23F0DFB12}.Release-DX11|x64.Build.0 = Release|x64
		{7B0CF4F1-A7C4-4E7D-B16A-24E23F0DFB12}.Release-Vulkan|Win32.ActiveCfg = Release|Win32
		{7B0CF4F1-A7C4-4E7D-B16A-24E23F0DFB12}.Release-Vulkan|Win32.Build.0 = Release|Win32
		{7B0CF4F1-A7C4-4E7D-B16A-24E23F0DFB12}.Release-Vulkan|x64.ActiveCfg = Release|x64
		{7B0CF4F1-A7C4-4E7D-B16A-24E23F0DFB12}.Release-Vulkan|x64.Build.0 = Release|x64
		{788B1D28-29DD-4F5C-BF04-4A8D5866CDE5}.Debug-DX11|Win32.ActiveCfg = Debug|x86
		{788B1D28-29DD-4F5C-BF04-4A8D5866CDE5}.Debug-DX11|Win32.Build.0 = Debug|x86
		{788B1D28-29DD-4F5C-BF04-4A8D5866CDE5}.Debug-DX11|x64.ActiveCfg = Debug|x64
		{788B1D28-29DD-4F5C-BF04-4A8D5866CDE5}.Debug-DX11|x64.Build.0 = Debug|x64
		{788B1D28-29DD-4F5C-BF04-4A8D5866CDE5}.Debug-Vulkan|Win32.ActiveCfg = Debug|x86
		{788B1D28-29DD-4F5C-BF04-4A8D5866CDE5}.Debug-Vulkan|Win32.Build.0 = Debug|x86
		{788B1D28-29DD-4F5C-BF04-4A8D5866CDE5}.Debug-Vulkan|x64.ActiveCfg = Debug|x64
		{788B1D28-29DD-4F5C-BF04-4A8D5866CDE5}.Debug-Vulkan|x64.Build.0 = Debug|x64
		{788B1D28-29DD-4F5C-BF04-4A8D5866CDE5}.Release-DX11|Win32.ActiveCfg = Release|x86
		{788B1D28-29DD-4F5C-BF04-4A8D5866CDE5}.Release-DX11|Win32.Build.0 = Release|x86
		{788B1D28-29DD-4F5C-BF04-4A8D5866CDE5}.Release-DX11|x64.ActiveCfg = Release|x64
		{788B1D28-29DD-4F5C-BF04-4A8D5866CDE5}.Release-DX11|x64.Build.0 = Release|x64
		{788B1D28-29DD-4F5C-BF04-4A8D5866CDE5}.Release-Vulkan|Win32.ActiveCfg = Release|x86
		{788B1D28-29DD-4F5C-BF04-4A8D5866CDE5}.Release-Vulkan|Win32.Build.0 = Release|x86
		{788B1D28-29DD-4F5C-BF04-4A8D5866CDE5}.Release-Vulkan|x64.ActiveCfg = Release|x64
		{788B1D28-29DD-4F5C-BF04-4A8D5866CDE5}.Release-Vulkan|x64.Build.0 = Release|x64
		{FFA59DBC-FD8A-4738-B693-CD384478D73F}.Debug-DX11|Win32.ActiveCfg = Debug|x86
		{FFA59DBC-FD8A-4738-B693-CD384478D73F}.Debug-DX11|Win32.Build.0 = Debug|x86
		{FFA59DBC-FD8A-4738-B693-CD384478D73F}.Debug-DX11|x64.ActiveCfg = Debug|x64
		{FFA59DBC-FD8A-4738-B693-CD384478D73F}.Debug-DX11|x64.Build.0 = Debug|x64
		{FFA59DBC-FD8A-4738-B693-CD384478D73F}.Debug-Vulkan|Win32.ActiveCfg = Debug|x86
		{FFA59DBC-FD8A-4738-B693-CD384478D73F}.Debug-Vulkan|Win32.Build.0 = Debug|x86
		{FFA59DBC-FD8A-4738-B693-CD384478D73F}.Debug-Vulkan|x64.ActiveCfg = Debug|x64
		{FFA59DBC-FD8A-4738-B693-CD384478D73F}.Debug-Vulkan|x64.Build.0 = Debug|x64
		{FFA59DBC-FD8A-4738-B693-CD384478D73F}.Release-DX11|Win32.ActiveCfg = Release|x86
		{FFA59DBC-FD8A-4738-B693-CD384478D73F}.Release-DX11|Win32.Build.0 = Release|x86
		{FFA59DBC-FD8A-4738-B693-CD384478D73F}.Release-DX11|x64.ActiveCfg = Release|x64
		{FFA59DBC-FD8A-4738-B693-CD384478D73F}.Release-DX11|x64.Build.0 = Release|x64
		{FFA59DBC-FD8A-4738-B693-CD384478D73F}.Release-Vulkan|Win32.ActiveCfg = Release|x86
		{FFA59DBC-FD8A-4738-B693-CD384478D73F}.Release-Vulkan|Win32.Build.0 = Release|x86
		{FFA59DBC-FD8A-4738-B693-CD384478D73F}.Release-Vulkan|x64.ActiveCfg = Release|x64
		{FFA59DBC-FD8A-4738-B693-CD384478D73F}.Release-Vulkan|x64.Build.0 = Release|x64
		{75AED629-A689-4EEA-8276-DF6F0FB0F94B}.Debug-DX11|Win32.ActiveCfg = Debug|x86
		{75AED629-A689-4EEA-8276-DF6F0FB0F94B}.Debug-DX11|Win32.Build.0 = Debug|x86
		{75AED629-A689-4EEA-8276-DF6F0FB0F94B}.Debug-DX11|x64.ActiveCfg = Debug|x64
		{75AED629-A689-4EEA-8276-DF6F0FB0F94B}.Debug-DX11|x64.Build.0 = Debug|x64
		{75AED629-A689-4EEA-8276-DF6F0FB0F94B}.Debug-Vulkan|Win32.ActiveCfg = Debug|x86
		{75AED629-A689-4EEA-8276-DF6F0FB0F94B}.Debug-Vulkan|Win32.Build.0 = Debug|x86
		{75AED629-A689-4EEA-8276-DF6F0FB0F94B}.Debug-Vulkan|x64.ActiveCfg = Debug|x64
		{75AED629-A689-4EEA-8276-DF6F0FB0F94B}.Debug-Vulkan|x64.Build.0 = Debug|x64
		{75AED629-A689-4EEA-8276-DF6F0FB0F94B}.Release-DX11|Win32.ActiveCfg = Release|x86
		{75AED629-A689-4EEA-8276-DF6F0FB0F94B}.Release-DX11|Win32.Build.0 = Release|x86
		{75AED629-A689-4EEA-8276-DF6F0FB0F94B}.Release-DX11|x64.ActiveCfg = Release|x64
		{75AED629-A689-4EEA-8276-DF6F0FB0F94B}.Release-DX11|x64.Build.0 = Release|x64
		{75AED629-A689-4EEA-8276-DF6F0FB0F94B}.Release-Vulkan|Win32.ActiveCfg = Release|x86
		{75AED629-A689-4EEA-8276-DF6F0FB0F94B}.Release-Vulkan|Win32.Build.0 = Release|x86
		{75AED629-A689-4EEA-8276-DF6F0FB0F94B}.Release-Vulkan|x64.ActiveCfg = Release|x64
		{75AED629-A689-4EEA-8276-DF6F0FB0F94B}.Release-Vulkan|x64.Build.0 = Release|x64
		{4DBFE2CF-45E4-4594-8E6A-5EBC2EEF85AE}.Debug-DX11|Win32.ActiveCfg = Debug|x86
		{4DBFE2CF-45E4-4594-8E6A-5EBC2EEF85AE}.Debug-DX11|Win32.Build.0 = Debug|x86
		{4DBFE2CF-45E4-4594-8E6A-5EBC2EEF85AE}.Debug-DX11|x64.ActiveCfg = Debug|Any CPU
		{4DBFE2CF-45E4-4594-8E6A-5EBC2EEF85AE}.Debug-DX11|x64.Build.0 = Debug|Any CPU
		{4DBFE2CF-45E4-4594-8E6A-5EBC2EEF85AE}.Debug-Vulkan|Win32.ActiveCfg = Debug|x86
		{4DBFE2CF-45E4-4594-8E6A-5EBC2EEF85AE}.Debug-Vulkan|Win32.Build.0 = Debug|x86
		{4DBFE2CF-45E4-4594-8E6A-5EBC2EEF85AE}.Debug-Vulkan|x64.ActiveCfg = Debug|Any CPU
		{4DBFE2CF-45E4-4594-8E6A-5EBC2EEF85AE}.Debug-Vulkan|x64.Build.0 = Debug|Any CPU
		{4DBFE2CF-45E4-4594-8E6A-5EBC2EEF85AE}.Release-DX11|Win32.ActiveCfg = Release|x86
		{4DBFE2CF-45E4-4594-8E6A-5EBC2EEF85AE}.Release-DX11|Win32.Build.0 = Release|x86
		{4DBFE2CF-45E4-4594-8E6A-5EBC2EEF85AE}.Release-DX11|x64.ActiveCfg = Release|Any CPU
		{4DBFE2CF-45E4-4594-8E6A-5EBC2EEF85AE}.Release-DX11|x64.Build.0 = Release|Any CPU
		{4DBFE2CF-45E4-4594-8E6A-5EBC2EEF85AE}.Release-Vulkan|Win32.ActiveCfg = Release|x86
		{4DBFE2CF-45E4-4594-8E6A-5EBC2EEF85AE}.Release-Vulkan|Win32.Build.0 = Release|x86
		{4DBFE2CF-45E4-4594-8E6A-5EBC2EEF85AE}.Release-Vulkan|x64.ActiveCfg = Release|Any CPU
		{4DBFE2CF-45E4-4594-8E6A-5EBC2EEF85AE}.Release-Vulkan|x64.Build.0 = Release|Any CPU
		{B7525B97-9195-416A-8019-ED7F239CF3E8}.Debug-DX11|Win32.ActiveCfg = Debug-Vulkan|Win32
		{B7525B97-9195-416A-8019-ED7F239CF3E8}.Debug-DX11|Win32.Build.0 = Debug-Vulkan|Win32
		{B7525B97-9195-416A-8019-ED7F239CF3E8}.Debug-DX11|x64.ActiveCfg = Debug-Vulkan|x64
		{B7525B97-9195-416A-8019-ED7F239CF3E8}.Debug-DX11|x64.Build.0 = Debug-Vulkan|x64
		{B7525B97-9195-416A-8019-ED7F239CF3E8}.Debug-Vulkan|Win32.ActiveCfg = Debug-Vulkan|Win32
		{B7525B97-9195-416A-8019-ED7F239CF3E8}.Debug-Vulkan|Win32.Build.0 = Debug-Vulkan|Win32
		{B7525B97-9195-416A-8019-ED7F239CF3E8}.Debug-Vulkan|x64.ActiveCfg = Debug-Vulkan|x64
		{B7525B97-9195-416A-8019-ED7F239CF3E8}.Debug-Vulkan|x64.Build.0 = Debug-Vulkan|x64
		{B7525B97-9195-416A-8019-ED7F239CF3E8}.Release-DX11|Win32.ActiveCfg = Release-Vulkan|Win32
		{B7525B97-9195-416A-8019-ED7F239CF3E8}.Release-DX11|Win32.Build.0 = Release-Vulkan|Win32
		{B7525B97-9195-416A-8019-ED7F239CF3E8}.Release-DX11|x64.ActiveCfg = Release-Vulkan|x64
		{B7525B97-9195-416A-8019-ED7F239CF3E8}.Release-DX11|x64.Build.0 = Release-Vulkan|x64
		{B7525B97-9195-416A-8019-ED7F239CF3E8}.Release-Vulkan|Win32.ActiveCfg = Release-Vulkan|Win32
		{B7525B97-9195-416A-8019-ED7F239CF3E8}.Release-Vulkan|Win32.Build.0 = Release-Vulkan|Win32
		{B7525B97-9195-416A-8019-ED7F239CF3E8}.Release-Vulkan|x64.ActiveCfg = Release-Vulkan|x64
		{B7525B97-9195-416A-8019-ED7F239CF3E8}.Release-Vulkan|x64.Build.0 = Release-Vulkan|x64
		{BD081CBB-A7CD-47F3-A6A2-C72B72611326}.Debug-DX11|Win32.ActiveCfg = Debug|Win32
		{BD081CBB-A7CD-47F3-A6A2-C72B72611326}.Debug-DX11|Win32.Build.0 = Debug|Win32
		{BD081CBB-A7CD-47F3-A6A2-C72B72611326}.Debug-DX11|x64.ActiveCfg = Debug|x64
		{BD081CBB-A7CD-47F3-A6A2-C72B72611326}.Debug-DX11|x64.Build.0 = Debug|x64
		{BD081CBB-A7CD-47F3-A6A2-C72B72611326}.Debug-Vulkan|Win32.ActiveCfg = Debug|Win32
		{BD081CBB-A7CD-47F3-A6A2-C72B72611326}.Debug-Vulkan|Win32.Build.0 = Debug|Win32
		{BD081CBB-A7CD-47F3-A6A2-C72B72611326}.Debug-Vulkan|x64.ActiveCfg = Debug|x64
		{BD081CBB-A7CD-47F3-A6A2-C72B72611326}.Debug-Vulkan|x64.Build.0 = Debug|x64
		{BD081CBB-A7CD-47F3-A6A2-C72B72611326}.Release-DX11|Win32.ActiveCfg = Release|Win32
		{BD081CBB-A7CD-47F3-A6A2-C72B72611326}.Release-DX11|Win32.Build.0 = Release|Win32
		{BD081CBB-A7CD-47F3-A6A2-C72B72611326}.Release-DX11|x64.ActiveCfg = Release|x64
		{BD081CBB-A7CD-47F3-A6A2-C72B72611326}.Release-DX11|x64.Build.0 = Release|x64
		{BD081CBB-A7CD-47F3-A6A2-C72B72611326}.Release-Vulkan|Win32.ActiveCfg = Release|Win32
		{BD081CBB-A7CD-47F3-A6A2-C72B72611326}.Release-Vulkan|Win32.Build.0 = Release|Win32
		{BD081CBB-A7CD-47F3-A6A2-C72B72611326}.Release-Vulkan|x64.ActiveCfg = Release|x64
		{BD081CBB-A7CD-47F3-A6A2-C72B72611326}.Release-Vulkan|x64.Build.0 = Release|x64
		{BE4B2816-52BA-4A12-AC28-D338DA574CD2}.Debug-DX11|Win32.ActiveCfg = Debug-DX11|Win32
		{BE4B2816-52BA-4A12-AC28-D338DA574CD2}.Debug-DX11|Win32.Build.0 = Debug-DX11|Win32
		{BE4B2816-52BA-4A12-AC28-D338DA574CD2}.Debug-DX11|x64.ActiveCfg = Debug-DX11|x64
		{BE4B2816-52BA-4A12-AC28-D338DA574CD2}.Debug-DX11|x64.Build.0 = Debug-DX11|x64
		{BE4B2816-52BA-4A12-AC28-D338DA574CD2}.Debug-Vulkan|Win32.ActiveCfg = Debug-Vulkan|Win32
		{BE4B2816-52BA-4A12-AC28-D338DA574CD2}.Debug-Vulkan|Win32.Build.0 = Debug-Vulkan|Win32
		{BE4B2816-52BA-4A12-AC28-D338DA574CD2}.Debug-Vulkan|x64.ActiveCfg = Debug-Vulkan|x64
		{BE4B2816-52BA-4A12-AC28-D338DA574CD2}.Debug-Vulkan|x64.Build.0 = Debug-Vulkan|x64
		{BE4B2816-52BA-4A12-AC28-D338DA574CD2}.Release-DX11|Win32.ActiveCfg = Release-DX11|Win32
		{BE4B2816-52BA-4A12-AC28-D338DA574CD2}.Release-DX11|Win32.Build.0 = Release-DX11|Win32
		{BE4B2816-52BA-4A12-AC28-D338DA574CD2}.Release-DX11|x64.ActiveCfg = Release-DX11|x64
		{BE4B2816-52BA-4A12-AC28-D338DA574CD2}.Release-DX11|x64.Build.0 = Release-DX11|x64
		{BE4B2816-52BA-4A12-AC28-D338DA574CD2}.Release-Vulkan|Win32.ActiveCfg = Release-Vulkan|Win32
		{BE4B2816-52BA-4A12-AC28-D338DA574CD2}.Release-Vulkan|Win32.Build.0 = Release-Vulkan|Win32
		{BE4B2816-52BA-4A12-AC28-D338DA574CD2}.Release-Vulkan|x64.ActiveCfg = Release-Vulkan|x64
		{BE4B2816-52BA-4A12-AC28-D338DA574CD2}.Release-Vulkan|x64.Build.0 = Release-Vulkan|x64
		{591F95DE-0196-4223-997E-B47EE796BE4F}.Debug-DX11|Win32.ActiveCfg = Debug|Win32
		{591F95DE-0196-4223-997E-B47EE796BE4F}.Debug-DX11|Win32.Build.0 = Debug|Win32
		{591F95DE-0196-4223-997E-B47EE796BE4F}.Debug-DX11|x64.ActiveCfg = Debug|x64
		{591F95DE-0196-4223-997E-B47EE796BE4F}.Debug-DX11|x64.Build.0 = Debug|x64
		{591F95DE-0196-4223-997E-B47EE796BE4F}.Debug-Vulkan|Win32.ActiveCfg = Debug|Win32
		{591F95DE-0196-4223-997E-B47EE796BE4F}.Debug-Vulkan|Win32.Build.0 = Debug|Win32
		{591F95DE-0196-4223-997E-B47EE796BE4F}.Debug-Vulkan|x64.ActiveCfg = Debug|x64
		{591F95DE-0196-4223-997E-B47EE796BE4F}.Debug-Vulkan|x64.Build.0 = Debug|x64
		{591F95DE-0196-4223-997E-B47EE796BE4F}.Release-DX11|Win32.ActiveCfg = Release|Win32
		{591F95DE-0196-4223-997E-B47EE796BE4F}.Release-DX11|Win32.Build.0 = Release|Win32
		{591F95DE-0196-4223-997E-B47EE796BE4F}.Release-DX11|x64.ActiveCfg = Release|x64
		{591F95DE-0196-4223-997E-B47EE796BE4F}.Release-DX11|x64.Build.0 = Release|x64
		{591F95DE-0196-4223-997E-B47EE796BE4F}.Release-Vulkan|Win32.ActiveCfg = Release|Win32
		{591F95DE-0196-4223-997E-B47EE796BE4F}.Release-Vulkan|Win32.Build.0 = Release|Win32
		{591F95DE-0196-4223-997E-B47EE796BE4F}.Release-Vulkan|x64.ActiveCfg = Release|x64
		{591F95DE-0196-4223-997E-B47EE796BE4F}.Release-Vulkan|x64.Build.0 = Release|x64
		{88EC769E-BEF7-4F3B-A2FF-38BB6AE6C5C8}.Debug-DX11|Win32.ActiveCfg = Debug|x86
		{88EC769E-BEF7-4F3B-A2FF-38BB6AE6C5C8}.Debug-DX11|Win32.Build.0 = Debug|x86
		{88EC769E-BEF7-4F3B-A2FF-38BB6AE6C5C8}.Debug-DX11|x64.ActiveCfg = Debug|x64
		{88EC769E-BEF7-4F3B-A2FF-38BB6AE6C5C8}.Debug-DX11|x64.Build.0 = Debug|x64
		{88EC769E-BEF7-4F3B-A2FF-38BB6AE6C5C8}.Debug-Vulkan|Win32.ActiveCfg = Debug|x86
		{88EC769E-BEF7-4F3B-A2FF-38BB6AE6C5C8}.Debug-Vulkan|Win32.Build.0 = Debug|x86
		{88EC769E-BEF7-4F3B-A2FF-38BB6AE6C5C8}.Debug-Vulkan|x64.ActiveCfg = Debug|x64
		{88EC769E-BEF7-4F3B-A2FF-38BB6AE6C5C8}.Debug-Vulkan|x64.Build.0 = Debug|x64
		{88EC769E-BEF7-4F3B-A2FF-38BB6AE6C5C8}.Release-DX11|Win32.ActiveCfg = Release|x86
		{88EC769E-BEF7-4F3B-A2FF-38BB6AE6C5C8}.Release-DX11|Win32.Build.0 = Release|x86
		{88EC769E-BEF7-4F3B-A2FF-38BB6AE6C5C8}.Release-DX11|x64.ActiveCfg = Release|x64
		{88EC769E-BEF7-4F3B-A2FF-38BB6AE6C5C8}.Release-DX11|x64.Build.0 = Release|x64
		{88EC769E-BEF7-4F3B-A2FF-38BB6AE6C5C8}.Release-Vulkan|Win32.ActiveCfg = Release|x86
		{88EC769E-BEF7-4F3B-A2FF-38BB6AE6C5C8}.Release-Vulkan|Win32.Build.0 = Release|x86
		{88EC769E-BEF7-4F3B-A2FF-38BB6AE6C5C8}.Release-Vulkan|x64.ActiveCfg = Release|x64
		{88EC769E-BEF7-4F3B-A2FF-38BB6AE6C5C8}.Release-Vulkan|x64.Build.0 = Release|x64
		{CDD52A7F-4A25-4BA0-A35E-5725EC73546D}.Debug-DX11|Win32.ActiveCfg = Debug-DX11|Win32
		{CDD52A7F-4A25-4BA0-A35E-5725EC73546D}.Debug-DX11|Win32.Build.0 = Debug-DX11|Win32
		{CDD52A7F-4A25-4BA0-A35E-5725EC73546D}.Debug-DX11|x64.ActiveCfg = Debug-DX11|x64
		{CDD52A7F-4A25-4BA0-A35E-5725EC73546D}.Debug-DX11|x64.Build.0 = Debug-DX11|x64
		{CDD52A7F-4A25-4BA0-A35E-5725EC73546D}.Debug-Vulkan|Win32.ActiveCfg = Debug-Vulkan|Win32
		{CDD52A7F-4A25-4BA0-A35E-5725EC73546D}.Debug-Vulkan|Win32.Build.0 = Debug-Vulkan|Win32
		{CDD52A7F-4A25-4BA0-A35E-5725EC73546D}.Debug-Vulkan|x64.ActiveCfg = Debug-Vulkan|x64
		{CDD52A7F-4A25-4BA0-A35E-5725EC73546D}.Debug-Vulkan|x64.Build.0 = Debug-Vulkan|x64
		{CDD52A7F-4A25-4BA0-A35E-5725EC73546D}.Release-DX11|Win32.ActiveCfg = Release-DX11|Win32
		{CDD52A7F-4A25-4BA0-A35E-5725EC73546D}.Release-DX11|Win32.Build.0 = Release-DX11|Win32
		{CDD52A7F-4A25-4BA0-A35E-5725EC73546D}.Release-DX11|x64.ActiveCfg = Release-DX11|x64
		{CDD52A7F-4A25-4BA0-A35E-5725EC73546D}.Release-DX11|x64.Build.0 = Release-DX11|x64
		{CDD52A7F-4A25-4BA0-A35E-5725EC73546D}.Release-Vulkan|Win32.ActiveCfg = Release-Vulkan|Win32
		{CDD52A7F-4A25-4BA0-A35E-5725EC73546D}.Release-Vulkan|Win32.Build.0 = Release-Vulkan|Win32
		{CDD52A7F-4A25-4BA0-A35E-5725EC73546D}.Release-Vulkan|x64.ActiveCfg = Release-Vulkan|x64
		{CDD52A7F-4A25-4BA0-A35E-5725EC73546D}.Release-Vulkan|x64.Build.0 = Release-Vulkan|x64
		{0446C86B-F47B-4C46-B673-C7AE0CFF35D5}.Debug-DX11|Win32.ActiveCfg = Debug|Win32
		{0446C86B-F47B-4C46-B673-C7AE0CFF35D5}.Debug-DX11|Win32.Build.0 = Debug|Win32
		{0446C86B-F47B-4C46-B673-C7AE0CFF35D5}.Debug-DX11|x64.ActiveCfg = Debug|x64
		{0446C86B-F47B-4C46-B673-C7AE0CFF35D5}.Debug-DX11|x64.Build.0 = Debug|x64
		{0446C86B-F47B-4C46-B673-C7AE0CFF35D5}.Debug-Vulkan|Win32.ActiveCfg = Debug|Win32
		{0446C86B-F47B-4C46-B673-C7AE0CFF35D5}.Debug-Vulkan|Win32.Build.0 = Debug|Win32
		{0446C86B-F47B-4C46-B673-C7AE0CFF35D5}.Debug-Vulkan|x64.ActiveCfg = Debug|x64
		{0446C86B-F47B-4C46-B673-C7AE0CFF35D5}.Debug-Vulkan|x64.Build.0 = Debug|x64
		{0446C86B-F47B-4C46-B673-C7AE0CFF35D5}.Release-DX11|Win32.ActiveCfg = Release|Win32
		{0446C86B-F47B-4C46-B673-C7AE0CFF35D5}.Release-DX11|Win32.Build.0 = Release|Win32
		{0446C86B-F47B-4C46-B673-C7AE0CFF35D5}.Release-DX11|x64.ActiveCfg = Release|x64
		{0446C86B-F47B-4C46-B673-C7AE0CFF35D5}.Release-DX11|x64.Build.0 = Release|x64
		{0446C86B-F47B-4C46-B673-C7AE0CFF35D5}.Release-Vulkan|Win32.ActiveCfg = Release|Win32
		{0446C86B-F47B-4C46-B673-C7AE0CFF35D5}.Release-Vulkan|Win32.Build.0 = Release|Win32
		{0446C86B-F47B-4C46-B673-C7AE0CFF35D5}.Release-Vulkan|x64.ActiveCfg = Release|x64
		{0446C86B-F47B-4C46-B673-C7AE0CFF35D5}.Release-Vulkan|x64.Build.0 = Release|x64
	EndGlobalSection
	GlobalSection(SolutionProperties) = preSolution
		HideSolutionNode = FALSE
	EndGlobalSection
	GlobalSection(NestedProjects) = preSolution
		{9F01282B-6297-4F87-A309-287C2C574B76} = {9DE15D5E-43CB-4076-B17D-86644B111D80}
		{726E12F1-B69B-188D-390B-3A1E1889126D} = {DF1932BF-7E8D-4EDA-90DA-91AA55C394EE}
		{E4D5CFA9-07D2-5A61-9991-2186EB30F680} = {DF1932BF-7E8D-4EDA-90DA-91AA55C394EE}
		{E43E10B8-7CD4-A5D0-6270-17C50CB74ADF} = {DF1932BF-7E8D-4EDA-90DA-91AA55C394EE}
		{13D648DF-8842-9EF7-46C5-910550130776} = {DF1932BF-7E8D-4EDA-90DA-91AA55C394EE}
		{116FE083-50BC-1393-470F-F834EF6E02FF} = {DF1932BF-7E8D-4EDA-90DA-91AA55C394EE}
		{12A50BF4-5EB1-49B1-AE94-7E7E50E1D67B} = {4499699A-1391-4A3F-A22B-D436E66C1EEC}
		{3FF60282-A22E-0BCD-B74D-4B52CD9E613B} = {DF1932BF-7E8D-4EDA-90DA-91AA55C394EE}
		{D7818769-51D6-7FE8-161B-71F0F96A076F} = {7EDD83F4-DB03-4D7E-81AC-DC3D711ACDB0}
		{E4CC63D8-127D-4BC9-80E0-CCB3E9DA06DC} = {7EDD83F4-DB03-4D7E-81AC-DC3D711ACDB0}
		{E73BB233-D88B-44A7-A98F-D71EE158381D} = {16CFD681-2D5D-47CF-BEC6-62B6E9D82303}
		{EBF600B7-B82E-483C-B0CE-C74BBC60DC9A} = {DF1932BF-7E8D-4EDA-90DA-91AA55C394EE}
		{16CFD681-2D5D-47CF-BEC6-62B6E9D82303} = {7EDD83F4-DB03-4D7E-81AC-DC3D711ACDB0}
		{D0B45E37-A60C-C794-FFC6-36EB94DA74E1} = {18FDF4B2-37E2-4DFF-B22B-566674160D0B}
		{78B079BD-9FC7-4B9E-B4A6-96DA0F00248B} = {9DE15D5E-43CB-4076-B17D-86644B111D80}
		{C6F14090-65B3-A158-A259-80284609A288} = {18FDF4B2-37E2-4DFF-B22B-566674160D0B}
		{0F0FE03A-78F3-4B34-9DCE-0CDFF1FB5C40} = {9DE15D5E-43CB-4076-B17D-86644B111D80}
		{8188BB13-0B12-C110-2A31-515435FD3BB5} = {DF1932BF-7E8D-4EDA-90DA-91AA55C394EE}
		{E1E9A4C1-97A8-44B7-8279-D287313C5B6B} = {7EDD83F4-DB03-4D7E-81AC-DC3D711ACDB0}
		{7DA4D304-37A9-4CD2-B30E-032B1C92A14E} = {F5366E7A-70DB-4774-9EAF-2DED35D4DA94}
		{8FDEBB1D-43B9-4922-AD51-4E58A0D71FBC} = {F5366E7A-70DB-4774-9EAF-2DED35D4DA94}
		{F47F1B0A-AE7C-482A-BAF8-D47A6B09B817} = {7EDD83F4-DB03-4D7E-81AC-DC3D711ACDB0}
		{F5366E7A-70DB-4774-9EAF-2DED35D4DA94} = {E7DC652E-A855-4E12-9C04-6F36B489FF74}
		{B7539653-6E9C-4493-8023-D4A2BFFCD8E2} = {7EDD83F4-DB03-4D7E-81AC-DC3D711ACDB0}
		{A3EC21DB-3586-490F-B30B-5DA403D908B5} = {7EDD83F4-DB03-4D7E-81AC-DC3D711ACDB0}
		{8333F974-4932-460E-8551-EF88D2B7DB79} = {F5366E7A-70DB-4774-9EAF-2DED35D4DA94}
		{8EAAA859-349E-4605-A0AF-118017881212} = {F5366E7A-70DB-4774-9EAF-2DED35D4DA94}
		{7626C65E-8DF3-42E0-B9CB-414561C50BC5} = {F5366E7A-70DB-4774-9EAF-2DED35D4DA94}
		{7CA8451F-13AD-433B-BABA-84B870B2D627} = {18FDF4B2-37E2-4DFF-B22B-566674160D0B}
		{7B0CF4F1-A7C4-4E7D-B16A-24E23F0DFB12} = {18FDF4B2-37E2-4DFF-B22B-566674160D0B}
		{788B1D28-29DD-4F5C-BF04-4A8D5866CDE5} = {7EDD83F4-DB03-4D7E-81AC-DC3D711ACDB0}
		{FFA59DBC-FD8A-4738-B693-CD384478D73F} = {E7DC652E-A855-4E12-9C04-6F36B489FF74}
		{75AED629-A689-4EEA-8276-DF6F0FB0F94B} = {7EDD83F4-DB03-4D7E-81AC-DC3D711ACDB0}
		{4DBFE2CF-45E4-4594-8E6A-5EBC2EEF85AE} = {16CFD681-2D5D-47CF-BEC6-62B6E9D82303}
		{B7525B97-9195-416A-8019-ED7F239CF3E8} = {DF1932BF-7E8D-4EDA-90DA-91AA55C394EE}
		{BD081CBB-A7CD-47F3-A6A2-C72B72611326} = {18FDF4B2-37E2-4DFF-B22B-566674160D0B}
		{BE4B2816-52BA-4A12-AC28-D338DA574CD2} = {DF1932BF-7E8D-4EDA-90DA-91AA55C394EE}
		{591F95DE-0196-4223-997E-B47EE796BE4F} = {18FDF4B2-37E2-4DFF-B22B-566674160D0B}
		{88EC769E-BEF7-4F3B-A2FF-38BB6AE6C5C8} = {E7DC652E-A855-4E12-9C04-6F36B489FF74}
		{7EDD83F4-DB03-4D7E-81AC-DC3D711ACDB0} = {E7DC652E-A855-4E12-9C04-6F36B489FF74}
		{E4905621-8390-42E4-B1DC-B3B5E3F7BB00} = {7EDD83F4-DB03-4D7E-81AC-DC3D711ACDB0}
		{5A5E22E4-9584-4B48-B095-A125471B05DA} = {7EDD83F4-DB03-4D7E-81AC-DC3D711ACDB0}
		{0446C86B-F47B-4C46-B673-C7AE0CFF35D5} = {16CFD681-2D5D-47CF-BEC6-62B6E9D82303}
		{91C42D32-291D-4B72-90B4-551663D60B8B} = {16CFD681-2D5D-47CF-BEC6-62B6E9D82303}
	EndGlobalSection
	GlobalSection(ExtensibilityGlobals) = postSolution
		SolutionGuid = {E4188857-D548-409C-BFE2-EA2791107CCD}
	EndGlobalSection
EndGlobal
