<?xml version="1.0" encoding="utf-8"?>
<Project ToolsVersion="4.0" xmlns="http://schemas.microsoft.com/developer/msbuild/2003">
  <ItemGroup>
    <ClInclude Include="..\Techniques\DrawableMaterial.h">
      <Filter>Drawables</Filter>
    </ClInclude>
    <ClInclude Include="..\Techniques\CompiledShaderPatchCollection.h">
      <Filter>Drawables</Filter>
    </ClInclude>
    <ClInclude Include="..\Techniques\Drawables.h">
      <Filter>Drawables</Filter>
    </ClInclude>
    <ClInclude Include="..\Techniques\DrawableDelegates.h">
      <Filter>Drawables</Filter>
    </ClInclude>
    <ClInclude Include="..\Techniques\DescriptorSetAccelerator.h">
      <Filter>Drawables</Filter>
    </ClInclude>
    <ClInclude Include="..\Techniques\PipelineAccelerator.h">
      <Filter>Drawables</Filter>
    </ClInclude>
    <ClInclude Include="..\Techniques\BasicDelegates.h">
      <Filter>Drawables</Filter>
    </ClInclude>
    <ClInclude Include="..\Techniques\CommonBindings.h">
      <Filter>Resources &amp; states</Filter>
    </ClInclude>
    <ClInclude Include="..\Techniques\CommonResources.h">
      <Filter>Resources &amp; states</Filter>
    </ClInclude>
    <ClInclude Include="..\Techniques\CompiledRenderStateSet.h">
      <Filter>Resources &amp; states</Filter>
    </ClInclude>
    <ClInclude Include="..\Techniques\DeferredShaderResource.h">
      <Filter>Resources &amp; states</Filter>
    </ClInclude>
    <ClInclude Include="..\Techniques\TechniqueDelegates.h">
      <Filter>Drawables</Filter>
    </ClInclude>
    <ClInclude Include="..\Techniques\Techniques.h">
      <Filter>TechniquesCore</Filter>
    </ClInclude>
    <ClInclude Include="..\Techniques\TechniqueUtils.h">
      <Filter>TechniquesCore</Filter>
    </ClInclude>
    <ClInclude Include="..\Techniques\ParsingContext.h">
      <Filter>TechniquesCore</Filter>
    </ClInclude>
    <ClInclude Include="..\Techniques\ShaderVariationSet.h">
      <Filter>TechniquesCore</Filter>
    </ClInclude>
    <ClInclude Include="..\Techniques\RenderPassUtils.h">
      <Filter>RenderPasses</Filter>
    </ClInclude>
    <ClInclude Include="..\Techniques\RenderPass.h">
      <Filter>RenderPasses</Filter>
    </ClInclude>
    <ClInclude Include="..\Techniques\SimpleModelDeform.h">
      <Filter>Model Rendering</Filter>
    </ClInclude>
    <ClInclude Include="..\Techniques\SimpleModelRenderer.h">
      <Filter>Model Rendering</Filter>
    </ClInclude>
    <ClInclude Include="..\Techniques\SkinDeformer.h">
      <Filter>Model Rendering</Filter>
    </ClInclude>
    <ClInclude Include="..\Techniques\RenderStateResolver.h">
      <Filter>Drawables</Filter>
    </ClInclude>
    <ClInclude Include="..\Techniques\CommonUtils.h">
      <Filter>Resources &amp; states</Filter>
    </ClInclude>
    <ClInclude Include="..\Techniques\Services.h" />
  </ItemGroup>
  <ItemGroup>
    <ClCompile Include="..\Techniques\DrawableMaterial.cpp">
      <Filter>Drawables</Filter>
    </ClCompile>
    <ClCompile Include="..\Techniques\CompiledShaderPatchCollection.cpp">
      <Filter>Drawables</Filter>
    </ClCompile>
    <ClCompile Include="..\Techniques\Drawables.cpp">
      <Filter>Drawables</Filter>
    </ClCompile>
    <ClCompile Include="..\Techniques\DescriptorSetAccelerator.cpp">
      <Filter>Drawables</Filter>
    </ClCompile>
    <ClCompile Include="..\Techniques\PipelineAccelerator.cpp">
      <Filter>Drawables</Filter>
    </ClCompile>
    <ClCompile Include="..\Techniques\BasicDelegates.cpp">
      <Filter>Drawables</Filter>
    </ClCompile>
    <ClCompile Include="..\Techniques\CommonResources.cpp">
      <Filter>Resources &amp; states</Filter>
    </ClCompile>
    <ClCompile Include="..\Techniques\DeferredShaderResource.cpp">
      <Filter>Resources &amp; states</Filter>
    </ClCompile>
    <ClCompile Include="..\Techniques\TechniqueDelegates.cpp">
      <Filter>Drawables</Filter>
    </ClCompile>
    <ClCompile Include="..\Techniques\Techniques.cpp">
      <Filter>TechniquesCore</Filter>
    </ClCompile>
    <ClCompile Include="..\Techniques\TechniqueUtils.cpp">
      <Filter>TechniquesCore</Filter>
    </ClCompile>
    <ClCompile Include="..\Techniques\ParsingContext.cpp">
      <Filter>TechniquesCore</Filter>
    </ClCompile>
    <ClCompile Include="..\Techniques\ShaderVariationSet.cpp">
      <Filter>TechniquesCore</Filter>
    </ClCompile>
    <ClCompile Include="..\Techniques\RenderPass.cpp">
      <Filter>RenderPasses</Filter>
    </ClCompile>
    <ClCompile Include="..\Techniques\RenderPassUtils.cpp">
      <Filter>RenderPasses</Filter>
    </ClCompile>
    <ClCompile Include="..\Techniques\SimpleModelDeform.cpp">
      <Filter>Model Rendering</Filter>
    </ClCompile>
    <ClCompile Include="..\Techniques\SimpleModelRenderer.cpp">
      <Filter>Model Rendering</Filter>
    </ClCompile>
    <ClCompile Include="..\Techniques\SkinDeformer.cpp">
      <Filter>Model Rendering</Filter>
    </ClCompile>
    <ClCompile Include="..\Techniques\RenderStateResolver.cpp">
      <Filter>Drawables</Filter>
    </ClCompile>
    <ClCompile Include="..\Techniques\CommonUtils.cpp">
      <Filter>Resources &amp; states</Filter>
    </ClCompile>
    <ClCompile Include="..\Techniques\Services.cpp" />
  </ItemGroup>
  <ItemGroup>
    <Filter Include="Drawables">
      <UniqueIdentifier>{f1879710-2466-4488-8b25-d81e50de387c}</UniqueIdentifier>
    </Filter>
    <Filter Include="TechniquesCore">
      <UniqueIdentifier>{7af6d91d-e2c6-41e4-a9b4-afdedfd5a232}</UniqueIdentifier>
    </Filter>
    <Filter Include="RenderPasses">
      <UniqueIdentifier>{4cf11034-c952-4daa-81ab-537ad7942207}</UniqueIdentifier>
    </Filter>
    <Filter Include="Resources &amp; states">
      <UniqueIdentifier>{e69801ca-ce63-4880-b869-52a554ef160f}</UniqueIdentifier>
    </Filter>
    <Filter Include="Model Rendering">
      <UniqueIdentifier>{2a90e56d-b3d7-4a90-9d84-70bfc75120db}</UniqueIdentifier>
    </Filter>
  </ItemGroup>
</Project>